Microsoft Visual Studio Solution File, Format Version 11.00
# Visual Studio 2010
Project("{2150E333-8FDC-42A3-9474-1A3956D46DE8}") = "(allocator)", "..\..\base\allocator", "{6478B9F3-4858-63F4-35F4-98A303E305F3}"
EndProject
Project("{2150E333-8FDC-42A3-9474-1A3956D46DE8}") = "(base)", "..\..\base", "{9785FB75-982A-5DE3-252D-3F288B9FEF5B}"
EndProject
Project("{2150E333-8FDC-42A3-9474-1A3956D46DE8}") = "(icu)", "..\..\third_party\icu", "{2DE59335-96CE-10CA-CDE5-FEC35E3549BB}"
EndProject
Project("{2150E333-8FDC-42A3-9474-1A3956D46DE8}") = "(testing)", "..\..\testing", "{EAC80D00-01D2-3F49-A377-20B7154947F3}"
EndProject
Project("{2150E333-8FDC-42A3-9474-1A3956D46DE8}") = "(third_party)", "..\..\base\third_party", "{3E7FA5AF-27B3-2DE0-883C-12F98E7F4E81}"
EndProject
Project("{2150E333-8FDC-42A3-9474-1A3956D46DE8}") = "(third_party)", "..\..\third_party", "{89C816A7-DD31-D54C-C69C-5A80E0C49B77}"
EndProject
Project("{2150E333-8FDC-42A3-9474-1A3956D46DE8}") = "(url)", "..\..\url", "{ABEA8C02-AF45-C0B0-B874-B7CA283C10FB}"
EndProject
Project("{8BC9CEB8-8B4A-11D0-8D11-00A0C91BC942}") = "allocator_extension_thunks", "..\base\allocator\allocator_extension_thunks.vcxproj", "{F1A375C7-AD45-F214-6CDF-96B6B41C68AC}"
EndProject
Project("{8BC9CEB8-8B4A-11D0-8D11-00A0C91BC942}") = "base", "..\base\base.vcxproj", "{D6E64011-BD61-065D-240B-B26B2606AD74}"
	ProjectSection(ProjectDependencies) = postProject
		{B63183B0-A65E-D8BE-7BD8-86080C82AA9C} = {B63183B0-A65E-D8BE-7BD8-86080C82AA9C}
	EndProjectSection
EndProject
Project("{8BC9CEB8-8B4A-11D0-8D11-00A0C91BC942}") = "base_i18n", "..\base\base_i18n.vcxproj", "{729CE7D8-E92F-66C3-2539-B9B8A053AA75}"
EndProject
Project("{8BC9CEB8-8B4A-11D0-8D11-00A0C91BC942}") = "base_static", "..\base\base_static.vcxproj", "{2209ED79-C1E5-BEED-DF7F-7EA66C3F67DE}"
EndProject
Project("{8BC9CEB8-8B4A-11D0-8D11-00A0C91BC942}") = "dynamic_annotations", "..\base\third_party\dynamic_annotations\dynamic_annotations.vcxproj", "{5EBAEAAC-AC88-A1EC-5AE4-A7182B110344}"
EndProject
Project("{8BC9CEB8-8B4A-11D0-8D11-00A0C91BC942}") = "gmock", "..\testing\gmock.vcxproj", "{CA6F44E6-EE6A-6277-0C65-2DD341938178}"
EndProject
Project("{8BC9CEB8-8B4A-11D0-8D11-00A0C91BC942}") = "gtest", "..\testing\gtest.vcxproj", "{256825B9-493F-F0F6-26C5-B8A955431BC1}"
	ProjectSection(ProjectDependencies) = postProject
		{B63183B0-A65E-D8BE-7BD8-86080C82AA9C} = {B63183B0-A65E-D8BE-7BD8-86080C82AA9C}
	EndProjectSection
EndProject
Project("{8BC9CEB8-8B4A-11D0-8D11-00A0C91BC942}") = "gtest_prod", "..\testing\gtest_prod.vcxproj", "{B63183B0-A65E-D8BE-7BD8-86080C82AA9C}"
EndProject
Project("{8BC9CEB8-8B4A-11D0-8D11-00A0C91BC942}") = "icudata", "..\third_party\icu\icudata.vcxproj", "{1B0E37FA-F959-3802-4CAD-2DAEDC9F14AF}"
EndProject
Project("{8BC9CEB8-8B4A-11D0-8D11-00A0C91BC942}") = "icui18n", "..\third_party\icu\icui18n.vcxproj", "{7A5054A0-D5D6-89D4-6F69-C324335B8CCA}"
EndProject
Project("{8BC9CEB8-8B4A-11D0-8D11-00A0C91BC942}") = "icuuc", "..\third_party\icu\icuuc.vcxproj", "{F7324F78-5D3A-7414-7702-5AD7D3705C5E}"
	ProjectSection(ProjectDependencies) = postProject
		{1B0E37FA-F959-3802-4CAD-2DAEDC9F14AF} = {1B0E37FA-F959-3802-4CAD-2DAEDC9F14AF}
	EndProjectSection
EndProject
Project("{8BC9CEB8-8B4A-11D0-8D11-00A0C91BC942}") = "libxml", "..\third_party\libxml\libxml.vcxproj", "{4E803F20-1EE9-0F8C-FF8B-2198312F2A50}"
EndProject
Project("{8BC9CEB8-8B4A-11D0-8D11-00A0C91BC942}") = "modp_b64", "..\third_party\modp_b64\modp_b64.vcxproj", "{7DAF66AA-E2DC-23EC-E07C-DA325BD37907}"
EndProject
Project("{8BC9CEB8-8B4A-11D0-8D11-00A0C91BC942}") = "run_all_unittests", "..\base\run_all_unittests.vcxproj", "{6D9C1070-8F8B-89C0-8CA2-C5211F8832A9}"
EndProject
Project("{8BC9CEB8-8B4A-11D0-8D11-00A0C91BC942}") = "test_support_base", "..\base\test_support_base.vcxproj", "{E38E610E-F680-B81D-D606-1FEA427D1037}"
EndProject
Project("{8BC9CEB8-8B4A-11D0-8D11-00A0C91BC942}") = "url_lib", "url_lib.vcxproj", "{389F0528-26DF-53C7-3EAF-B21560839617}"
	ProjectSection(ProjectDependencies) = postProject
		{1B0E37FA-F959-3802-4CAD-2DAEDC9F14AF} = {1B0E37FA-F959-3802-4CAD-2DAEDC9F14AF}
	EndProjectSection
EndProject
Project("{8BC9CEB8-8B4A-11D0-8D11-00A0C91BC942}") = "url_unittests", "url_unittests.vcxproj", "{4952EC1D-D447-C0B0-F5AD-379654DAF8B7}"
	ProjectSection(ProjectDependencies) = postProject
		{729CE7D8-E92F-66C3-2539-B9B8A053AA75} = {729CE7D8-E92F-66C3-2539-B9B8A053AA75}
		{6D9C1070-8F8B-89C0-8CA2-C5211F8832A9} = {6D9C1070-8F8B-89C0-8CA2-C5211F8832A9}
		{256825B9-493F-F0F6-26C5-B8A955431BC1} = {256825B9-493F-F0F6-26C5-B8A955431BC1}
		{F7324F78-5D3A-7414-7702-5AD7D3705C5E} = {F7324F78-5D3A-7414-7702-5AD7D3705C5E}
		{389F0528-26DF-53C7-3EAF-B21560839617} = {389F0528-26DF-53C7-3EAF-B21560839617}
		{D6E64011-BD61-065D-240B-B26B2606AD74} = {D6E64011-BD61-065D-240B-B26B2606AD74}
		{2209ED79-C1E5-BEED-DF7F-7EA66C3F67DE} = {2209ED79-C1E5-BEED-DF7F-7EA66C3F67DE}
		{F1A375C7-AD45-F214-6CDF-96B6B41C68AC} = {F1A375C7-AD45-F214-6CDF-96B6B41C68AC}
		{B63183B0-A65E-D8BE-7BD8-86080C82AA9C} = {B63183B0-A65E-D8BE-7BD8-86080C82AA9C}
		{7DAF66AA-E2DC-23EC-E07C-DA325BD37907} = {7DAF66AA-E2DC-23EC-E07C-DA325BD37907}
		{5EBAEAAC-AC88-A1EC-5AE4-A7182B110344} = {5EBAEAAC-AC88-A1EC-5AE4-A7182B110344}
		{7A5054A0-D5D6-89D4-6F69-C324335B8CCA} = {7A5054A0-D5D6-89D4-6F69-C324335B8CCA}
		{1B0E37FA-F959-3802-4CAD-2DAEDC9F14AF} = {1B0E37FA-F959-3802-4CAD-2DAEDC9F14AF}
		{E38E610E-F680-B81D-D606-1FEA427D1037} = {E38E610E-F680-B81D-D606-1FEA427D1037}
		{CA6F44E6-EE6A-6277-0C65-2DD341938178} = {CA6F44E6-EE6A-6277-0C65-2DD341938178}
		{4E803F20-1EE9-0F8C-FF8B-2198312F2A50} = {4E803F20-1EE9-0F8C-FF8B-2198312F2A50}
		{A05FDCD3-48D0-2012-C397-9DF3DF2DD3EB} = {A05FDCD3-48D0-2012-C397-9DF3DF2DD3EB}
	EndProjectSection
EndProject
Project("{8BC9CEB8-8B4A-11D0-8D11-00A0C91BC942}") = "zlib", "..\third_party\zlib\zlib.vcxproj", "{A05FDCD3-48D0-2012-C397-9DF3DF2DD3EB}"
EndProject
Global
	GlobalSection(SolutionConfigurationPlatforms) = preSolution
		Release|x64 = Release|x64
		Debug|Win32 = Debug|Win32
		Debug|x64 = Debug|x64
		Release|Win32 = Release|Win32
	EndGlobalSection
	GlobalSection(ProjectConfigurationPlatforms) = postSolution
		{1B0E37FA-F959-3802-4CAD-2DAEDC9F14AF}.Release|x64.ActiveCfg = Release|x64
		{1B0E37FA-F959-3802-4CAD-2DAEDC9F14AF}.Release|x64.Build.0 = Release|x64
		{1B0E37FA-F959-3802-4CAD-2DAEDC9F14AF}.Debug|Win32.ActiveCfg = Debug|Win32
		{1B0E37FA-F959-3802-4CAD-2DAEDC9F14AF}.Debug|Win32.Build.0 = Debug|Win32
		{1B0E37FA-F959-3802-4CAD-2DAEDC9F14AF}.Debug|x64.ActiveCfg = Debug|x64
		{1B0E37FA-F959-3802-4CAD-2DAEDC9F14AF}.Debug|x64.Build.0 = Debug|x64
		{1B0E37FA-F959-3802-4CAD-2DAEDC9F14AF}.Release|Win32.ActiveCfg = Release|Win32
		{1B0E37FA-F959-3802-4CAD-2DAEDC9F14AF}.Release|Win32.Build.0 = Release|Win32
		{2209ED79-C1E5-BEED-DF7F-7EA66C3F67DE}.Release|x64.ActiveCfg = Release|x64
		{2209ED79-C1E5-BEED-DF7F-7EA66C3F67DE}.Release|x64.Build.0 = Release|x64
		{2209ED79-C1E5-BEED-DF7F-7EA66C3F67DE}.Debug|Win32.ActiveCfg = Debug|Win32
		{2209ED79-C1E5-BEED-DF7F-7EA66C3F67DE}.Debug|Win32.Build.0 = Debug|Win32
		{2209ED79-C1E5-BEED-DF7F-7EA66C3F67DE}.Debug|x64.ActiveCfg = Debug|x64
		{2209ED79-C1E5-BEED-DF7F-7EA66C3F67DE}.Debug|x64.Build.0 = Debug|x64
		{2209ED79-C1E5-BEED-DF7F-7EA66C3F67DE}.Release|Win32.ActiveCfg = Release|Win32
		{2209ED79-C1E5-BEED-DF7F-7EA66C3F67DE}.Release|Win32.Build.0 = Release|Win32
		{256825B9-493F-F0F6-26C5-B8A955431BC1}.Release|x64.ActiveCfg = Release|x64
		{256825B9-493F-F0F6-26C5-B8A955431BC1}.Release|x64.Build.0 = Release|x64
		{256825B9-493F-F0F6-26C5-B8A955431BC1}.Debug|Win32.ActiveCfg = Debug|Win32
		{256825B9-493F-F0F6-26C5-B8A955431BC1}.Debug|Win32.Build.0 = Debug|Win32
		{256825B9-493F-F0F6-26C5-B8A955431BC1}.Debug|x64.ActiveCfg = Debug|x64
		{256825B9-493F-F0F6-26C5-B8A955431BC1}.Debug|x64.Build.0 = Debug|x64
		{256825B9-493F-F0F6-26C5-B8A955431BC1}.Release|Win32.ActiveCfg = Release|Win32
		{256825B9-493F-F0F6-26C5-B8A955431BC1}.Release|Win32.Build.0 = Release|Win32
		{389F0528-26DF-53C7-3EAF-B21560839617}.Release|x64.ActiveCfg = Release|x64
		{389F0528-26DF-53C7-3EAF-B21560839617}.Release|x64.Build.0 = Release|x64
		{389F0528-26DF-53C7-3EAF-B21560839617}.Debug|Win32.ActiveCfg = Debug|Win32
		{389F0528-26DF-53C7-3EAF-B21560839617}.Debug|Win32.Build.0 = Debug|Win32
		{389F0528-26DF-53C7-3EAF-B21560839617}.Debug|x64.ActiveCfg = Debug|x64
		{389F0528-26DF-53C7-3EAF-B21560839617}.Debug|x64.Build.0 = Debug|x64
		{389F0528-26DF-53C7-3EAF-B21560839617}.Release|Win32.ActiveCfg = Release|Win32
		{389F0528-26DF-53C7-3EAF-B21560839617}.Release|Win32.Build.0 = Release|Win32
		{4952EC1D-D447-C0B0-F5AD-379654DAF8B7}.Release|x64.ActiveCfg = Release|x64
		{4952EC1D-D447-C0B0-F5AD-379654DAF8B7}.Release|x64.Build.0 = Release|x64
		{4952EC1D-D447-C0B0-F5AD-379654DAF8B7}.Debug|Win32.ActiveCfg = Debug|Win32
		{4952EC1D-D447-C0B0-F5AD-379654DAF8B7}.Debug|Win32.Build.0 = Debug|Win32
		{4952EC1D-D447-C0B0-F5AD-379654DAF8B7}.Debug|x64.ActiveCfg = Debug|x64
		{4952EC1D-D447-C0B0-F5AD-379654DAF8B7}.Debug|x64.Build.0 = Debug|x64
		{4952EC1D-D447-C0B0-F5AD-379654DAF8B7}.Release|Win32.ActiveCfg = Release|Win32
		{4952EC1D-D447-C0B0-F5AD-379654DAF8B7}.Release|Win32.Build.0 = Release|Win32
		{4E803F20-1EE9-0F8C-FF8B-2198312F2A50}.Release|x64.ActiveCfg = Release|x64
		{4E803F20-1EE9-0F8C-FF8B-2198312F2A50}.Release|x64.Build.0 = Release|x64
		{4E803F20-1EE9-0F8C-FF8B-2198312F2A50}.Debug|Win32.ActiveCfg = Debug|Win32
		{4E803F20-1EE9-0F8C-FF8B-2198312F2A50}.Debug|Win32.Build.0 = Debug|Win32
		{4E803F20-1EE9-0F8C-FF8B-2198312F2A50}.Debug|x64.ActiveCfg = Debug|x64
		{4E803F20-1EE9-0F8C-FF8B-2198312F2A50}.Debug|x64.Build.0 = Debug|x64
		{4E803F20-1EE9-0F8C-FF8B-2198312F2A50}.Release|Win32.ActiveCfg = Release|Win32
		{4E803F20-1EE9-0F8C-FF8B-2198312F2A50}.Release|Win32.Build.0 = Release|Win32
		{5EBAEAAC-AC88-A1EC-5AE4-A7182B110344}.Release|x64.ActiveCfg = Release|x64
		{5EBAEAAC-AC88-A1EC-5AE4-A7182B110344}.Release|x64.Build.0 = Release|x64
		{5EBAEAAC-AC88-A1EC-5AE4-A7182B110344}.Debug|Win32.ActiveCfg = Debug|Win32
		{5EBAEAAC-AC88-A1EC-5AE4-A7182B110344}.Debug|Win32.Build.0 = Debug|Win32
		{5EBAEAAC-AC88-A1EC-5AE4-A7182B110344}.Debug|x64.ActiveCfg = Debug|x64
		{5EBAEAAC-AC88-A1EC-5AE4-A7182B110344}.Debug|x64.Build.0 = Debug|x64
		{5EBAEAAC-AC88-A1EC-5AE4-A7182B110344}.Release|Win32.ActiveCfg = Release|Win32
		{5EBAEAAC-AC88-A1EC-5AE4-A7182B110344}.Release|Win32.Build.0 = Release|Win32
		{6D9C1070-8F8B-89C0-8CA2-C5211F8832A9}.Release|x64.ActiveCfg = Release|x64
		{6D9C1070-8F8B-89C0-8CA2-C5211F8832A9}.Release|x64.Build.0 = Release|x64
		{6D9C1070-8F8B-89C0-8CA2-C5211F8832A9}.Debug|Win32.ActiveCfg = Debug|Win32
		{6D9C1070-8F8B-89C0-8CA2-C5211F8832A9}.Debug|Win32.Build.0 = Debug|Win32
		{6D9C1070-8F8B-89C0-8CA2-C5211F8832A9}.Debug|x64.ActiveCfg = Debug|x64
		{6D9C1070-8F8B-89C0-8CA2-C5211F8832A9}.Debug|x64.Build.0 = Debug|x64
		{6D9C1070-8F8B-89C0-8CA2-C5211F8832A9}.Release|Win32.ActiveCfg = Release|Win32
		{6D9C1070-8F8B-89C0-8CA2-C5211F8832A9}.Release|Win32.Build.0 = Release|Win32
		{729CE7D8-E92F-66C3-2539-B9B8A053AA75}.Release|x64.ActiveCfg = Release|x64
		{729CE7D8-E92F-66C3-2539-B9B8A053AA75}.Release|x64.Build.0 = Release|x64
		{729CE7D8-E92F-66C3-2539-B9B8A053AA75}.Debug|Win32.ActiveCfg = Debug|Win32
		{729CE7D8-E92F-66C3-2539-B9B8A053AA75}.Debug|Win32.Build.0 = Debug|Win32
		{729CE7D8-E92F-66C3-2539-B9B8A053AA75}.Debug|x64.ActiveCfg = Debug|x64
		{729CE7D8-E92F-66C3-2539-B9B8A053AA75}.Debug|x64.Build.0 = Debug|x64
		{729CE7D8-E92F-66C3-2539-B9B8A053AA75}.Release|Win32.ActiveCfg = Release|Win32
		{729CE7D8-E92F-66C3-2539-B9B8A053AA75}.Release|Win32.Build.0 = Release|Win32
		{7A5054A0-D5D6-89D4-6F69-C324335B8CCA}.Release|x64.ActiveCfg = Release|x64
		{7A5054A0-D5D6-89D4-6F69-C324335B8CCA}.Release|x64.Build.0 = Release|x64
		{7A5054A0-D5D6-89D4-6F69-C324335B8CCA}.Debug|Win32.ActiveCfg = Debug|Win32
		{7A5054A0-D5D6-89D4-6F69-C324335B8CCA}.Debug|Win32.Build.0 = Debug|Win32
		{7A5054A0-D5D6-89D4-6F69-C324335B8CCA}.Debug|x64.ActiveCfg = Debug|x64
		{7A5054A0-D5D6-89D4-6F69-C324335B8CCA}.Debug|x64.Build.0 = Debug|x64
		{7A5054A0-D5D6-89D4-6F69-C324335B8CCA}.Release|Win32.ActiveCfg = Release|Win32
		{7A5054A0-D5D6-89D4-6F69-C324335B8CCA}.Release|Win32.Build.0 = Release|Win32
		{7DAF66AA-E2DC-23EC-E07C-DA325BD37907}.Release|x64.ActiveCfg = Release|x64
		{7DAF66AA-E2DC-23EC-E07C-DA325BD37907}.Release|x64.Build.0 = Release|x64
		{7DAF66AA-E2DC-23EC-E07C-DA325BD37907}.Debug|Win32.ActiveCfg = Debug|Win32
		{7DAF66AA-E2DC-23EC-E07C-DA325BD37907}.Debug|Win32.Build.0 = Debug|Win32
		{7DAF66AA-E2DC-23EC-E07C-DA325BD37907}.Debug|x64.ActiveCfg = Debug|x64
		{7DAF66AA-E2DC-23EC-E07C-DA325BD37907}.Debug|x64.Build.0 = Debug|x64
		{7DAF66AA-E2DC-23EC-E07C-DA325BD37907}.Release|Win32.ActiveCfg = Release|Win32
		{7DAF66AA-E2DC-23EC-E07C-DA325BD37907}.Release|Win32.Build.0 = Release|Win32
		{A05FDCD3-48D0-2012-C397-9DF3DF2DD3EB}.Release|x64.ActiveCfg = Release|x64
		{A05FDCD3-48D0-2012-C397-9DF3DF2DD3EB}.Release|x64.Build.0 = Release|x64
		{A05FDCD3-48D0-2012-C397-9DF3DF2DD3EB}.Debug|Win32.ActiveCfg = Debug|Win32
		{A05FDCD3-48D0-2012-C397-9DF3DF2DD3EB}.Debug|Win32.Build.0 = Debug|Win32
		{A05FDCD3-48D0-2012-C397-9DF3DF2DD3EB}.Debug|x64.ActiveCfg = Debug|x64
		{A05FDCD3-48D0-2012-C397-9DF3DF2DD3EB}.Debug|x64.Build.0 = Debug|x64
		{A05FDCD3-48D0-2012-C397-9DF3DF2DD3EB}.Release|Win32.ActiveCfg = Release|Win32
		{A05FDCD3-48D0-2012-C397-9DF3DF2DD3EB}.Release|Win32.Build.0 = Release|Win32
		{B63183B0-A65E-D8BE-7BD8-86080C82AA9C}.Release|x64.ActiveCfg = Release|x64
		{B63183B0-A65E-D8BE-7BD8-86080C82AA9C}.Release|x64.Build.0 = Release|x64
		{B63183B0-A65E-D8BE-7BD8-86080C82AA9C}.Debug|Win32.ActiveCfg = Debug|Win32
		{B63183B0-A65E-D8BE-7BD8-86080C82AA9C}.Debug|Win32.Build.0 = Debug|Win32
		{B63183B0-A65E-D8BE-7BD8-86080C82AA9C}.Debug|x64.ActiveCfg = Debug|x64
		{B63183B0-A65E-D8BE-7BD8-86080C82AA9C}.Debug|x64.Build.0 = Debug|x64
		{B63183B0-A65E-D8BE-7BD8-86080C82AA9C}.Release|Win32.ActiveCfg = Release|Win32
		{B63183B0-A65E-D8BE-7BD8-86080C82AA9C}.Release|Win32.Build.0 = Release|Win32
		{CA6F44E6-EE6A-6277-0C65-2DD341938178}.Release|x64.ActiveCfg = Release|x64
		{CA6F44E6-EE6A-6277-0C65-2DD341938178}.Release|x64.Build.0 = Release|x64
		{CA6F44E6-EE6A-6277-0C65-2DD341938178}.Debug|Win32.ActiveCfg = Debug|Win32
		{CA6F44E6-EE6A-6277-0C65-2DD341938178}.Debug|Win32.Build.0 = Debug|Win32
		{CA6F44E6-EE6A-6277-0C65-2DD341938178}.Debug|x64.ActiveCfg = Debug|x64
		{CA6F44E6-EE6A-6277-0C65-2DD341938178}.Debug|x64.Build.0 = Debug|x64
		{CA6F44E6-EE6A-6277-0C65-2DD341938178}.Release|Win32.ActiveCfg = Release|Win32
		{CA6F44E6-EE6A-6277-0C65-2DD341938178}.Release|Win32.Build.0 = Release|Win32
		{D6E64011-BD61-065D-240B-B26B2606AD74}.Release|x64.ActiveCfg = Release|x64
		{D6E64011-BD61-065D-240B-B26B2606AD74}.Release|x64.Build.0 = Release|x64
		{D6E64011-BD61-065D-240B-B26B2606AD74}.Debug|Win32.ActiveCfg = Debug|Win32
		{D6E64011-BD61-065D-240B-B26B2606AD74}.Debug|Win32.Build.0 = Debug|Win32
		{D6E64011-BD61-065D-240B-B26B2606AD74}.Debug|x64.ActiveCfg = Debug|x64
		{D6E64011-BD61-065D-240B-B26B2606AD74}.Debug|x64.Build.0 = Debug|x64
		{D6E64011-BD61-065D-240B-B26B2606AD74}.Release|Win32.ActiveCfg = Release|Win32
		{D6E64011-BD61-065D-240B-B26B2606AD74}.Release|Win32.Build.0 = Release|Win32
		{E38E610E-F680-B81D-D606-1FEA427D1037}.Release|x64.ActiveCfg = Release|x64
		{E38E610E-F680-B81D-D606-1FEA427D1037}.Release|x64.Build.0 = Release|x64
		{E38E610E-F680-B81D-D606-1FEA427D1037}.Debug|Win32.ActiveCfg = Debug|Win32
		{E38E610E-F680-B81D-D606-1FEA427D1037}.Debug|Win32.Build.0 = Debug|Win32
		{E38E610E-F680-B81D-D606-1FEA427D1037}.Debug|x64.ActiveCfg = Debug|x64
		{E38E610E-F680-B81D-D606-1FEA427D1037}.Debug|x64.Build.0 = Debug|x64
		{E38E610E-F680-B81D-D606-1FEA427D1037}.Release|Win32.ActiveCfg = Release|Win32
		{E38E610E-F680-B81D-D606-1FEA427D1037}.Release|Win32.Build.0 = Release|Win32
		{F1A375C7-AD45-F214-6CDF-96B6B41C68AC}.Release|x64.ActiveCfg = Release|x64
		{F1A375C7-AD45-F214-6CDF-96B6B41C68AC}.Release|x64.Build.0 = Release|x64
		{F1A375C7-AD45-F214-6CDF-96B6B41C68AC}.Debug|Win32.ActiveCfg = Debug|Win32
		{F1A375C7-AD45-F214-6CDF-96B6B41C68AC}.Debug|Win32.Build.0 = Debug|Win32
		{F1A375C7-AD45-F214-6CDF-96B6B41C68AC}.Debug|x64.ActiveCfg = Debug|x64
		{F1A375C7-AD45-F214-6CDF-96B6B41C68AC}.Debug|x64.Build.0 = Debug|x64
		{F1A375C7-AD45-F214-6CDF-96B6B41C68AC}.Release|Win32.ActiveCfg = Release|Win32
		{F1A375C7-AD45-F214-6CDF-96B6B41C68AC}.Release|Win32.Build.0 = Release|Win32
		{F7324F78-5D3A-7414-7702-5AD7D3705C5E}.Release|x64.ActiveCfg = Release|x64
		{F7324F78-5D3A-7414-7702-5AD7D3705C5E}.Release|x64.Build.0 = Release|x64
		{F7324F78-5D3A-7414-7702-5AD7D3705C5E}.Debug|Win32.ActiveCfg = Debug|Win32
		{F7324F78-5D3A-7414-7702-5AD7D3705C5E}.Debug|Win32.Build.0 = Debug|Win32
		{F7324F78-5D3A-7414-7702-5AD7D3705C5E}.Debug|x64.ActiveCfg = Debug|x64
		{F7324F78-5D3A-7414-7702-5AD7D3705C5E}.Debug|x64.Build.0 = Debug|x64
		{F7324F78-5D3A-7414-7702-5AD7D3705C5E}.Release|Win32.ActiveCfg = Release|Win32
		{F7324F78-5D3A-7414-7702-5AD7D3705C5E}.Release|Win32.Build.0 = Release|Win32
	EndGlobalSection
	GlobalSection(SolutionProperties) = preSolution
		HideSolutionNode = FALSE
	EndGlobalSection
	GlobalSection(NestedProjects) = preSolution
		{F1A375C7-AD45-F214-6CDF-96B6B41C68AC} = {6478B9F3-4858-63F4-35F4-98A303E305F3}
		{6478B9F3-4858-63F4-35F4-98A303E305F3} = {9785FB75-982A-5DE3-252D-3F288B9FEF5B}
		{3E7FA5AF-27B3-2DE0-883C-12F98E7F4E81} = {9785FB75-982A-5DE3-252D-3F288B9FEF5B}
		{D6E64011-BD61-065D-240B-B26B2606AD74} = {9785FB75-982A-5DE3-252D-3F288B9FEF5B}
		{729CE7D8-E92F-66C3-2539-B9B8A053AA75} = {9785FB75-982A-5DE3-252D-3F288B9FEF5B}
		{2209ED79-C1E5-BEED-DF7F-7EA66C3F67DE} = {9785FB75-982A-5DE3-252D-3F288B9FEF5B}
		{6D9C1070-8F8B-89C0-8CA2-C5211F8832A9} = {9785FB75-982A-5DE3-252D-3F288B9FEF5B}
		{E38E610E-F680-B81D-D606-1FEA427D1037} = {9785FB75-982A-5DE3-252D-3F288B9FEF5B}
		{1B0E37FA-F959-3802-4CAD-2DAEDC9F14AF} = {2DE59335-96CE-10CA-CDE5-FEC35E3549BB}
		{7A5054A0-D5D6-89D4-6F69-C324335B8CCA} = {2DE59335-96CE-10CA-CDE5-FEC35E3549BB}
		{F7324F78-5D3A-7414-7702-5AD7D3705C5E} = {2DE59335-96CE-10CA-CDE5-FEC35E3549BB}
		{CA6F44E6-EE6A-6277-0C65-2DD341938178} = {EAC80D00-01D2-3F49-A377-20B7154947F3}
		{256825B9-493F-F0F6-26C5-B8A955431BC1} = {EAC80D00-01D2-3F49-A377-20B7154947F3}
		{B63183B0-A65E-D8BE-7BD8-86080C82AA9C} = {EAC80D00-01D2-3F49-A377-20B7154947F3}
		{5EBAEAAC-AC88-A1EC-5AE4-A7182B110344} = {3E7FA5AF-27B3-2DE0-883C-12F98E7F4E81}
		{2DE59335-96CE-10CA-CDE5-FEC35E3549BB} = {89C816A7-DD31-D54C-C69C-5A80E0C49B77}
		{4E803F20-1EE9-0F8C-FF8B-2198312F2A50} = {89C816A7-DD31-D54C-C69C-5A80E0C49B77}
		{7DAF66AA-E2DC-23EC-E07C-DA325BD37907} = {89C816A7-DD31-D54C-C69C-5A80E0C49B77}
		{A05FDCD3-48D0-2012-C397-9DF3DF2DD3EB} = {89C816A7-DD31-D54C-C69C-5A80E0C49B77}
		{389F0528-26DF-53C7-3EAF-B21560839617} = {ABEA8C02-AF45-C0B0-B874-B7CA283C10FB}
		{4952EC1D-D447-C0B0-F5AD-379654DAF8B7} = {ABEA8C02-AF45-C0B0-B874-B7CA283C10FB}
	EndGlobalSection
EndGlobal
