Microsoft Visual Studio Solution File, Format Version 11.00
# Visual Studio 2010
Project("{2150E333-8FDC-42A3-9474-1A3956D46DE8}") = "(WebKit)", "..\..\..\third_party\WebKit", "{7C6CDB29-38D7-8364-748C-AEAAD8CCFB36}"
EndProject
Project("{2150E333-8FDC-42A3-9474-1A3956D46DE8}") = "(allocator)", "..\..\..\base\allocator", "{6478B9F3-4858-63F4-35F4-98A303E305F3}"
EndProject
Project("{2150E333-8FDC-42A3-9474-1A3956D46DE8}") = "(base)", "..\..\..\ui\base", "{4D091BEB-A76B-E8AB-36FD-0A80BA9DE97D}"
EndProject
Project("{2150E333-8FDC-42A3-9474-1A3956D46DE8}") = "(base)", "..\..\..\base", "{9785FB75-982A-5DE3-252D-3F288B9FEF5B}"
EndProject
Project("{2150E333-8FDC-42A3-9474-1A3956D46DE8}") = "(icu)", "..\..\..\third_party\icu", "{2DE59335-96CE-10CA-CDE5-FEC35E3549BB}"
EndProject
Project("{2150E333-8FDC-42A3-9474-1A3956D46DE8}") = "(libjpeg_turbo)", "..\..\..\third_party\libjpeg_turbo", "{A9EB8559-7015-13E0-0462-D9901FC693FD}"
EndProject
Project("{2150E333-8FDC-42A3-9474-1A3956D46DE8}") = "(net)", "..\..\..\net", "{96A8EC63-88DB-B85C-EEBC-43667C60DEB3}"
EndProject
Project("{2150E333-8FDC-42A3-9474-1A3956D46DE8}") = "(nss)", "..\..\..\net\third_party\nss", "{91989827-5B0C-52D9-1FE9-9553D672A5E7}"
EndProject
Project("{2150E333-8FDC-42A3-9474-1A3956D46DE8}") = "(nss)", "..\..\..\third_party\nss", "{CD014008-1CDB-809B-D770-C67A261539F7}"
EndProject
Project("{2150E333-8FDC-42A3-9474-1A3956D46DE8}") = "(public)", "..\..\..\third_party\WebKit\public", "{7D1F1355-E02E-9573-5185-AFD30F7210BE}"
EndProject
Project("{2150E333-8FDC-42A3-9474-1A3956D46DE8}") = "(skia)", "..\..\..\skia", "{5B17195B-58DF-4533-4FE7-D2747913694E}"
EndProject
Project("{2150E333-8FDC-42A3-9474-1A3956D46DE8}") = "(strings)", "..\..\..\ui\base\strings", "{C7F83F05-8335-05BC-FABC-52BB99106795}"
EndProject
Project("{2150E333-8FDC-42A3-9474-1A3956D46DE8}") = "(testing)", "..\..\..\testing", "{EAC80D00-01D2-3F49-A377-20B7154947F3}"
EndProject
Project("{2150E333-8FDC-42A3-9474-1A3956D46DE8}") = "(third_party)", "..\..\..\base\third_party", "{3E7FA5AF-27B3-2DE0-883C-12F98E7F4E81}"
EndProject
Project("{2150E333-8FDC-42A3-9474-1A3956D46DE8}") = "(third_party)", "..\..\..\net\third_party", "{5A566D8E-9FAB-ED62-0C7C-BD22FF9AF8A2}"
EndProject
Project("{2150E333-8FDC-42A3-9474-1A3956D46DE8}") = "(third_party)", "..\..\..\third_party", "{89C816A7-DD31-D54C-C69C-5A80E0C49B77}"
EndProject
Project("{2150E333-8FDC-42A3-9474-1A3956D46DE8}") = "(ui)", "..\..\..\ui", "{644B7826-0417-C19E-B1ED-C0BF73289DEE}"
EndProject
Project("{2150E333-8FDC-42A3-9474-1A3956D46DE8}") = "(url)", "..\..\..\url", "{ABEA8C02-AF45-C0B0-B874-B7CA283C10FB}"
EndProject
Project("{8BC9CEB8-8B4A-11D0-8D11-00A0C91BC942}") = "allocator_extension_thunks", "..\..\base\allocator\allocator_extension_thunks.vcxproj", "{F1A375C7-AD45-F214-6CDF-96B6B41C68AC}"
EndProject
Project("{8BC9CEB8-8B4A-11D0-8D11-00A0C91BC942}") = "base", "..\..\base\base.vcxproj", "{D6E64011-BD61-065D-240B-B26B2606AD74}"
	ProjectSection(ProjectDependencies) = postProject
		{B63183B0-A65E-D8BE-7BD8-86080C82AA9C} = {B63183B0-A65E-D8BE-7BD8-86080C82AA9C}
	EndProjectSection
EndProject
Project("{8BC9CEB8-8B4A-11D0-8D11-00A0C91BC942}") = "base_i18n", "..\..\base\base_i18n.vcxproj", "{729CE7D8-E92F-66C3-2539-B9B8A053AA75}"
EndProject
Project("{8BC9CEB8-8B4A-11D0-8D11-00A0C91BC942}") = "base_static", "..\..\base\base_static.vcxproj", "{2209ED79-C1E5-BEED-DF7F-7EA66C3F67DE}"
EndProject
Project("{8BC9CEB8-8B4A-11D0-8D11-00A0C91BC942}") = "blink_skia_config", "..\..\third_party\WebKit\public\blink_skia_config.vcxproj", "{818A542B-2BE2-0E53-5C13-E3B4B48D348D}"
EndProject
Project("{8BC9CEB8-8B4A-11D0-8D11-00A0C91BC942}") = "crypto", "..\..\crypto\crypto.vcxproj", "{7074A377-8706-1851-0D3E-7BADAD68AE27}"
EndProject
Project("{8BC9CEB8-8B4A-11D0-8D11-00A0C91BC942}") = "dynamic_annotations", "..\..\base\third_party\dynamic_annotations\dynamic_annotations.vcxproj", "{5EBAEAAC-AC88-A1EC-5AE4-A7182B110344}"
EndProject
Project("{8BC9CEB8-8B4A-11D0-8D11-00A0C91BC942}") = "gtest_prod", "..\..\testing\gtest_prod.vcxproj", "{B63183B0-A65E-D8BE-7BD8-86080C82AA9C}"
EndProject
Project("{8BC9CEB8-8B4A-11D0-8D11-00A0C91BC942}") = "icudata", "..\..\third_party\icu\icudata.vcxproj", "{1B0E37FA-F959-3802-4CAD-2DAEDC9F14AF}"
EndProject
Project("{8BC9CEB8-8B4A-11D0-8D11-00A0C91BC942}") = "icui18n", "..\..\third_party\icu\icui18n.vcxproj", "{7A5054A0-D5D6-89D4-6F69-C324335B8CCA}"
EndProject
Project("{8BC9CEB8-8B4A-11D0-8D11-00A0C91BC942}") = "icuuc", "..\..\third_party\icu\icuuc.vcxproj", "{F7324F78-5D3A-7414-7702-5AD7D3705C5E}"
	ProjectSection(ProjectDependencies) = postProject
		{1B0E37FA-F959-3802-4CAD-2DAEDC9F14AF} = {1B0E37FA-F959-3802-4CAD-2DAEDC9F14AF}
	EndProjectSection
EndProject
Project("{8BC9CEB8-8B4A-11D0-8D11-00A0C91BC942}") = "libjpeg", "..\..\third_party\libjpeg_turbo\libjpeg.vcxproj", "{DF40F52A-9893-44C6-6991-AB5F4379D122}"
EndProject
Project("{8BC9CEB8-8B4A-11D0-8D11-00A0C91BC942}") = "libpng", "..\..\third_party\libpng\libpng.vcxproj", "{8CD11EF4-BA52-FFD5-B1D1-BC5300E3990B}"
EndProject
Project("{8BC9CEB8-8B4A-11D0-8D11-00A0C91BC942}") = "libssl", "..\..\net\third_party\nss\libssl.vcxproj", "{01DC36CA-DF4E-0E76-0EF9-CD4512439CF3}"
EndProject
Project("{8BC9CEB8-8B4A-11D0-8D11-00A0C91BC942}") = "modp_b64", "..\..\third_party\modp_b64\modp_b64.vcxproj", "{7DAF66AA-E2DC-23EC-E07C-DA325BD37907}"
EndProject
Project("{8BC9CEB8-8B4A-11D0-8D11-00A0C91BC942}") = "native_theme", "native_theme.vcxproj", "{7F1C34F0-C0B8-D4DE-9181-31846CE57902}"
	ProjectSection(ProjectDependencies) = postProject
		{8408CB4F-9AEE-8E8A-D822-7DD73F220C09} = {8408CB4F-9AEE-8E8A-D822-7DD73F220C09}
		{F754D8E6-4279-BF40-3014-B997DB3112F6} = {F754D8E6-4279-BF40-3014-B997DB3112F6}
	EndProjectSection
EndProject
Project("{8BC9CEB8-8B4A-11D0-8D11-00A0C91BC942}") = "net", "..\..\net\net.vcxproj", "{2C0066EC-5816-F97A-1034-C2E3E725D276}"
	ProjectSection(ProjectDependencies) = postProject
		{4785C662-5CDB-DCEF-9252-A2AABB39B5C7} = {4785C662-5CDB-DCEF-9252-A2AABB39B5C7}
	EndProjectSection
EndProject
Project("{8BC9CEB8-8B4A-11D0-8D11-00A0C91BC942}") = "net_resources", "..\..\net\net_resources.vcxproj", "{4785C662-5CDB-DCEF-9252-A2AABB39B5C7}"
EndProject
Project("{8BC9CEB8-8B4A-11D0-8D11-00A0C91BC942}") = "nspr", "..\..\third_party\nss\nspr.vcxproj", "{81DEEF92-69D5-35A4-C2C7-D45D04EF9FC9}"
EndProject
Project("{8BC9CEB8-8B4A-11D0-8D11-00A0C91BC942}") = "nss", "..\..\third_party\nss\nss.vcxproj", "{AE04DB83-A74B-7F3B-8AB2-6C7A9DE20A4E}"
EndProject
Project("{8BC9CEB8-8B4A-11D0-8D11-00A0C91BC942}") = "nss_static", "..\..\third_party\nss\nss_static.vcxproj", "{B4F10B52-E369-6FC6-6347-E42A53470778}"
EndProject
Project("{8BC9CEB8-8B4A-11D0-8D11-00A0C91BC942}") = "sdch", "..\..\sdch\sdch.vcxproj", "{4CDE153F-C1E8-AE19-E890-149B187FB65A}"
EndProject
Project("{8BC9CEB8-8B4A-11D0-8D11-00A0C91BC942}") = "sfntly", "..\..\third_party\sfntly\sfntly.vcxproj", "{20D0C162-87AD-5DBB-3EA3-6C0CF7C3D8FC}"
EndProject
Project("{8BC9CEB8-8B4A-11D0-8D11-00A0C91BC942}") = "skia", "..\..\skia\skia.vcxproj", "{8408CB4F-9AEE-8E8A-D822-7DD73F220C09}"
	ProjectSection(ProjectDependencies) = postProject
		{C49C0B07-9AC8-2371-A4F2-0A8A2056DDCC} = {C49C0B07-9AC8-2371-A4F2-0A8A2056DDCC}
		{8EDE8BB0-3D28-C9A3-E4CC-C109FCF7A99E} = {8EDE8BB0-3D28-C9A3-E4CC-C109FCF7A99E}
	EndProjectSection
EndProject
Project("{8BC9CEB8-8B4A-11D0-8D11-00A0C91BC942}") = "skia_chrome", "..\..\skia\skia_chrome.vcxproj", "{8EDE8BB0-3D28-C9A3-E4CC-C109FCF7A99E}"
EndProject
Project("{8BC9CEB8-8B4A-11D0-8D11-00A0C91BC942}") = "skia_chrome_opts", "..\..\skia\skia_chrome_opts.vcxproj", "{60B169D4-63DB-EFB6-2EF3-A4A979335E30}"
EndProject
Project("{8BC9CEB8-8B4A-11D0-8D11-00A0C91BC942}") = "skia_library", "..\..\skia\skia_library.vcxproj", "{C49C0B07-9AC8-2371-A4F2-0A8A2056DDCC}"
	ProjectSection(ProjectDependencies) = postProject
		{818A542B-2BE2-0E53-5C13-E3B4B48D348D} = {818A542B-2BE2-0E53-5C13-E3B4B48D348D}
	EndProjectSection
EndProject
Project("{8BC9CEB8-8B4A-11D0-8D11-00A0C91BC942}") = "skia_opts", "..\..\skia\skia_opts.vcxproj", "{1BC15A26-D26E-5105-393E-88D8C207AAFD}"
EndProject
Project("{8BC9CEB8-8B4A-11D0-8D11-00A0C91BC942}") = "skia_opts_ssse3", "..\..\skia\skia_opts_ssse3.vcxproj", "{2398DCD7-BCFE-88D1-3B36-02E33BA686FC}"
EndProject
Project("{8BC9CEB8-8B4A-11D0-8D11-00A0C91BC942}") = "sqlite", "..\..\third_party\sqlite\sqlite.vcxproj", "{F6CCA33F-99E1-7CC2-3412-70415BD63F89}"
EndProject
Project("{8BC9CEB8-8B4A-11D0-8D11-00A0C91BC942}") = "ui", "..\ui.vcxproj", "{2B1084F0-CA11-EA66-0ACD-15DB70186F43}"
	ProjectSection(ProjectDependencies) = postProject
		{8408CB4F-9AEE-8E8A-D822-7DD73F220C09} = {8408CB4F-9AEE-8E8A-D822-7DD73F220C09}
		{A23B2896-8D6D-2601-BA5A-BECEDE5B3802} = {A23B2896-8D6D-2601-BA5A-BECEDE5B3802}
		{F754D8E6-4279-BF40-3014-B997DB3112F6} = {F754D8E6-4279-BF40-3014-B997DB3112F6}
	EndProjectSection
EndProject
Project("{8BC9CEB8-8B4A-11D0-8D11-00A0C91BC942}") = "ui_resources", "..\ui_resources.vcxproj", "{F754D8E6-4279-BF40-3014-B997DB3112F6}"
EndProject
Project("{8BC9CEB8-8B4A-11D0-8D11-00A0C91BC942}") = "ui_strings", "..\base\strings\ui_strings.vcxproj", "{A23B2896-8D6D-2601-BA5A-BECEDE5B3802}"
EndProject
Project("{8BC9CEB8-8B4A-11D0-8D11-00A0C91BC942}") = "url_lib", "..\..\url\url_lib.vcxproj", "{389F0528-26DF-53C7-3EAF-B21560839617}"
	ProjectSection(ProjectDependencies) = postProject
		{1B0E37FA-F959-3802-4CAD-2DAEDC9F14AF} = {1B0E37FA-F959-3802-4CAD-2DAEDC9F14AF}
	EndProjectSection
EndProject
Project("{8BC9CEB8-8B4A-11D0-8D11-00A0C91BC942}") = "zlib", "..\..\third_party\zlib\zlib.vcxproj", "{A05FDCD3-48D0-2012-C397-9DF3DF2DD3EB}"
EndProject
Global
	GlobalSection(SolutionConfigurationPlatforms) = preSolution
		Release|x64 = Release|x64
		Debug|Win32 = Debug|Win32
		Debug|x64 = Debug|x64
		Release|Win32 = Release|Win32
	EndGlobalSection
	GlobalSection(ProjectConfigurationPlatforms) = postSolution
		{01DC36CA-DF4E-0E76-0EF9-CD4512439CF3}.Release|x64.ActiveCfg = Release|x64
		{01DC36CA-DF4E-0E76-0EF9-CD4512439CF3}.Release|x64.Build.0 = Release|x64
		{01DC36CA-DF4E-0E76-0EF9-CD4512439CF3}.Debug|Win32.ActiveCfg = Debug|Win32
		{01DC36CA-DF4E-0E76-0EF9-CD4512439CF3}.Debug|Win32.Build.0 = Debug|Win32
		{01DC36CA-DF4E-0E76-0EF9-CD4512439CF3}.Debug|x64.ActiveCfg = Debug|x64
		{01DC36CA-DF4E-0E76-0EF9-CD4512439CF3}.Debug|x64.Build.0 = Debug|x64
		{01DC36CA-DF4E-0E76-0EF9-CD4512439CF3}.Release|Win32.ActiveCfg = Release|Win32
		{01DC36CA-DF4E-0E76-0EF9-CD4512439CF3}.Release|Win32.Build.0 = Release|Win32
		{1B0E37FA-F959-3802-4CAD-2DAEDC9F14AF}.Release|x64.ActiveCfg = Release|x64
		{1B0E37FA-F959-3802-4CAD-2DAEDC9F14AF}.Release|x64.Build.0 = Release|x64
		{1B0E37FA-F959-3802-4CAD-2DAEDC9F14AF}.Debug|Win32.ActiveCfg = Debug|Win32
		{1B0E37FA-F959-3802-4CAD-2DAEDC9F14AF}.Debug|Win32.Build.0 = Debug|Win32
		{1B0E37FA-F959-3802-4CAD-2DAEDC9F14AF}.Debug|x64.ActiveCfg = Debug|x64
		{1B0E37FA-F959-3802-4CAD-2DAEDC9F14AF}.Debug|x64.Build.0 = Debug|x64
		{1B0E37FA-F959-3802-4CAD-2DAEDC9F14AF}.Release|Win32.ActiveCfg = Release|Win32
		{1B0E37FA-F959-3802-4CAD-2DAEDC9F14AF}.Release|Win32.Build.0 = Release|Win32
		{1BC15A26-D26E-5105-393E-88D8C207AAFD}.Release|x64.ActiveCfg = Release|x64
		{1BC15A26-D26E-5105-393E-88D8C207AAFD}.Release|x64.Build.0 = Release|x64
		{1BC15A26-D26E-5105-393E-88D8C207AAFD}.Debug|Win32.ActiveCfg = Debug|Win32
		{1BC15A26-D26E-5105-393E-88D8C207AAFD}.Debug|Win32.Build.0 = Debug|Win32
		{1BC15A26-D26E-5105-393E-88D8C207AAFD}.Debug|x64.ActiveCfg = Debug|x64
		{1BC15A26-D26E-5105-393E-88D8C207AAFD}.Debug|x64.Build.0 = Debug|x64
		{1BC15A26-D26E-5105-393E-88D8C207AAFD}.Release|Win32.ActiveCfg = Release|Win32
		{1BC15A26-D26E-5105-393E-88D8C207AAFD}.Release|Win32.Build.0 = Release|Win32
		{20D0C162-87AD-5DBB-3EA3-6C0CF7C3D8FC}.Release|x64.ActiveCfg = Release|x64
		{20D0C162-87AD-5DBB-3EA3-6C0CF7C3D8FC}.Release|x64.Build.0 = Release|x64
		{20D0C162-87AD-5DBB-3EA3-6C0CF7C3D8FC}.Debug|Win32.ActiveCfg = Debug|Win32
		{20D0C162-87AD-5DBB-3EA3-6C0CF7C3D8FC}.Debug|Win32.Build.0 = Debug|Win32
		{20D0C162-87AD-5DBB-3EA3-6C0CF7C3D8FC}.Debug|x64.ActiveCfg = Debug|x64
		{20D0C162-87AD-5DBB-3EA3-6C0CF7C3D8FC}.Debug|x64.Build.0 = Debug|x64
		{20D0C162-87AD-5DBB-3EA3-6C0CF7C3D8FC}.Release|Win32.ActiveCfg = Release|Win32
		{20D0C162-87AD-5DBB-3EA3-6C0CF7C3D8FC}.Release|Win32.Build.0 = Release|Win32
		{2209ED79-C1E5-BEED-DF7F-7EA66C3F67DE}.Release|x64.ActiveCfg = Release|x64
		{2209ED79-C1E5-BEED-DF7F-7EA66C3F67DE}.Release|x64.Build.0 = Release|x64
		{2209ED79-C1E5-BEED-DF7F-7EA66C3F67DE}.Debug|Win32.ActiveCfg = Debug|Win32
		{2209ED79-C1E5-BEED-DF7F-7EA66C3F67DE}.Debug|Win32.Build.0 = Debug|Win32
		{2209ED79-C1E5-BEED-DF7F-7EA66C3F67DE}.Debug|x64.ActiveCfg = Debug|x64
		{2209ED79-C1E5-BEED-DF7F-7EA66C3F67DE}.Debug|x64.Build.0 = Debug|x64
		{2209ED79-C1E5-BEED-DF7F-7EA66C3F67DE}.Release|Win32.ActiveCfg = Release|Win32
		{2209ED79-C1E5-BEED-DF7F-7EA66C3F67DE}.Release|Win32.Build.0 = Release|Win32
		{2398DCD7-BCFE-88D1-3B36-02E33BA686FC}.Release|x64.ActiveCfg = Release|x64
		{2398DCD7-BCFE-88D1-3B36-02E33BA686FC}.Release|x64.Build.0 = Release|x64
		{2398DCD7-BCFE-88D1-3B36-02E33BA686FC}.Debug|Win32.ActiveCfg = Debug|Win32
		{2398DCD7-BCFE-88D1-3B36-02E33BA686FC}.Debug|Win32.Build.0 = Debug|Win32
		{2398DCD7-BCFE-88D1-3B36-02E33BA686FC}.Debug|x64.ActiveCfg = Debug|x64
		{2398DCD7-BCFE-88D1-3B36-02E33BA686FC}.Debug|x64.Build.0 = Debug|x64
		{2398DCD7-BCFE-88D1-3B36-02E33BA686FC}.Release|Win32.ActiveCfg = Release|Win32
		{2398DCD7-BCFE-88D1-3B36-02E33BA686FC}.Release|Win32.Build.0 = Release|Win32
		{2B1084F0-CA11-EA66-0ACD-15DB70186F43}.Release|x64.ActiveCfg = Release|x64
		{2B1084F0-CA11-EA66-0ACD-15DB70186F43}.Release|x64.Build.0 = Release|x64
		{2B1084F0-CA11-EA66-0ACD-15DB70186F43}.Debug|Win32.ActiveCfg = Debug|Win32
		{2B1084F0-CA11-EA66-0ACD-15DB70186F43}.Debug|Win32.Build.0 = Debug|Win32
		{2B1084F0-CA11-EA66-0ACD-15DB70186F43}.Debug|x64.ActiveCfg = Debug|x64
		{2B1084F0-CA11-EA66-0ACD-15DB70186F43}.Debug|x64.Build.0 = Debug|x64
		{2B1084F0-CA11-EA66-0ACD-15DB70186F43}.Release|Win32.ActiveCfg = Release|Win32
		{2B1084F0-CA11-EA66-0ACD-15DB70186F43}.Release|Win32.Build.0 = Release|Win32
		{2C0066EC-5816-F97A-1034-C2E3E725D276}.Release|x64.ActiveCfg = Release|x64
		{2C0066EC-5816-F97A-1034-C2E3E725D276}.Release|x64.Build.0 = Release|x64
		{2C0066EC-5816-F97A-1034-C2E3E725D276}.Debug|Win32.ActiveCfg = Debug|Win32
		{2C0066EC-5816-F97A-1034-C2E3E725D276}.Debug|Win32.Build.0 = Debug|Win32
		{2C0066EC-5816-F97A-1034-C2E3E725D276}.Debug|x64.ActiveCfg = Debug|x64
		{2C0066EC-5816-F97A-1034-C2E3E725D276}.Debug|x64.Build.0 = Debug|x64
		{2C0066EC-5816-F97A-1034-C2E3E725D276}.Release|Win32.ActiveCfg = Release|Win32
		{2C0066EC-5816-F97A-1034-C2E3E725D276}.Release|Win32.Build.0 = Release|Win32
		{389F0528-26DF-53C7-3EAF-B21560839617}.Release|x64.ActiveCfg = Release|x64
		{389F0528-26DF-53C7-3EAF-B21560839617}.Release|x64.Build.0 = Release|x64
		{389F0528-26DF-53C7-3EAF-B21560839617}.Debug|Win32.ActiveCfg = Debug|Win32
		{389F0528-26DF-53C7-3EAF-B21560839617}.Debug|Win32.Build.0 = Debug|Win32
		{389F0528-26DF-53C7-3EAF-B21560839617}.Debug|x64.ActiveCfg = Debug|x64
		{389F0528-26DF-53C7-3EAF-B21560839617}.Debug|x64.Build.0 = Debug|x64
		{389F0528-26DF-53C7-3EAF-B21560839617}.Release|Win32.ActiveCfg = Release|Win32
		{389F0528-26DF-53C7-3EAF-B21560839617}.Release|Win32.Build.0 = Release|Win32
		{4785C662-5CDB-DCEF-9252-A2AABB39B5C7}.Release|x64.ActiveCfg = Release|x64
		{4785C662-5CDB-DCEF-9252-A2AABB39B5C7}.Release|x64.Build.0 = Release|x64
		{4785C662-5CDB-DCEF-9252-A2AABB39B5C7}.Debug|Win32.ActiveCfg = Debug|Win32
		{4785C662-5CDB-DCEF-9252-A2AABB39B5C7}.Debug|Win32.Build.0 = Debug|Win32
		{4785C662-5CDB-DCEF-9252-A2AABB39B5C7}.Debug|x64.ActiveCfg = Debug|x64
		{4785C662-5CDB-DCEF-9252-A2AABB39B5C7}.Debug|x64.Build.0 = Debug|x64
		{4785C662-5CDB-DCEF-9252-A2AABB39B5C7}.Release|Win32.ActiveCfg = Release|Win32
		{4785C662-5CDB-DCEF-9252-A2AABB39B5C7}.Release|Win32.Build.0 = Release|Win32
		{4CDE153F-C1E8-AE19-E890-149B187FB65A}.Release|x64.ActiveCfg = Release|x64
		{4CDE153F-C1E8-AE19-E890-149B187FB65A}.Release|x64.Build.0 = Release|x64
		{4CDE153F-C1E8-AE19-E890-149B187FB65A}.Debug|Win32.ActiveCfg = Debug|Win32
		{4CDE153F-C1E8-AE19-E890-149B187FB65A}.Debug|Win32.Build.0 = Debug|Win32
		{4CDE153F-C1E8-AE19-E890-149B187FB65A}.Debug|x64.ActiveCfg = Debug|x64
		{4CDE153F-C1E8-AE19-E890-149B187FB65A}.Debug|x64.Build.0 = Debug|x64
		{4CDE153F-C1E8-AE19-E890-149B187FB65A}.Release|Win32.ActiveCfg = Release|Win32
		{4CDE153F-C1E8-AE19-E890-149B187FB65A}.Release|Win32.Build.0 = Release|Win32
		{5EBAEAAC-AC88-A1EC-5AE4-A7182B110344}.Release|x64.ActiveCfg = Release|x64
		{5EBAEAAC-AC88-A1EC-5AE4-A7182B110344}.Release|x64.Build.0 = Release|x64
		{5EBAEAAC-AC88-A1EC-5AE4-A7182B110344}.Debug|Win32.ActiveCfg = Debug|Win32
		{5EBAEAAC-AC88-A1EC-5AE4-A7182B110344}.Debug|Win32.Build.0 = Debug|Win32
		{5EBAEAAC-AC88-A1EC-5AE4-A7182B110344}.Debug|x64.ActiveCfg = Debug|x64
		{5EBAEAAC-AC88-A1EC-5AE4-A7182B110344}.Debug|x64.Build.0 = Debug|x64
		{5EBAEAAC-AC88-A1EC-5AE4-A7182B110344}.Release|Win32.ActiveCfg = Release|Win32
		{5EBAEAAC-AC88-A1EC-5AE4-A7182B110344}.Release|Win32.Build.0 = Release|Win32
		{60B169D4-63DB-EFB6-2EF3-A4A979335E30}.Release|x64.ActiveCfg = Release|x64
		{60B169D4-63DB-EFB6-2EF3-A4A979335E30}.Release|x64.Build.0 = Release|x64
		{60B169D4-63DB-EFB6-2EF3-A4A979335E30}.Debug|Win32.ActiveCfg = Debug|Win32
		{60B169D4-63DB-EFB6-2EF3-A4A979335E30}.Debug|Win32.Build.0 = Debug|Win32
		{60B169D4-63DB-EFB6-2EF3-A4A979335E30}.Debug|x64.ActiveCfg = Debug|x64
		{60B169D4-63DB-EFB6-2EF3-A4A979335E30}.Debug|x64.Build.0 = Debug|x64
		{60B169D4-63DB-EFB6-2EF3-A4A979335E30}.Release|Win32.ActiveCfg = Release|Win32
		{60B169D4-63DB-EFB6-2EF3-A4A979335E30}.Release|Win32.Build.0 = Release|Win32
		{7074A377-8706-1851-0D3E-7BADAD68AE27}.Release|x64.ActiveCfg = Release|x64
		{7074A377-8706-1851-0D3E-7BADAD68AE27}.Release|x64.Build.0 = Release|x64
		{7074A377-8706-1851-0D3E-7BADAD68AE27}.Debug|Win32.ActiveCfg = Debug|Win32
		{7074A377-8706-1851-0D3E-7BADAD68AE27}.Debug|Win32.Build.0 = Debug|Win32
		{7074A377-8706-1851-0D3E-7BADAD68AE27}.Debug|x64.ActiveCfg = Debug|x64
		{7074A377-8706-1851-0D3E-7BADAD68AE27}.Debug|x64.Build.0 = Debug|x64
		{7074A377-8706-1851-0D3E-7BADAD68AE27}.Release|Win32.ActiveCfg = Release|Win32
		{7074A377-8706-1851-0D3E-7BADAD68AE27}.Release|Win32.Build.0 = Release|Win32
		{729CE7D8-E92F-66C3-2539-B9B8A053AA75}.Release|x64.ActiveCfg = Release|x64
		{729CE7D8-E92F-66C3-2539-B9B8A053AA75}.Release|x64.Build.0 = Release|x64
		{729CE7D8-E92F-66C3-2539-B9B8A053AA75}.Debug|Win32.ActiveCfg = Debug|Win32
		{729CE7D8-E92F-66C3-2539-B9B8A053AA75}.Debug|Win32.Build.0 = Debug|Win32
		{729CE7D8-E92F-66C3-2539-B9B8A053AA75}.Debug|x64.ActiveCfg = Debug|x64
		{729CE7D8-E92F-66C3-2539-B9B8A053AA75}.Debug|x64.Build.0 = Debug|x64
		{729CE7D8-E92F-66C3-2539-B9B8A053AA75}.Release|Win32.ActiveCfg = Release|Win32
		{729CE7D8-E92F-66C3-2539-B9B8A053AA75}.Release|Win32.Build.0 = Release|Win32
		{7A5054A0-D5D6-89D4-6F69-C324335B8CCA}.Release|x64.ActiveCfg = Release|x64
		{7A5054A0-D5D6-89D4-6F69-C324335B8CCA}.Release|x64.Build.0 = Release|x64
		{7A5054A0-D5D6-89D4-6F69-C324335B8CCA}.Debug|Win32.ActiveCfg = Debug|Win32
		{7A5054A0-D5D6-89D4-6F69-C324335B8CCA}.Debug|Win32.Build.0 = Debug|Win32
		{7A5054A0-D5D6-89D4-6F69-C324335B8CCA}.Debug|x64.ActiveCfg = Debug|x64
		{7A5054A0-D5D6-89D4-6F69-C324335B8CCA}.Debug|x64.Build.0 = Debug|x64
		{7A5054A0-D5D6-89D4-6F69-C324335B8CCA}.Release|Win32.ActiveCfg = Release|Win32
		{7A5054A0-D5D6-89D4-6F69-C324335B8CCA}.Release|Win32.Build.0 = Release|Win32
		{7DAF66AA-E2DC-23EC-E07C-DA325BD37907}.Release|x64.ActiveCfg = Release|x64
		{7DAF66AA-E2DC-23EC-E07C-DA325BD37907}.Release|x64.Build.0 = Release|x64
		{7DAF66AA-E2DC-23EC-E07C-DA325BD37907}.Debug|Win32.ActiveCfg = Debug|Win32
		{7DAF66AA-E2DC-23EC-E07C-DA325BD37907}.Debug|Win32.Build.0 = Debug|Win32
		{7DAF66AA-E2DC-23EC-E07C-DA325BD37907}.Debug|x64.ActiveCfg = Debug|x64
		{7DAF66AA-E2DC-23EC-E07C-DA325BD37907}.Debug|x64.Build.0 = Debug|x64
		{7DAF66AA-E2DC-23EC-E07C-DA325BD37907}.Release|Win32.ActiveCfg = Release|Win32
		{7DAF66AA-E2DC-23EC-E07C-DA325BD37907}.Release|Win32.Build.0 = Release|Win32
		{7F1C34F0-C0B8-D4DE-9181-31846CE57902}.Release|x64.ActiveCfg = Release|x64
		{7F1C34F0-C0B8-D4DE-9181-31846CE57902}.Release|x64.Build.0 = Release|x64
		{7F1C34F0-C0B8-D4DE-9181-31846CE57902}.Debug|Win32.ActiveCfg = Debug|Win32
		{7F1C34F0-C0B8-D4DE-9181-31846CE57902}.Debug|Win32.Build.0 = Debug|Win32
		{7F1C34F0-C0B8-D4DE-9181-31846CE57902}.Debug|x64.ActiveCfg = Debug|x64
		{7F1C34F0-C0B8-D4DE-9181-31846CE57902}.Debug|x64.Build.0 = Debug|x64
		{7F1C34F0-C0B8-D4DE-9181-31846CE57902}.Release|Win32.ActiveCfg = Release|Win32
		{7F1C34F0-C0B8-D4DE-9181-31846CE57902}.Release|Win32.Build.0 = Release|Win32
		{818A542B-2BE2-0E53-5C13-E3B4B48D348D}.Release|x64.ActiveCfg = Release|x64
		{818A542B-2BE2-0E53-5C13-E3B4B48D348D}.Release|x64.Build.0 = Release|x64
		{818A542B-2BE2-0E53-5C13-E3B4B48D348D}.Debug|Win32.ActiveCfg = Debug|Win32
		{818A542B-2BE2-0E53-5C13-E3B4B48D348D}.Debug|Win32.Build.0 = Debug|Win32
		{818A542B-2BE2-0E53-5C13-E3B4B48D348D}.Debug|x64.ActiveCfg = Debug|x64
		{818A542B-2BE2-0E53-5C13-E3B4B48D348D}.Debug|x64.Build.0 = Debug|x64
		{818A542B-2BE2-0E53-5C13-E3B4B48D348D}.Release|Win32.ActiveCfg = Release|Win32
		{818A542B-2BE2-0E53-5C13-E3B4B48D348D}.Release|Win32.Build.0 = Release|Win32
		{81DEEF92-69D5-35A4-C2C7-D45D04EF9FC9}.Release|x64.ActiveCfg = Release|x64
		{81DEEF92-69D5-35A4-C2C7-D45D04EF9FC9}.Release|x64.Build.0 = Release|x64
		{81DEEF92-69D5-35A4-C2C7-D45D04EF9FC9}.Debug|Win32.ActiveCfg = Debug|Win32
		{81DEEF92-69D5-35A4-C2C7-D45D04EF9FC9}.Debug|Win32.Build.0 = Debug|Win32
		{81DEEF92-69D5-35A4-C2C7-D45D04EF9FC9}.Debug|x64.ActiveCfg = Debug|x64
		{81DEEF92-69D5-35A4-C2C7-D45D04EF9FC9}.Debug|x64.Build.0 = Debug|x64
		{81DEEF92-69D5-35A4-C2C7-D45D04EF9FC9}.Release|Win32.ActiveCfg = Release|Win32
		{81DEEF92-69D5-35A4-C2C7-D45D04EF9FC9}.Release|Win32.Build.0 = Release|Win32
		{8408CB4F-9AEE-8E8A-D822-7DD73F220C09}.Release|x64.ActiveCfg = Release|x64
		{8408CB4F-9AEE-8E8A-D822-7DD73F220C09}.Release|x64.Build.0 = Release|x64
		{8408CB4F-9AEE-8E8A-D822-7DD73F220C09}.Debug|Win32.ActiveCfg = Debug|Win32
		{8408CB4F-9AEE-8E8A-D822-7DD73F220C09}.Debug|Win32.Build.0 = Debug|Win32
		{8408CB4F-9AEE-8E8A-D822-7DD73F220C09}.Debug|x64.ActiveCfg = Debug|x64
		{8408CB4F-9AEE-8E8A-D822-7DD73F220C09}.Debug|x64.Build.0 = Debug|x64
		{8408CB4F-9AEE-8E8A-D822-7DD73F220C09}.Release|Win32.ActiveCfg = Release|Win32
		{8408CB4F-9AEE-8E8A-D822-7DD73F220C09}.Release|Win32.Build.0 = Release|Win32
		{8CD11EF4-BA52-FFD5-B1D1-BC5300E3990B}.Release|x64.ActiveCfg = Release|x64
		{8CD11EF4-BA52-FFD5-B1D1-BC5300E3990B}.Release|x64.Build.0 = Release|x64
		{8CD11EF4-BA52-FFD5-B1D1-BC5300E3990B}.Debug|Win32.ActiveCfg = Debug|Win32
		{8CD11EF4-BA52-FFD5-B1D1-BC5300E3990B}.Debug|Win32.Build.0 = Debug|Win32
		{8CD11EF4-BA52-FFD5-B1D1-BC5300E3990B}.Debug|x64.ActiveCfg = Debug|x64
		{8CD11EF4-BA52-FFD5-B1D1-BC5300E3990B}.Debug|x64.Build.0 = Debug|x64
		{8CD11EF4-BA52-FFD5-B1D1-BC5300E3990B}.Release|Win32.ActiveCfg = Release|Win32
		{8CD11EF4-BA52-FFD5-B1D1-BC5300E3990B}.Release|Win32.Build.0 = Release|Win32
		{8EDE8BB0-3D28-C9A3-E4CC-C109FCF7A99E}.Release|x64.ActiveCfg = Release|x64
		{8EDE8BB0-3D28-C9A3-E4CC-C109FCF7A99E}.Release|x64.Build.0 = Release|x64
		{8EDE8BB0-3D28-C9A3-E4CC-C109FCF7A99E}.Debug|Win32.ActiveCfg = Debug|Win32
		{8EDE8BB0-3D28-C9A3-E4CC-C109FCF7A99E}.Debug|Win32.Build.0 = Debug|Win32
		{8EDE8BB0-3D28-C9A3-E4CC-C109FCF7A99E}.Debug|x64.ActiveCfg = Debug|x64
		{8EDE8BB0-3D28-C9A3-E4CC-C109FCF7A99E}.Debug|x64.Build.0 = Debug|x64
		{8EDE8BB0-3D28-C9A3-E4CC-C109FCF7A99E}.Release|Win32.ActiveCfg = Release|Win32
		{8EDE8BB0-3D28-C9A3-E4CC-C109FCF7A99E}.Release|Win32.Build.0 = Release|Win32
		{A05FDCD3-48D0-2012-C397-9DF3DF2DD3EB}.Release|x64.ActiveCfg = Release|x64
		{A05FDCD3-48D0-2012-C397-9DF3DF2DD3EB}.Release|x64.Build.0 = Release|x64
		{A05FDCD3-48D0-2012-C397-9DF3DF2DD3EB}.Debug|Win32.ActiveCfg = Debug|Win32
		{A05FDCD3-48D0-2012-C397-9DF3DF2DD3EB}.Debug|Win32.Build.0 = Debug|Win32
		{A05FDCD3-48D0-2012-C397-9DF3DF2DD3EB}.Debug|x64.ActiveCfg = Debug|x64
		{A05FDCD3-48D0-2012-C397-9DF3DF2DD3EB}.Debug|x64.Build.0 = Debug|x64
		{A05FDCD3-48D0-2012-C397-9DF3DF2DD3EB}.Release|Win32.ActiveCfg = Release|Win32
		{A05FDCD3-48D0-2012-C397-9DF3DF2DD3EB}.Release|Win32.Build.0 = Release|Win32
		{A23B2896-8D6D-2601-BA5A-BECEDE5B3802}.Release|x64.ActiveCfg = Release|x64
		{A23B2896-8D6D-2601-BA5A-BECEDE5B3802}.Release|x64.Build.0 = Release|x64
		{A23B2896-8D6D-2601-BA5A-BECEDE5B3802}.Debug|Win32.ActiveCfg = Debug|Win32
		{A23B2896-8D6D-2601-BA5A-BECEDE5B3802}.Debug|Win32.Build.0 = Debug|Win32
		{A23B2896-8D6D-2601-BA5A-BECEDE5B3802}.Debug|x64.ActiveCfg = Debug|x64
		{A23B2896-8D6D-2601-BA5A-BECEDE5B3802}.Debug|x64.Build.0 = Debug|x64
		{A23B2896-8D6D-2601-BA5A-BECEDE5B3802}.Release|Win32.ActiveCfg = Release|Win32
		{A23B2896-8D6D-2601-BA5A-BECEDE5B3802}.Release|Win32.Build.0 = Release|Win32
		{AE04DB83-A74B-7F3B-8AB2-6C7A9DE20A4E}.Release|x64.ActiveCfg = Release|x64
		{AE04DB83-A74B-7F3B-8AB2-6C7A9DE20A4E}.Release|x64.Build.0 = Release|x64
		{AE04DB83-A74B-7F3B-8AB2-6C7A9DE20A4E}.Debug|Win32.ActiveCfg = Debug|Win32
		{AE04DB83-A74B-7F3B-8AB2-6C7A9DE20A4E}.Debug|Win32.Build.0 = Debug|Win32
		{AE04DB83-A74B-7F3B-8AB2-6C7A9DE20A4E}.Debug|x64.ActiveCfg = Debug|x64
		{AE04DB83-A74B-7F3B-8AB2-6C7A9DE20A4E}.Debug|x64.Build.0 = Debug|x64
		{AE04DB83-A74B-7F3B-8AB2-6C7A9DE20A4E}.Release|Win32.ActiveCfg = Release|Win32
		{AE04DB83-A74B-7F3B-8AB2-6C7A9DE20A4E}.Release|Win32.Build.0 = Release|Win32
		{B4F10B52-E369-6FC6-6347-E42A53470778}.Release|x64.ActiveCfg = Release|x64
		{B4F10B52-E369-6FC6-6347-E42A53470778}.Release|x64.Build.0 = Release|x64
		{B4F10B52-E369-6FC6-6347-E42A53470778}.Debug|Win32.ActiveCfg = Debug|Win32
		{B4F10B52-E369-6FC6-6347-E42A53470778}.Debug|Win32.Build.0 = Debug|Win32
		{B4F10B52-E369-6FC6-6347-E42A53470778}.Debug|x64.ActiveCfg = Debug|x64
		{B4F10B52-E369-6FC6-6347-E42A53470778}.Debug|x64.Build.0 = Debug|x64
		{B4F10B52-E369-6FC6-6347-E42A53470778}.Release|Win32.ActiveCfg = Release|Win32
		{B4F10B52-E369-6FC6-6347-E42A53470778}.Release|Win32.Build.0 = Release|Win32
		{B63183B0-A65E-D8BE-7BD8-86080C82AA9C}.Release|x64.ActiveCfg = Release|x64
		{B63183B0-A65E-D8BE-7BD8-86080C82AA9C}.Release|x64.Build.0 = Release|x64
		{B63183B0-A65E-D8BE-7BD8-86080C82AA9C}.Debug|Win32.ActiveCfg = Debug|Win32
		{B63183B0-A65E-D8BE-7BD8-86080C82AA9C}.Debug|Win32.Build.0 = Debug|Win32
		{B63183B0-A65E-D8BE-7BD8-86080C82AA9C}.Debug|x64.ActiveCfg = Debug|x64
		{B63183B0-A65E-D8BE-7BD8-86080C82AA9C}.Debug|x64.Build.0 = Debug|x64
		{B63183B0-A65E-D8BE-7BD8-86080C82AA9C}.Release|Win32.ActiveCfg = Release|Win32
		{B63183B0-A65E-D8BE-7BD8-86080C82AA9C}.Release|Win32.Build.0 = Release|Win32
		{C49C0B07-9AC8-2371-A4F2-0A8A2056DDCC}.Release|x64.ActiveCfg = Release|x64
		{C49C0B07-9AC8-2371-A4F2-0A8A2056DDCC}.Release|x64.Build.0 = Release|x64
		{C49C0B07-9AC8-2371-A4F2-0A8A2056DDCC}.Debug|Win32.ActiveCfg = Debug|Win32
		{C49C0B07-9AC8-2371-A4F2-0A8A2056DDCC}.Debug|Win32.Build.0 = Debug|Win32
		{C49C0B07-9AC8-2371-A4F2-0A8A2056DDCC}.Debug|x64.ActiveCfg = Debug|x64
		{C49C0B07-9AC8-2371-A4F2-0A8A2056DDCC}.Debug|x64.Build.0 = Debug|x64
		{C49C0B07-9AC8-2371-A4F2-0A8A2056DDCC}.Release|Win32.ActiveCfg = Release|Win32
		{C49C0B07-9AC8-2371-A4F2-0A8A2056DDCC}.Release|Win32.Build.0 = Release|Win32
		{D6E64011-BD61-065D-240B-B26B2606AD74}.Release|x64.ActiveCfg = Release|x64
		{D6E64011-BD61-065D-240B-B26B2606AD74}.Release|x64.Build.0 = Release|x64
		{D6E64011-BD61-065D-240B-B26B2606AD74}.Debug|Win32.ActiveCfg = Debug|Win32
		{D6E64011-BD61-065D-240B-B26B2606AD74}.Debug|Win32.Build.0 = Debug|Win32
		{D6E64011-BD61-065D-240B-B26B2606AD74}.Debug|x64.ActiveCfg = Debug|x64
		{D6E64011-BD61-065D-240B-B26B2606AD74}.Debug|x64.Build.0 = Debug|x64
		{D6E64011-BD61-065D-240B-B26B2606AD74}.Release|Win32.ActiveCfg = Release|Win32
		{D6E64011-BD61-065D-240B-B26B2606AD74}.Release|Win32.Build.0 = Release|Win32
		{DF40F52A-9893-44C6-6991-AB5F4379D122}.Release|x64.ActiveCfg = Release|x64
		{DF40F52A-9893-44C6-6991-AB5F4379D122}.Release|x64.Build.0 = Release|x64
		{DF40F52A-9893-44C6-6991-AB5F4379D122}.Debug|Win32.ActiveCfg = Debug|Win32
		{DF40F52A-9893-44C6-6991-AB5F4379D122}.Debug|Win32.Build.0 = Debug|Win32
		{DF40F52A-9893-44C6-6991-AB5F4379D122}.Debug|x64.ActiveCfg = Debug|x64
		{DF40F52A-9893-44C6-6991-AB5F4379D122}.Debug|x64.Build.0 = Debug|x64
		{DF40F52A-9893-44C6-6991-AB5F4379D122}.Release|Win32.ActiveCfg = Release|Win32
		{DF40F52A-9893-44C6-6991-AB5F4379D122}.Release|Win32.Build.0 = Release|Win32
		{F1A375C7-AD45-F214-6CDF-96B6B41C68AC}.Release|x64.ActiveCfg = Release|x64
		{F1A375C7-AD45-F214-6CDF-96B6B41C68AC}.Release|x64.Build.0 = Release|x64
		{F1A375C7-AD45-F214-6CDF-96B6B41C68AC}.Debug|Win32.ActiveCfg = Debug|Win32
		{F1A375C7-AD45-F214-6CDF-96B6B41C68AC}.Debug|Win32.Build.0 = Debug|Win32
		{F1A375C7-AD45-F214-6CDF-96B6B41C68AC}.Debug|x64.ActiveCfg = Debug|x64
		{F1A375C7-AD45-F214-6CDF-96B6B41C68AC}.Debug|x64.Build.0 = Debug|x64
		{F1A375C7-AD45-F214-6CDF-96B6B41C68AC}.Release|Win32.ActiveCfg = Release|Win32
		{F1A375C7-AD45-F214-6CDF-96B6B41C68AC}.Release|Win32.Build.0 = Release|Win32
		{F6CCA33F-99E1-7CC2-3412-70415BD63F89}.Release|x64.ActiveCfg = Release|x64
		{F6CCA33F-99E1-7CC2-3412-70415BD63F89}.Release|x64.Build.0 = Release|x64
		{F6CCA33F-99E1-7CC2-3412-70415BD63F89}.Debug|Win32.ActiveCfg = Debug|Win32
		{F6CCA33F-99E1-7CC2-3412-70415BD63F89}.Debug|Win32.Build.0 = Debug|Win32
		{F6CCA33F-99E1-7CC2-3412-70415BD63F89}.Debug|x64.ActiveCfg = Debug|x64
		{F6CCA33F-99E1-7CC2-3412-70415BD63F89}.Debug|x64.Build.0 = Debug|x64
		{F6CCA33F-99E1-7CC2-3412-70415BD63F89}.Release|Win32.ActiveCfg = Release|Win32
		{F6CCA33F-99E1-7CC2-3412-70415BD63F89}.Release|Win32.Build.0 = Release|Win32
		{F7324F78-5D3A-7414-7702-5AD7D3705C5E}.Release|x64.ActiveCfg = Release|x64
		{F7324F78-5D3A-7414-7702-5AD7D3705C5E}.Release|x64.Build.0 = Release|x64
		{F7324F78-5D3A-7414-7702-5AD7D3705C5E}.Debug|Win32.ActiveCfg = Debug|Win32
		{F7324F78-5D3A-7414-7702-5AD7D3705C5E}.Debug|Win32.Build.0 = Debug|Win32
		{F7324F78-5D3A-7414-7702-5AD7D3705C5E}.Debug|x64.ActiveCfg = Debug|x64
		{F7324F78-5D3A-7414-7702-5AD7D3705C5E}.Debug|x64.Build.0 = Debug|x64
		{F7324F78-5D3A-7414-7702-5AD7D3705C5E}.Release|Win32.ActiveCfg = Release|Win32
		{F7324F78-5D3A-7414-7702-5AD7D3705C5E}.Release|Win32.Build.0 = Release|Win32
		{F754D8E6-4279-BF40-3014-B997DB3112F6}.Release|x64.ActiveCfg = Release|x64
		{F754D8E6-4279-BF40-3014-B997DB3112F6}.Release|x64.Build.0 = Release|x64
		{F754D8E6-4279-BF40-3014-B997DB3112F6}.Debug|Win32.ActiveCfg = Debug|Win32
		{F754D8E6-4279-BF40-3014-B997DB3112F6}.Debug|Win32.Build.0 = Debug|Win32
		{F754D8E6-4279-BF40-3014-B997DB3112F6}.Debug|x64.ActiveCfg = Debug|x64
		{F754D8E6-4279-BF40-3014-B997DB3112F6}.Debug|x64.Build.0 = Debug|x64
		{F754D8E6-4279-BF40-3014-B997DB3112F6}.Release|Win32.ActiveCfg = Release|Win32
		{F754D8E6-4279-BF40-3014-B997DB3112F6}.Release|Win32.Build.0 = Release|Win32
	EndGlobalSection
	GlobalSection(SolutionProperties) = preSolution
		HideSolutionNode = FALSE
	EndGlobalSection
	GlobalSection(NestedProjects) = preSolution
		{7D1F1355-E02E-9573-5185-AFD30F7210BE} = {7C6CDB29-38D7-8364-748C-AEAAD8CCFB36}
		{F1A375C7-AD45-F214-6CDF-96B6B41C68AC} = {6478B9F3-4858-63F4-35F4-98A303E305F3}
		{C7F83F05-8335-05BC-FABC-52BB99106795} = {4D091BEB-A76B-E8AB-36FD-0A80BA9DE97D}
		{6478B9F3-4858-63F4-35F4-98A303E305F3} = {9785FB75-982A-5DE3-252D-3F288B9FEF5B}
		{3E7FA5AF-27B3-2DE0-883C-12F98E7F4E81} = {9785FB75-982A-5DE3-252D-3F288B9FEF5B}
		{D6E64011-BD61-065D-240B-B26B2606AD74} = {9785FB75-982A-5DE3-252D-3F288B9FEF5B}
		{729CE7D8-E92F-66C3-2539-B9B8A053AA75} = {9785FB75-982A-5DE3-252D-3F288B9FEF5B}
		{2209ED79-C1E5-BEED-DF7F-7EA66C3F67DE} = {9785FB75-982A-5DE3-252D-3F288B9FEF5B}
		{1B0E37FA-F959-3802-4CAD-2DAEDC9F14AF} = {2DE59335-96CE-10CA-CDE5-FEC35E3549BB}
		{7A5054A0-D5D6-89D4-6F69-C324335B8CCA} = {2DE59335-96CE-10CA-CDE5-FEC35E3549BB}
		{F7324F78-5D3A-7414-7702-5AD7D3705C5E} = {2DE59335-96CE-10CA-CDE5-FEC35E3549BB}
		{DF40F52A-9893-44C6-6991-AB5F4379D122} = {A9EB8559-7015-13E0-0462-D9901FC693FD}
		{5A566D8E-9FAB-ED62-0C7C-BD22FF9AF8A2} = {96A8EC63-88DB-B85C-EEBC-43667C60DEB3}
		{2C0066EC-5816-F97A-1034-C2E3E725D276} = {96A8EC63-88DB-B85C-EEBC-43667C60DEB3}
		{4785C662-5CDB-DCEF-9252-A2AABB39B5C7} = {96A8EC63-88DB-B85C-EEBC-43667C60DEB3}
		{01DC36CA-DF4E-0E76-0EF9-CD4512439CF3} = {91989827-5B0C-52D9-1FE9-9553D672A5E7}
		{81DEEF92-69D5-35A4-C2C7-D45D04EF9FC9} = {CD014008-1CDB-809B-D770-C67A261539F7}
		{AE04DB83-A74B-7F3B-8AB2-6C7A9DE20A4E} = {CD014008-1CDB-809B-D770-C67A261539F7}
		{B4F10B52-E369-6FC6-6347-E42A53470778} = {CD014008-1CDB-809B-D770-C67A261539F7}
		{818A542B-2BE2-0E53-5C13-E3B4B48D348D} = {7D1F1355-E02E-9573-5185-AFD30F7210BE}
		{8408CB4F-9AEE-8E8A-D822-7DD73F220C09} = {5B17195B-58DF-4533-4FE7-D2747913694E}
		{8EDE8BB0-3D28-C9A3-E4CC-C109FCF7A99E} = {5B17195B-58DF-4533-4FE7-D2747913694E}
		{60B169D4-63DB-EFB6-2EF3-A4A979335E30} = {5B17195B-58DF-4533-4FE7-D2747913694E}
		{C49C0B07-9AC8-2371-A4F2-0A8A2056DDCC} = {5B17195B-58DF-4533-4FE7-D2747913694E}
		{1BC15A26-D26E-5105-393E-88D8C207AAFD} = {5B17195B-58DF-4533-4FE7-D2747913694E}
		{2398DCD7-BCFE-88D1-3B36-02E33BA686FC} = {5B17195B-58DF-4533-4FE7-D2747913694E}
		{A23B2896-8D6D-2601-BA5A-BECEDE5B3802} = {C7F83F05-8335-05BC-FABC-52BB99106795}
		{B63183B0-A65E-D8BE-7BD8-86080C82AA9C} = {EAC80D00-01D2-3F49-A377-20B7154947F3}
		{5EBAEAAC-AC88-A1EC-5AE4-A7182B110344} = {3E7FA5AF-27B3-2DE0-883C-12F98E7F4E81}
		{91989827-5B0C-52D9-1FE9-9553D672A5E7} = {5A566D8E-9FAB-ED62-0C7C-BD22FF9AF8A2}
		{7C6CDB29-38D7-8364-748C-AEAAD8CCFB36} = {89C816A7-DD31-D54C-C69C-5A80E0C49B77}
		{2DE59335-96CE-10CA-CDE5-FEC35E3549BB} = {89C816A7-DD31-D54C-C69C-5A80E0C49B77}
		{A9EB8559-7015-13E0-0462-D9901FC693FD} = {89C816A7-DD31-D54C-C69C-5A80E0C49B77}
		{CD014008-1CDB-809B-D770-C67A261539F7} = {89C816A7-DD31-D54C-C69C-5A80E0C49B77}
		{8CD11EF4-BA52-FFD5-B1D1-BC5300E3990B} = {89C816A7-DD31-D54C-C69C-5A80E0C49B77}
		{7DAF66AA-E2DC-23EC-E07C-DA325BD37907} = {89C816A7-DD31-D54C-C69C-5A80E0C49B77}
		{20D0C162-87AD-5DBB-3EA3-6C0CF7C3D8FC} = {89C816A7-DD31-D54C-C69C-5A80E0C49B77}
		{F6CCA33F-99E1-7CC2-3412-70415BD63F89} = {89C816A7-DD31-D54C-C69C-5A80E0C49B77}
		{A05FDCD3-48D0-2012-C397-9DF3DF2DD3EB} = {89C816A7-DD31-D54C-C69C-5A80E0C49B77}
		{4D091BEB-A76B-E8AB-36FD-0A80BA9DE97D} = {644B7826-0417-C19E-B1ED-C0BF73289DEE}
		{7F1C34F0-C0B8-D4DE-9181-31846CE57902} = {644B7826-0417-C19E-B1ED-C0BF73289DEE}
		{2B1084F0-CA11-EA66-0ACD-15DB70186F43} = {644B7826-0417-C19E-B1ED-C0BF73289DEE}
		{F754D8E6-4279-BF40-3014-B997DB3112F6} = {644B7826-0417-C19E-B1ED-C0BF73289DEE}
		{389F0528-26DF-53C7-3EAF-B21560839617} = {ABEA8C02-AF45-C0B0-B874-B7CA283C10FB}
	EndGlobalSection
EndGlobal
