Microsoft Visual Studio Solution File, Format Version 11.00
# Visual Studio 2010
Project("{2150E333-8FDC-42A3-9474-1A3956D46DE8}") = "(allocator)", "..\..\..\base\allocator", "{6478B9F3-4858-63F4-35F4-98A303E305F3}"
EndProject
Project("{2150E333-8FDC-42A3-9474-1A3956D46DE8}") = "(base)", "..\..\..\base", "{9785FB75-982A-5DE3-252D-3F288B9FEF5B}"
EndProject
Project("{2150E333-8FDC-42A3-9474-1A3956D46DE8}") = "(testing)", "..\..\..\testing", "{EAC80D00-01D2-3F49-A377-20B7154947F3}"
EndProject
Project("{2150E333-8FDC-42A3-9474-1A3956D46DE8}") = "(third_party)", "..\..\..\base\third_party", "{3E7FA5AF-27B3-2DE0-883C-12F98E7F4E81}"
EndProject
Project("{2150E333-8FDC-42A3-9474-1A3956D46DE8}") = "(third_party)", "..\..\..\third_party", "{89C816A7-DD31-D54C-C69C-5A80E0C49B77}"
EndProject
Project("{8BC9CEB8-8B4A-11D0-8D11-00A0C91BC942}") = "allocator", "allocator.vcxproj", "{D3A55957-27F4-18E7-BDA4-928F14FBD5B6}"
	ProjectSection(ProjectDependencies) = postProject
		{B4E6EB31-D813-D674-6927-C0D74B59FEAB} = {B4E6EB31-D813-D674-6927-C0D74B59FEAB}
	EndProjectSection
EndProject
Project("{8BC9CEB8-8B4A-11D0-8D11-00A0C91BC942}") = "allocator_extension_thunks", "allocator_extension_thunks.vcxproj", "{F1A375C7-AD45-F214-6CDF-96B6B41C68AC}"
EndProject
Project("{8BC9CEB8-8B4A-11D0-8D11-00A0C91BC942}") = "allocator_extension_thunks_win64", "allocator_extension_thunks_win64.vcxproj", "{A25DE361-2842-75E4-CEE8-0F8DF90B07D9}"
EndProject
Project("{8BC9CEB8-8B4A-11D0-8D11-00A0C91BC942}") = "allocator_unittests", "allocator_unittests.vcxproj", "{38C3785A-3410-5A44-9475-E07189FB5437}"
	ProjectSection(ProjectDependencies) = postProject
		{D3A55957-27F4-18E7-BDA4-928F14FBD5B6} = {D3A55957-27F4-18E7-BDA4-928F14FBD5B6}
		{F1A375C7-AD45-F214-6CDF-96B6B41C68AC} = {F1A375C7-AD45-F214-6CDF-96B6B41C68AC}
		{256825B9-493F-F0F6-26C5-B8A955431BC1} = {256825B9-493F-F0F6-26C5-B8A955431BC1}
		{5EBAEAAC-AC88-A1EC-5AE4-A7182B110344} = {5EBAEAAC-AC88-A1EC-5AE4-A7182B110344}
		{B4E6EB31-D813-D674-6927-C0D74B59FEAB} = {B4E6EB31-D813-D674-6927-C0D74B59FEAB}
		{B63183B0-A65E-D8BE-7BD8-86080C82AA9C} = {B63183B0-A65E-D8BE-7BD8-86080C82AA9C}
	EndProjectSection
EndProject
Project("{8BC9CEB8-8B4A-11D0-8D11-00A0C91BC942}") = "base", "..\base.vcxproj", "{D6E64011-BD61-065D-240B-B26B2606AD74}"
	ProjectSection(ProjectDependencies) = postProject
		{B63183B0-A65E-D8BE-7BD8-86080C82AA9C} = {B63183B0-A65E-D8BE-7BD8-86080C82AA9C}
	EndProjectSection
EndProject
Project("{8BC9CEB8-8B4A-11D0-8D11-00A0C91BC942}") = "base_static", "..\base_static.vcxproj", "{2209ED79-C1E5-BEED-DF7F-7EA66C3F67DE}"
EndProject
Project("{8BC9CEB8-8B4A-11D0-8D11-00A0C91BC942}") = "dynamic_annotations", "..\third_party\dynamic_annotations\dynamic_annotations.vcxproj", "{5EBAEAAC-AC88-A1EC-5AE4-A7182B110344}"
EndProject
Project("{8BC9CEB8-8B4A-11D0-8D11-00A0C91BC942}") = "gtest", "..\..\testing\gtest.vcxproj", "{256825B9-493F-F0F6-26C5-B8A955431BC1}"
	ProjectSection(ProjectDependencies) = postProject
		{B63183B0-A65E-D8BE-7BD8-86080C82AA9C} = {B63183B0-A65E-D8BE-7BD8-86080C82AA9C}
	EndProjectSection
EndProject
Project("{8BC9CEB8-8B4A-11D0-8D11-00A0C91BC942}") = "gtest_prod", "..\..\testing\gtest_prod.vcxproj", "{B63183B0-A65E-D8BE-7BD8-86080C82AA9C}"
EndProject
Project("{8BC9CEB8-8B4A-11D0-8D11-00A0C91BC942}") = "libcmt", "libcmt.vcxproj", "{B4E6EB31-D813-D674-6927-C0D74B59FEAB}"
EndProject
Project("{8BC9CEB8-8B4A-11D0-8D11-00A0C91BC942}") = "modp_b64", "..\..\third_party\modp_b64\modp_b64.vcxproj", "{7DAF66AA-E2DC-23EC-E07C-DA325BD37907}"
EndProject
Project("{8BC9CEB8-8B4A-11D0-8D11-00A0C91BC942}") = "tcmalloc_unittest", "tcmalloc_unittest.vcxproj", "{4D49EBC7-4B9C-3F44-A58A-E324A2AE23A2}"
	ProjectSection(ProjectDependencies) = postProject
		{256825B9-493F-F0F6-26C5-B8A955431BC1} = {256825B9-493F-F0F6-26C5-B8A955431BC1}
		{D6E64011-BD61-065D-240B-B26B2606AD74} = {D6E64011-BD61-065D-240B-B26B2606AD74}
		{D3A55957-27F4-18E7-BDA4-928F14FBD5B6} = {D3A55957-27F4-18E7-BDA4-928F14FBD5B6}
		{B63183B0-A65E-D8BE-7BD8-86080C82AA9C} = {B63183B0-A65E-D8BE-7BD8-86080C82AA9C}
		{2209ED79-C1E5-BEED-DF7F-7EA66C3F67DE} = {2209ED79-C1E5-BEED-DF7F-7EA66C3F67DE}
		{F1A375C7-AD45-F214-6CDF-96B6B41C68AC} = {F1A375C7-AD45-F214-6CDF-96B6B41C68AC}
		{7DAF66AA-E2DC-23EC-E07C-DA325BD37907} = {7DAF66AA-E2DC-23EC-E07C-DA325BD37907}
		{5EBAEAAC-AC88-A1EC-5AE4-A7182B110344} = {5EBAEAAC-AC88-A1EC-5AE4-A7182B110344}
		{B4E6EB31-D813-D674-6927-C0D74B59FEAB} = {B4E6EB31-D813-D674-6927-C0D74B59FEAB}
	EndProjectSection
EndProject
Global
	GlobalSection(SolutionConfigurationPlatforms) = preSolution
		Release|x64 = Release|x64
		Debug|Win32 = Debug|Win32
		Debug|x64 = Debug|x64
		Release|Win32 = Release|Win32
	EndGlobalSection
	GlobalSection(ProjectConfigurationPlatforms) = postSolution
		{2209ED79-C1E5-BEED-DF7F-7EA66C3F67DE}.Release|x64.ActiveCfg = Release|x64
		{2209ED79-C1E5-BEED-DF7F-7EA66C3F67DE}.Release|x64.Build.0 = Release|x64
		{2209ED79-C1E5-BEED-DF7F-7EA66C3F67DE}.Debug|Win32.ActiveCfg = Debug|Win32
		{2209ED79-C1E5-BEED-DF7F-7EA66C3F67DE}.Debug|Win32.Build.0 = Debug|Win32
		{2209ED79-C1E5-BEED-DF7F-7EA66C3F67DE}.Debug|x64.ActiveCfg = Debug|x64
		{2209ED79-C1E5-BEED-DF7F-7EA66C3F67DE}.Debug|x64.Build.0 = Debug|x64
		{2209ED79-C1E5-BEED-DF7F-7EA66C3F67DE}.Release|Win32.ActiveCfg = Release|Win32
		{2209ED79-C1E5-BEED-DF7F-7EA66C3F67DE}.Release|Win32.Build.0 = Release|Win32
		{256825B9-493F-F0F6-26C5-B8A955431BC1}.Release|x64.ActiveCfg = Release|x64
		{256825B9-493F-F0F6-26C5-B8A955431BC1}.Release|x64.Build.0 = Release|x64
		{256825B9-493F-F0F6-26C5-B8A955431BC1}.Debug|Win32.ActiveCfg = Debug|Win32
		{256825B9-493F-F0F6-26C5-B8A955431BC1}.Debug|Win32.Build.0 = Debug|Win32
		{256825B9-493F-F0F6-26C5-B8A955431BC1}.Debug|x64.ActiveCfg = Debug|x64
		{256825B9-493F-F0F6-26C5-B8A955431BC1}.Debug|x64.Build.0 = Debug|x64
		{256825B9-493F-F0F6-26C5-B8A955431BC1}.Release|Win32.ActiveCfg = Release|Win32
		{256825B9-493F-F0F6-26C5-B8A955431BC1}.Release|Win32.Build.0 = Release|Win32
		{38C3785A-3410-5A44-9475-E07189FB5437}.Release|x64.ActiveCfg = Release|x64
		{38C3785A-3410-5A44-9475-E07189FB5437}.Release|x64.Build.0 = Release|x64
		{38C3785A-3410-5A44-9475-E07189FB5437}.Debug|Win32.ActiveCfg = Debug|Win32
		{38C3785A-3410-5A44-9475-E07189FB5437}.Debug|Win32.Build.0 = Debug|Win32
		{38C3785A-3410-5A44-9475-E07189FB5437}.Debug|x64.ActiveCfg = Debug|x64
		{38C3785A-3410-5A44-9475-E07189FB5437}.Debug|x64.Build.0 = Debug|x64
		{38C3785A-3410-5A44-9475-E07189FB5437}.Release|Win32.ActiveCfg = Release|Win32
		{38C3785A-3410-5A44-9475-E07189FB5437}.Release|Win32.Build.0 = Release|Win32
		{4D49EBC7-4B9C-3F44-A58A-E324A2AE23A2}.Release|x64.ActiveCfg = Release|x64
		{4D49EBC7-4B9C-3F44-A58A-E324A2AE23A2}.Release|x64.Build.0 = Release|x64
		{4D49EBC7-4B9C-3F44-A58A-E324A2AE23A2}.Debug|Win32.ActiveCfg = Debug|Win32
		{4D49EBC7-4B9C-3F44-A58A-E324A2AE23A2}.Debug|Win32.Build.0 = Debug|Win32
		{4D49EBC7-4B9C-3F44-A58A-E324A2AE23A2}.Debug|x64.ActiveCfg = Debug|x64
		{4D49EBC7-4B9C-3F44-A58A-E324A2AE23A2}.Debug|x64.Build.0 = Debug|x64
		{4D49EBC7-4B9C-3F44-A58A-E324A2AE23A2}.Release|Win32.ActiveCfg = Release|Win32
		{4D49EBC7-4B9C-3F44-A58A-E324A2AE23A2}.Release|Win32.Build.0 = Release|Win32
		{5EBAEAAC-AC88-A1EC-5AE4-A7182B110344}.Release|x64.ActiveCfg = Release|x64
		{5EBAEAAC-AC88-A1EC-5AE4-A7182B110344}.Release|x64.Build.0 = Release|x64
		{5EBAEAAC-AC88-A1EC-5AE4-A7182B110344}.Debug|Win32.ActiveCfg = Debug|Win32
		{5EBAEAAC-AC88-A1EC-5AE4-A7182B110344}.Debug|Win32.Build.0 = Debug|Win32
		{5EBAEAAC-AC88-A1EC-5AE4-A7182B110344}.Debug|x64.ActiveCfg = Debug|x64
		{5EBAEAAC-AC88-A1EC-5AE4-A7182B110344}.Debug|x64.Build.0 = Debug|x64
		{5EBAEAAC-AC88-A1EC-5AE4-A7182B110344}.Release|Win32.ActiveCfg = Release|Win32
		{5EBAEAAC-AC88-A1EC-5AE4-A7182B110344}.Release|Win32.Build.0 = Release|Win32
		{7DAF66AA-E2DC-23EC-E07C-DA325BD37907}.Release|x64.ActiveCfg = Release|x64
		{7DAF66AA-E2DC-23EC-E07C-DA325BD37907}.Release|x64.Build.0 = Release|x64
		{7DAF66AA-E2DC-23EC-E07C-DA325BD37907}.Debug|Win32.ActiveCfg = Debug|Win32
		{7DAF66AA-E2DC-23EC-E07C-DA325BD37907}.Debug|Win32.Build.0 = Debug|Win32
		{7DAF66AA-E2DC-23EC-E07C-DA325BD37907}.Debug|x64.ActiveCfg = Debug|x64
		{7DAF66AA-E2DC-23EC-E07C-DA325BD37907}.Debug|x64.Build.0 = Debug|x64
		{7DAF66AA-E2DC-23EC-E07C-DA325BD37907}.Release|Win32.ActiveCfg = Release|Win32
		{7DAF66AA-E2DC-23EC-E07C-DA325BD37907}.Release|Win32.Build.0 = Release|Win32
		{A25DE361-2842-75E4-CEE8-0F8DF90B07D9}.Release|x64.ActiveCfg = Release|x64
		{A25DE361-2842-75E4-CEE8-0F8DF90B07D9}.Release|x64.Build.0 = Release|x64
		{A25DE361-2842-75E4-CEE8-0F8DF90B07D9}.Debug|Win32.ActiveCfg = Debug|x64
		{A25DE361-2842-75E4-CEE8-0F8DF90B07D9}.Debug|Win32.Build.0 = Debug|x64
		{A25DE361-2842-75E4-CEE8-0F8DF90B07D9}.Debug|x64.ActiveCfg = Debug|x64
		{A25DE361-2842-75E4-CEE8-0F8DF90B07D9}.Debug|x64.Build.0 = Debug|x64
		{A25DE361-2842-75E4-CEE8-0F8DF90B07D9}.Release|Win32.ActiveCfg = Release|x64
		{A25DE361-2842-75E4-CEE8-0F8DF90B07D9}.Release|Win32.Build.0 = Release|x64
		{B4E6EB31-D813-D674-6927-C0D74B59FEAB}.Release|x64.ActiveCfg = Release|x64
		{B4E6EB31-D813-D674-6927-C0D74B59FEAB}.Release|x64.Build.0 = Release|x64
		{B4E6EB31-D813-D674-6927-C0D74B59FEAB}.Debug|Win32.ActiveCfg = Debug|Win32
		{B4E6EB31-D813-D674-6927-C0D74B59FEAB}.Debug|Win32.Build.0 = Debug|Win32
		{B4E6EB31-D813-D674-6927-C0D74B59FEAB}.Debug|x64.ActiveCfg = Debug|x64
		{B4E6EB31-D813-D674-6927-C0D74B59FEAB}.Debug|x64.Build.0 = Debug|x64
		{B4E6EB31-D813-D674-6927-C0D74B59FEAB}.Release|Win32.ActiveCfg = Release|Win32
		{B4E6EB31-D813-D674-6927-C0D74B59FEAB}.Release|Win32.Build.0 = Release|Win32
		{B63183B0-A65E-D8BE-7BD8-86080C82AA9C}.Release|x64.ActiveCfg = Release|x64
		{B63183B0-A65E-D8BE-7BD8-86080C82AA9C}.Release|x64.Build.0 = Release|x64
		{B63183B0-A65E-D8BE-7BD8-86080C82AA9C}.Debug|Win32.ActiveCfg = Debug|Win32
		{B63183B0-A65E-D8BE-7BD8-86080C82AA9C}.Debug|Win32.Build.0 = Debug|Win32
		{B63183B0-A65E-D8BE-7BD8-86080C82AA9C}.Debug|x64.ActiveCfg = Debug|x64
		{B63183B0-A65E-D8BE-7BD8-86080C82AA9C}.Debug|x64.Build.0 = Debug|x64
		{B63183B0-A65E-D8BE-7BD8-86080C82AA9C}.Release|Win32.ActiveCfg = Release|Win32
		{B63183B0-A65E-D8BE-7BD8-86080C82AA9C}.Release|Win32.Build.0 = Release|Win32
		{D3A55957-27F4-18E7-BDA4-928F14FBD5B6}.Release|x64.ActiveCfg = Release|x64
		{D3A55957-27F4-18E7-BDA4-928F14FBD5B6}.Release|x64.Build.0 = Release|x64
		{D3A55957-27F4-18E7-BDA4-928F14FBD5B6}.Debug|Win32.ActiveCfg = Debug|Win32
		{D3A55957-27F4-18E7-BDA4-928F14FBD5B6}.Debug|Win32.Build.0 = Debug|Win32
		{D3A55957-27F4-18E7-BDA4-928F14FBD5B6}.Debug|x64.ActiveCfg = Debug|x64
		{D3A55957-27F4-18E7-BDA4-928F14FBD5B6}.Debug|x64.Build.0 = Debug|x64
		{D3A55957-27F4-18E7-BDA4-928F14FBD5B6}.Release|Win32.ActiveCfg = Release|Win32
		{D3A55957-27F4-18E7-BDA4-928F14FBD5B6}.Release|Win32.Build.0 = Release|Win32
		{D6E64011-BD61-065D-240B-B26B2606AD74}.Release|x64.ActiveCfg = Release|x64
		{D6E64011-BD61-065D-240B-B26B2606AD74}.Release|x64.Build.0 = Release|x64
		{D6E64011-BD61-065D-240B-B26B2606AD74}.Debug|Win32.ActiveCfg = Debug|Win32
		{D6E64011-BD61-065D-240B-B26B2606AD74}.Debug|Win32.Build.0 = Debug|Win32
		{D6E64011-BD61-065D-240B-B26B2606AD74}.Debug|x64.ActiveCfg = Debug|x64
		{D6E64011-BD61-065D-240B-B26B2606AD74}.Debug|x64.Build.0 = Debug|x64
		{D6E64011-BD61-065D-240B-B26B2606AD74}.Release|Win32.ActiveCfg = Release|Win32
		{D6E64011-BD61-065D-240B-B26B2606AD74}.Release|Win32.Build.0 = Release|Win32
		{F1A375C7-AD45-F214-6CDF-96B6B41C68AC}.Release|x64.ActiveCfg = Release|x64
		{F1A375C7-AD45-F214-6CDF-96B6B41C68AC}.Release|x64.Build.0 = Release|x64
		{F1A375C7-AD45-F214-6CDF-96B6B41C68AC}.Debug|Win32.ActiveCfg = Debug|Win32
		{F1A375C7-AD45-F214-6CDF-96B6B41C68AC}.Debug|Win32.Build.0 = Debug|Win32
		{F1A375C7-AD45-F214-6CDF-96B6B41C68AC}.Debug|x64.ActiveCfg = Debug|x64
		{F1A375C7-AD45-F214-6CDF-96B6B41C68AC}.Debug|x64.Build.0 = Debug|x64
		{F1A375C7-AD45-F214-6CDF-96B6B41C68AC}.Release|Win32.ActiveCfg = Release|Win32
		{F1A375C7-AD45-F214-6CDF-96B6B41C68AC}.Release|Win32.Build.0 = Release|Win32
	EndGlobalSection
	GlobalSection(SolutionProperties) = preSolution
		HideSolutionNode = FALSE
	EndGlobalSection
	GlobalSection(NestedProjects) = preSolution
		{D3A55957-27F4-18E7-BDA4-928F14FBD5B6} = {6478B9F3-4858-63F4-35F4-98A303E305F3}
		{F1A375C7-AD45-F214-6CDF-96B6B41C68AC} = {6478B9F3-4858-63F4-35F4-98A303E305F3}
		{A25DE361-2842-75E4-CEE8-0F8DF90B07D9} = {6478B9F3-4858-63F4-35F4-98A303E305F3}
		{38C3785A-3410-5A44-9475-E07189FB5437} = {6478B9F3-4858-63F4-35F4-98A303E305F3}
		{B4E6EB31-D813-D674-6927-C0D74B59FEAB} = {6478B9F3-4858-63F4-35F4-98A303E305F3}
		{4D49EBC7-4B9C-3F44-A58A-E324A2AE23A2} = {6478B9F3-4858-63F4-35F4-98A303E305F3}
		{6478B9F3-4858-63F4-35F4-98A303E305F3} = {9785FB75-982A-5DE3-252D-3F288B9FEF5B}
		{3E7FA5AF-27B3-2DE0-883C-12F98E7F4E81} = {9785FB75-982A-5DE3-252D-3F288B9FEF5B}
		{D6E64011-BD61-065D-240B-B26B2606AD74} = {9785FB75-982A-5DE3-252D-3F288B9FEF5B}
		{2209ED79-C1E5-BEED-DF7F-7EA66C3F67DE} = {9785FB75-982A-5DE3-252D-3F288B9FEF5B}
		{256825B9-493F-F0F6-26C5-B8A955431BC1} = {EAC80D00-01D2-3F49-A377-20B7154947F3}
		{B63183B0-A65E-D8BE-7BD8-86080C82AA9C} = {EAC80D00-01D2-3F49-A377-20B7154947F3}
		{5EBAEAAC-AC88-A1EC-5AE4-A7182B110344} = {3E7FA5AF-27B3-2DE0-883C-12F98E7F4E81}
		{7DAF66AA-E2DC-23EC-E07C-DA325BD37907} = {89C816A7-DD31-D54C-C69C-5A80E0C49B77}
	EndGlobalSection
EndGlobal
