Microsoft Visual Studio Solution File, Format Version 11.00
# Visual Studio 2010
Project("{2150E333-8FDC-42A3-9474-1A3956D46DE8}") = "(base)", "(base)", "{4D091BEB-A76B-E8AB-36FD-0A80BA9DE97D}"
EndProject
Project("{2150E333-8FDC-42A3-9474-1A3956D46DE8}") = "(base)", "(base)", "{9785FB75-982A-5DE3-252D-3F288B9FEF5B}"
EndProject
Project("{2150E333-8FDC-42A3-9474-1A3956D46DE8}") = "(skia)", "(skia)", "{5B17195B-58DF-4533-4FE7-D2747913694E}"
EndProject
Project("{2150E333-8FDC-42A3-9474-1A3956D46DE8}") = "(strings)", "(strings)", "{C7F83F05-8335-05BC-FABC-52BB99106795}"
EndProject
Project("{2150E333-8FDC-42A3-9474-1A3956D46DE8}") = "(third_party)", "(third_party)", "{3E7FA5AF-27B3-2DE0-883C-12F98E7F4E81}"
EndProject
Project("{2150E333-8FDC-42A3-9474-1A3956D46DE8}") = "(ui)", "(ui)", "{644B7826-0417-C19E-B1ED-C0BF73289DEE}"
EndProject
Project("{2150E333-8FDC-42A3-9474-1A3956D46DE8}") = "(views)", "(views)", "{C54B57B5-4366-2FCA-E88A-CC00CE1D5019}"
EndProject
Project("{8BC9CEB8-8B4A-11D0-8D11-00A0C91BC942}") = "base", "..\..\base\base.vcxproj", "{D6E64011-BD61-065D-240B-B26B2606AD74}"
EndProject
Project("{8BC9CEB8-8B4A-11D0-8D11-00A0C91BC942}") = "base_i18n", "..\..\base\base_i18n.vcxproj", "{729CE7D8-E92F-66C3-2539-B9B8A053AA75}"
EndProject
Project("{8BC9CEB8-8B4A-11D0-8D11-00A0C91BC942}") = "base_static", "..\..\base\base_static.vcxproj", "{2209ED79-C1E5-BEED-DF7F-7EA66C3F67DE}"
EndProject
Project("{8BC9CEB8-8B4A-11D0-8D11-00A0C91BC942}") = "dynamic_annotations", "..\..\base\third_party\dynamic_annotations\dynamic_annotations.vcxproj", "{5EBAEAAC-AC88-A1EC-5AE4-A7182B110344}"
EndProject
Project("{8BC9CEB8-8B4A-11D0-8D11-00A0C91BC942}") = "skia", "..\..\skia\skia.vcxproj", "{8408CB4F-9AEE-8E8A-D822-7DD73F220C09}"
	ProjectSection(ProjectDependencies) = postProject
		{C49C0B07-9AC8-2371-A4F2-0A8A2056DDCC} = {C49C0B07-9AC8-2371-A4F2-0A8A2056DDCC}
		{8EDE8BB0-3D28-C9A3-E4CC-C109FCF7A99E} = {8EDE8BB0-3D28-C9A3-E4CC-C109FCF7A99E}
	EndProjectSection
EndProject
Project("{8BC9CEB8-8B4A-11D0-8D11-00A0C91BC942}") = "skia_chrome", "..\..\skia\skia_chrome.vcxproj", "{8EDE8BB0-3D28-C9A3-E4CC-C109FCF7A99E}"
EndProject
Project("{8BC9CEB8-8B4A-11D0-8D11-00A0C91BC942}") = "skia_chrome_opts", "..\..\skia\skia_chrome_opts.vcxproj", "{60B169D4-63DB-EFB6-2EF3-A4A979335E30}"
EndProject
Project("{8BC9CEB8-8B4A-11D0-8D11-00A0C91BC942}") = "skia_library", "..\..\skia\skia_library.vcxproj", "{C49C0B07-9AC8-2371-A4F2-0A8A2056DDCC}"
EndProject
Project("{8BC9CEB8-8B4A-11D0-8D11-00A0C91BC942}") = "skia_opts", "..\..\skia\skia_opts.vcxproj", "{1BC15A26-D26E-5105-393E-88D8C207AAFD}"
EndProject
Project("{8BC9CEB8-8B4A-11D0-8D11-00A0C91BC942}") = "skia_opts_ssse3", "..\..\skia\skia_opts_ssse3.vcxproj", "{2398DCD7-BCFE-88D1-3B36-02E33BA686FC}"
EndProject
Project("{8BC9CEB8-8B4A-11D0-8D11-00A0C91BC942}") = "ui", "..\ui.vcxproj", "{2B1084F0-CA11-EA66-0ACD-15DB70186F43}"
	ProjectSection(ProjectDependencies) = postProject
		{8408CB4F-9AEE-8E8A-D822-7DD73F220C09} = {8408CB4F-9AEE-8E8A-D822-7DD73F220C09}
		{A23B2896-8D6D-2601-BA5A-BECEDE5B3802} = {A23B2896-8D6D-2601-BA5A-BECEDE5B3802}
	EndProjectSection
EndProject
Project("{8BC9CEB8-8B4A-11D0-8D11-00A0C91BC942}") = "views", "views.vcxproj", "{107D21F5-724C-D34D-6F26-E5F7EBC123FE}"
	ProjectSection(ProjectDependencies) = postProject
		{8408CB4F-9AEE-8E8A-D822-7DD73F220C09} = {8408CB4F-9AEE-8E8A-D822-7DD73F220C09}
		{A23B2896-8D6D-2601-BA5A-BECEDE5B3802} = {A23B2896-8D6D-2601-BA5A-BECEDE5B3802}
	EndProjectSection
EndProject
Project("{8BC9CEB8-8B4A-11D0-8D11-00A0C91BC942}") = "views_examples_exe", "views_examples_exe.vcxproj", "{16EE2EAF-CD4E-E039-9025-7B8499C49582}"
EndProject
Project("{8BC9CEB8-8B4A-11D0-8D11-00A0C91BC942}") = "views_examples_lib", "views_examples_lib.vcxproj", "{DEBB414F-D9B1-FD72-B4F4-027CD13F9925}"
	ProjectSection(ProjectDependencies) = postProject
		{8408CB4F-9AEE-8E8A-D822-7DD73F220C09} = {8408CB4F-9AEE-8E8A-D822-7DD73F220C09}
	EndProjectSection
EndProject
Project("{8BC9CEB8-8B4A-11D0-8D11-00A0C91BC942}") = "ui_resources", "..\ui_resources.vcxproj", "{F754D8E6-4279-BF40-3014-B997DB3112F6}"
EndProject
Project("{8BC9CEB8-8B4A-11D0-8D11-00A0C91BC942}") = "native_theme", "..\native_theme\native_theme.vcxproj", "{7F1C34F0-C0B8-D4DE-9181-31846CE57902}"
EndProject
Project("{8BC9CEB8-8B4A-11D0-8D11-00A0C91BC942}") = "pack_resources", "..\pack_resources.vcxproj", "{85441A73-23BC-4563-B03B-F59ECE8C132B}"
EndProject
Project("{8BC9CEB8-8B4A-11D0-8D11-00A0C91BC942}") = "url_lib", "..\url\url_lib.vcxproj", "{389F0528-26DF-53C7-3EAF-B21560839617}"
EndProject
Project("{8BC9CEB8-8B4A-11D0-8D11-00A0C91BC942}") = "ui_strings", "..\base\strings\ui_strings.vcxproj", "{A23B2896-8D6D-2601-BA5A-BECEDE5B3802}"
EndProject
Global
	GlobalSection(SolutionConfigurationPlatforms) = preSolution
		Debug|Win32 = Debug|Win32
		Debug|x64 = Debug|x64
		Release|Win32 = Release|Win32
		Release|x64 = Release|x64
	EndGlobalSection
	GlobalSection(ProjectConfigurationPlatforms) = postSolution
		{D6E64011-BD61-065D-240B-B26B2606AD74}.Debug|Win32.ActiveCfg = Debug|Win32
		{D6E64011-BD61-065D-240B-B26B2606AD74}.Debug|Win32.Build.0 = Debug|Win32
		{D6E64011-BD61-065D-240B-B26B2606AD74}.Debug|x64.ActiveCfg = Debug|x64
		{D6E64011-BD61-065D-240B-B26B2606AD74}.Debug|x64.Build.0 = Debug|x64
		{D6E64011-BD61-065D-240B-B26B2606AD74}.Release|Win32.ActiveCfg = Release|Win32
		{D6E64011-BD61-065D-240B-B26B2606AD74}.Release|Win32.Build.0 = Release|Win32
		{D6E64011-BD61-065D-240B-B26B2606AD74}.Release|x64.ActiveCfg = Release|x64
		{D6E64011-BD61-065D-240B-B26B2606AD74}.Release|x64.Build.0 = Release|x64
		{729CE7D8-E92F-66C3-2539-B9B8A053AA75}.Debug|Win32.ActiveCfg = Debug|Win32
		{729CE7D8-E92F-66C3-2539-B9B8A053AA75}.Debug|Win32.Build.0 = Debug|Win32
		{729CE7D8-E92F-66C3-2539-B9B8A053AA75}.Debug|x64.ActiveCfg = Debug|x64
		{729CE7D8-E92F-66C3-2539-B9B8A053AA75}.Debug|x64.Build.0 = Debug|x64
		{729CE7D8-E92F-66C3-2539-B9B8A053AA75}.Release|Win32.ActiveCfg = Release|Win32
		{729CE7D8-E92F-66C3-2539-B9B8A053AA75}.Release|Win32.Build.0 = Release|Win32
		{729CE7D8-E92F-66C3-2539-B9B8A053AA75}.Release|x64.ActiveCfg = Release|x64
		{729CE7D8-E92F-66C3-2539-B9B8A053AA75}.Release|x64.Build.0 = Release|x64
		{2209ED79-C1E5-BEED-DF7F-7EA66C3F67DE}.Debug|Win32.ActiveCfg = Debug|Win32
		{2209ED79-C1E5-BEED-DF7F-7EA66C3F67DE}.Debug|Win32.Build.0 = Debug|Win32
		{2209ED79-C1E5-BEED-DF7F-7EA66C3F67DE}.Debug|x64.ActiveCfg = Debug|x64
		{2209ED79-C1E5-BEED-DF7F-7EA66C3F67DE}.Debug|x64.Build.0 = Debug|x64
		{2209ED79-C1E5-BEED-DF7F-7EA66C3F67DE}.Release|Win32.ActiveCfg = Release|Win32
		{2209ED79-C1E5-BEED-DF7F-7EA66C3F67DE}.Release|Win32.Build.0 = Release|Win32
		{2209ED79-C1E5-BEED-DF7F-7EA66C3F67DE}.Release|x64.ActiveCfg = Release|x64
		{2209ED79-C1E5-BEED-DF7F-7EA66C3F67DE}.Release|x64.Build.0 = Release|x64
		{5EBAEAAC-AC88-A1EC-5AE4-A7182B110344}.Debug|Win32.ActiveCfg = Debug|Win32
		{5EBAEAAC-AC88-A1EC-5AE4-A7182B110344}.Debug|Win32.Build.0 = Debug|Win32
		{5EBAEAAC-AC88-A1EC-5AE4-A7182B110344}.Debug|x64.ActiveCfg = Debug|x64
		{5EBAEAAC-AC88-A1EC-5AE4-A7182B110344}.Debug|x64.Build.0 = Debug|x64
		{5EBAEAAC-AC88-A1EC-5AE4-A7182B110344}.Release|Win32.ActiveCfg = Release|Win32
		{5EBAEAAC-AC88-A1EC-5AE4-A7182B110344}.Release|Win32.Build.0 = Release|Win32
		{5EBAEAAC-AC88-A1EC-5AE4-A7182B110344}.Release|x64.ActiveCfg = Release|x64
		{5EBAEAAC-AC88-A1EC-5AE4-A7182B110344}.Release|x64.Build.0 = Release|x64
		{8408CB4F-9AEE-8E8A-D822-7DD73F220C09}.Debug|Win32.ActiveCfg = Debug|Win32
		{8408CB4F-9AEE-8E8A-D822-7DD73F220C09}.Debug|Win32.Build.0 = Debug|Win32
		{8408CB4F-9AEE-8E8A-D822-7DD73F220C09}.Debug|x64.ActiveCfg = Debug|x64
		{8408CB4F-9AEE-8E8A-D822-7DD73F220C09}.Debug|x64.Build.0 = Debug|x64
		{8408CB4F-9AEE-8E8A-D822-7DD73F220C09}.Release|Win32.ActiveCfg = Release|Win32
		{8408CB4F-9AEE-8E8A-D822-7DD73F220C09}.Release|Win32.Build.0 = Release|Win32
		{8408CB4F-9AEE-8E8A-D822-7DD73F220C09}.Release|x64.ActiveCfg = Release|x64
		{8408CB4F-9AEE-8E8A-D822-7DD73F220C09}.Release|x64.Build.0 = Release|x64
		{8EDE8BB0-3D28-C9A3-E4CC-C109FCF7A99E}.Debug|Win32.ActiveCfg = Debug|Win32
		{8EDE8BB0-3D28-C9A3-E4CC-C109FCF7A99E}.Debug|Win32.Build.0 = Debug|Win32
		{8EDE8BB0-3D28-C9A3-E4CC-C109FCF7A99E}.Debug|x64.ActiveCfg = Debug|x64
		{8EDE8BB0-3D28-C9A3-E4CC-C109FCF7A99E}.Debug|x64.Build.0 = Debug|x64
		{8EDE8BB0-3D28-C9A3-E4CC-C109FCF7A99E}.Release|Win32.ActiveCfg = Release|Win32
		{8EDE8BB0-3D28-C9A3-E4CC-C109FCF7A99E}.Release|Win32.Build.0 = Release|Win32
		{8EDE8BB0-3D28-C9A3-E4CC-C109FCF7A99E}.Release|x64.ActiveCfg = Release|x64
		{8EDE8BB0-3D28-C9A3-E4CC-C109FCF7A99E}.Release|x64.Build.0 = Release|x64
		{60B169D4-63DB-EFB6-2EF3-A4A979335E30}.Debug|Win32.ActiveCfg = Debug|Win32
		{60B169D4-63DB-EFB6-2EF3-A4A979335E30}.Debug|Win32.Build.0 = Debug|Win32
		{60B169D4-63DB-EFB6-2EF3-A4A979335E30}.Debug|x64.ActiveCfg = Debug|x64
		{60B169D4-63DB-EFB6-2EF3-A4A979335E30}.Debug|x64.Build.0 = Debug|x64
		{60B169D4-63DB-EFB6-2EF3-A4A979335E30}.Release|Win32.ActiveCfg = Release|Win32
		{60B169D4-63DB-EFB6-2EF3-A4A979335E30}.Release|Win32.Build.0 = Release|Win32
		{60B169D4-63DB-EFB6-2EF3-A4A979335E30}.Release|x64.ActiveCfg = Release|x64
		{60B169D4-63DB-EFB6-2EF3-A4A979335E30}.Release|x64.Build.0 = Release|x64
		{C49C0B07-9AC8-2371-A4F2-0A8A2056DDCC}.Debug|Win32.ActiveCfg = Debug|Win32
		{C49C0B07-9AC8-2371-A4F2-0A8A2056DDCC}.Debug|Win32.Build.0 = Debug|Win32
		{C49C0B07-9AC8-2371-A4F2-0A8A2056DDCC}.Debug|x64.ActiveCfg = Debug|x64
		{C49C0B07-9AC8-2371-A4F2-0A8A2056DDCC}.Debug|x64.Build.0 = Debug|x64
		{C49C0B07-9AC8-2371-A4F2-0A8A2056DDCC}.Release|Win32.ActiveCfg = Release|Win32
		{C49C0B07-9AC8-2371-A4F2-0A8A2056DDCC}.Release|Win32.Build.0 = Release|Win32
		{C49C0B07-9AC8-2371-A4F2-0A8A2056DDCC}.Release|x64.ActiveCfg = Release|x64
		{C49C0B07-9AC8-2371-A4F2-0A8A2056DDCC}.Release|x64.Build.0 = Release|x64
		{1BC15A26-D26E-5105-393E-88D8C207AAFD}.Debug|Win32.ActiveCfg = Debug|Win32
		{1BC15A26-D26E-5105-393E-88D8C207AAFD}.Debug|Win32.Build.0 = Debug|Win32
		{1BC15A26-D26E-5105-393E-88D8C207AAFD}.Debug|x64.ActiveCfg = Debug|x64
		{1BC15A26-D26E-5105-393E-88D8C207AAFD}.Debug|x64.Build.0 = Debug|x64
		{1BC15A26-D26E-5105-393E-88D8C207AAFD}.Release|Win32.ActiveCfg = Release|Win32
		{1BC15A26-D26E-5105-393E-88D8C207AAFD}.Release|Win32.Build.0 = Release|Win32
		{1BC15A26-D26E-5105-393E-88D8C207AAFD}.Release|x64.ActiveCfg = Release|x64
		{1BC15A26-D26E-5105-393E-88D8C207AAFD}.Release|x64.Build.0 = Release|x64
		{2398DCD7-BCFE-88D1-3B36-02E33BA686FC}.Debug|Win32.ActiveCfg = Debug|Win32
		{2398DCD7-BCFE-88D1-3B36-02E33BA686FC}.Debug|Win32.Build.0 = Debug|Win32
		{2398DCD7-BCFE-88D1-3B36-02E33BA686FC}.Debug|x64.ActiveCfg = Debug|x64
		{2398DCD7-BCFE-88D1-3B36-02E33BA686FC}.Debug|x64.Build.0 = Debug|x64
		{2398DCD7-BCFE-88D1-3B36-02E33BA686FC}.Release|Win32.ActiveCfg = Release|Win32
		{2398DCD7-BCFE-88D1-3B36-02E33BA686FC}.Release|Win32.Build.0 = Release|Win32
		{2398DCD7-BCFE-88D1-3B36-02E33BA686FC}.Release|x64.ActiveCfg = Release|x64
		{2398DCD7-BCFE-88D1-3B36-02E33BA686FC}.Release|x64.Build.0 = Release|x64
		{2B1084F0-CA11-EA66-0ACD-15DB70186F43}.Debug|Win32.ActiveCfg = Debug|Win32
		{2B1084F0-CA11-EA66-0ACD-15DB70186F43}.Debug|Win32.Build.0 = Debug|Win32
		{2B1084F0-CA11-EA66-0ACD-15DB70186F43}.Debug|x64.ActiveCfg = Debug|x64
		{2B1084F0-CA11-EA66-0ACD-15DB70186F43}.Debug|x64.Build.0 = Debug|x64
		{2B1084F0-CA11-EA66-0ACD-15DB70186F43}.Release|Win32.ActiveCfg = Release|Win32
		{2B1084F0-CA11-EA66-0ACD-15DB70186F43}.Release|Win32.Build.0 = Release|Win32
		{2B1084F0-CA11-EA66-0ACD-15DB70186F43}.Release|x64.ActiveCfg = Release|x64
		{2B1084F0-CA11-EA66-0ACD-15DB70186F43}.Release|x64.Build.0 = Release|x64
		{107D21F5-724C-D34D-6F26-E5F7EBC123FE}.Debug|Win32.ActiveCfg = Debug|Win32
		{107D21F5-724C-D34D-6F26-E5F7EBC123FE}.Debug|Win32.Build.0 = Debug|Win32
		{107D21F5-724C-D34D-6F26-E5F7EBC123FE}.Debug|x64.ActiveCfg = Debug|x64
		{107D21F5-724C-D34D-6F26-E5F7EBC123FE}.Debug|x64.Build.0 = Debug|x64
		{107D21F5-724C-D34D-6F26-E5F7EBC123FE}.Release|Win32.ActiveCfg = Release|Win32
		{107D21F5-724C-D34D-6F26-E5F7EBC123FE}.Release|Win32.Build.0 = Release|Win32
		{107D21F5-724C-D34D-6F26-E5F7EBC123FE}.Release|x64.ActiveCfg = Release|x64
		{107D21F5-724C-D34D-6F26-E5F7EBC123FE}.Release|x64.Build.0 = Release|x64
		{16EE2EAF-CD4E-E039-9025-7B8499C49582}.Debug|Win32.ActiveCfg = Debug|Win32
		{16EE2EAF-CD4E-E039-9025-7B8499C49582}.Debug|Win32.Build.0 = Debug|Win32
		{16EE2EAF-CD4E-E039-9025-7B8499C49582}.Debug|x64.ActiveCfg = Debug|x64
		{16EE2EAF-CD4E-E039-9025-7B8499C49582}.Debug|x64.Build.0 = Debug|x64
		{16EE2EAF-CD4E-E039-9025-7B8499C49582}.Release|Win32.ActiveCfg = Release|Win32
		{16EE2EAF-CD4E-E039-9025-7B8499C49582}.Release|Win32.Build.0 = Release|Win32
		{16EE2EAF-CD4E-E039-9025-7B8499C49582}.Release|x64.ActiveCfg = Release|x64
		{16EE2EAF-CD4E-E039-9025-7B8499C49582}.Release|x64.Build.0 = Release|x64
		{DEBB414F-D9B1-FD72-B4F4-027CD13F9925}.Debug|Win32.ActiveCfg = Debug|Win32
		{DEBB414F-D9B1-FD72-B4F4-027CD13F9925}.Debug|Win32.Build.0 = Debug|Win32
		{DEBB414F-D9B1-FD72-B4F4-027CD13F9925}.Debug|x64.ActiveCfg = Debug|x64
		{DEBB414F-D9B1-FD72-B4F4-027CD13F9925}.Debug|x64.Build.0 = Debug|x64
		{DEBB414F-D9B1-FD72-B4F4-027CD13F9925}.Release|Win32.ActiveCfg = Release|Win32
		{DEBB414F-D9B1-FD72-B4F4-027CD13F9925}.Release|Win32.Build.0 = Release|Win32
		{DEBB414F-D9B1-FD72-B4F4-027CD13F9925}.Release|x64.ActiveCfg = Release|x64
		{DEBB414F-D9B1-FD72-B4F4-027CD13F9925}.Release|x64.Build.0 = Release|x64
		{F754D8E6-4279-BF40-3014-B997DB3112F6}.Debug|Win32.ActiveCfg = Debug|Win32
		{F754D8E6-4279-BF40-3014-B997DB3112F6}.Debug|Win32.Build.0 = Debug|Win32
		{F754D8E6-4279-BF40-3014-B997DB3112F6}.Debug|x64.ActiveCfg = Debug|x64
		{F754D8E6-4279-BF40-3014-B997DB3112F6}.Debug|x64.Build.0 = Debug|x64
		{F754D8E6-4279-BF40-3014-B997DB3112F6}.Release|Win32.ActiveCfg = Release|Win32
		{F754D8E6-4279-BF40-3014-B997DB3112F6}.Release|Win32.Build.0 = Release|Win32
		{F754D8E6-4279-BF40-3014-B997DB3112F6}.Release|x64.ActiveCfg = Release|x64
		{F754D8E6-4279-BF40-3014-B997DB3112F6}.Release|x64.Build.0 = Release|x64
		{7F1C34F0-C0B8-D4DE-9181-31846CE57902}.Debug|Win32.ActiveCfg = Debug|Win32
		{7F1C34F0-C0B8-D4DE-9181-31846CE57902}.Debug|Win32.Build.0 = Debug|Win32
		{7F1C34F0-C0B8-D4DE-9181-31846CE57902}.Debug|x64.ActiveCfg = Debug|x64
		{7F1C34F0-C0B8-D4DE-9181-31846CE57902}.Debug|x64.Build.0 = Debug|x64
		{7F1C34F0-C0B8-D4DE-9181-31846CE57902}.Release|Win32.ActiveCfg = Release|Win32
		{7F1C34F0-C0B8-D4DE-9181-31846CE57902}.Release|Win32.Build.0 = Release|Win32
		{7F1C34F0-C0B8-D4DE-9181-31846CE57902}.Release|x64.ActiveCfg = Release|x64
		{7F1C34F0-C0B8-D4DE-9181-31846CE57902}.Release|x64.Build.0 = Release|x64
		{85441A73-23BC-4563-B03B-F59ECE8C132B}.Debug|Win32.ActiveCfg = Debug|Win32
		{85441A73-23BC-4563-B03B-F59ECE8C132B}.Debug|Win32.Build.0 = Debug|Win32
		{85441A73-23BC-4563-B03B-F59ECE8C132B}.Debug|x64.ActiveCfg = Debug|Win32
		{85441A73-23BC-4563-B03B-F59ECE8C132B}.Release|Win32.ActiveCfg = Release|Win32
		{85441A73-23BC-4563-B03B-F59ECE8C132B}.Release|Win32.Build.0 = Release|Win32
		{85441A73-23BC-4563-B03B-F59ECE8C132B}.Release|x64.ActiveCfg = Release|Win32
		{389F0528-26DF-53C7-3EAF-B21560839617}.Debug|Win32.ActiveCfg = Debug|Win32
		{389F0528-26DF-53C7-3EAF-B21560839617}.Debug|Win32.Build.0 = Debug|Win32
		{389F0528-26DF-53C7-3EAF-B21560839617}.Debug|x64.ActiveCfg = Debug|x64
		{389F0528-26DF-53C7-3EAF-B21560839617}.Debug|x64.Build.0 = Debug|x64
		{389F0528-26DF-53C7-3EAF-B21560839617}.Release|Win32.ActiveCfg = Release|Win32
		{389F0528-26DF-53C7-3EAF-B21560839617}.Release|Win32.Build.0 = Release|Win32
		{389F0528-26DF-53C7-3EAF-B21560839617}.Release|x64.ActiveCfg = Release|x64
		{389F0528-26DF-53C7-3EAF-B21560839617}.Release|x64.Build.0 = Release|x64
		{A23B2896-8D6D-2601-BA5A-BECEDE5B3802}.Debug|Win32.ActiveCfg = Debug|Win32
		{A23B2896-8D6D-2601-BA5A-BECEDE5B3802}.Debug|Win32.Build.0 = Debug|Win32
		{A23B2896-8D6D-2601-BA5A-BECEDE5B3802}.Debug|x64.ActiveCfg = Debug|x64
		{A23B2896-8D6D-2601-BA5A-BECEDE5B3802}.Debug|x64.Build.0 = Debug|x64
		{A23B2896-8D6D-2601-BA5A-BECEDE5B3802}.Release|Win32.ActiveCfg = Release|Win32
		{A23B2896-8D6D-2601-BA5A-BECEDE5B3802}.Release|Win32.Build.0 = Release|Win32
		{A23B2896-8D6D-2601-BA5A-BECEDE5B3802}.Release|x64.ActiveCfg = Release|x64
		{A23B2896-8D6D-2601-BA5A-BECEDE5B3802}.Release|x64.Build.0 = Release|x64
	EndGlobalSection
	GlobalSection(SolutionProperties) = preSolution
		HideSolutionNode = FALSE
	EndGlobalSection
	GlobalSection(NestedProjects) = preSolution
		{4D091BEB-A76B-E8AB-36FD-0A80BA9DE97D} = {644B7826-0417-C19E-B1ED-C0BF73289DEE}
		{C54B57B5-4366-2FCA-E88A-CC00CE1D5019} = {644B7826-0417-C19E-B1ED-C0BF73289DEE}
		{2B1084F0-CA11-EA66-0ACD-15DB70186F43} = {644B7826-0417-C19E-B1ED-C0BF73289DEE}
		{F754D8E6-4279-BF40-3014-B997DB3112F6} = {644B7826-0417-C19E-B1ED-C0BF73289DEE}
		{7F1C34F0-C0B8-D4DE-9181-31846CE57902} = {644B7826-0417-C19E-B1ED-C0BF73289DEE}
		{85441A73-23BC-4563-B03B-F59ECE8C132B} = {644B7826-0417-C19E-B1ED-C0BF73289DEE}
		{3E7FA5AF-27B3-2DE0-883C-12F98E7F4E81} = {9785FB75-982A-5DE3-252D-3F288B9FEF5B}
		{D6E64011-BD61-065D-240B-B26B2606AD74} = {9785FB75-982A-5DE3-252D-3F288B9FEF5B}
		{729CE7D8-E92F-66C3-2539-B9B8A053AA75} = {9785FB75-982A-5DE3-252D-3F288B9FEF5B}
		{2209ED79-C1E5-BEED-DF7F-7EA66C3F67DE} = {9785FB75-982A-5DE3-252D-3F288B9FEF5B}
		{8408CB4F-9AEE-8E8A-D822-7DD73F220C09} = {5B17195B-58DF-4533-4FE7-D2747913694E}
		{8EDE8BB0-3D28-C9A3-E4CC-C109FCF7A99E} = {5B17195B-58DF-4533-4FE7-D2747913694E}
		{60B169D4-63DB-EFB6-2EF3-A4A979335E30} = {5B17195B-58DF-4533-4FE7-D2747913694E}
		{C49C0B07-9AC8-2371-A4F2-0A8A2056DDCC} = {5B17195B-58DF-4533-4FE7-D2747913694E}
		{1BC15A26-D26E-5105-393E-88D8C207AAFD} = {5B17195B-58DF-4533-4FE7-D2747913694E}
		{2398DCD7-BCFE-88D1-3B36-02E33BA686FC} = {5B17195B-58DF-4533-4FE7-D2747913694E}
		{C7F83F05-8335-05BC-FABC-52BB99106795} = {4D091BEB-A76B-E8AB-36FD-0A80BA9DE97D}
		{5EBAEAAC-AC88-A1EC-5AE4-A7182B110344} = {3E7FA5AF-27B3-2DE0-883C-12F98E7F4E81}
		{A23B2896-8D6D-2601-BA5A-BECEDE5B3802} = {C7F83F05-8335-05BC-FABC-52BB99106795}
		{107D21F5-724C-D34D-6F26-E5F7EBC123FE} = {C54B57B5-4366-2FCA-E88A-CC00CE1D5019}
		{16EE2EAF-CD4E-E039-9025-7B8499C49582} = {C54B57B5-4366-2FCA-E88A-CC00CE1D5019}
		{DEBB414F-D9B1-FD72-B4F4-027CD13F9925} = {C54B57B5-4366-2FCA-E88A-CC00CE1D5019}
	EndGlobalSection
EndGlobal
