<?xml version="1.0" encoding="utf-8"?>
<Project ToolsVersion="4.0" xmlns="http://schemas.microsoft.com/developer/msbuild/2003">
  <ItemGroup>
    <Filter Include="examples">
      <UniqueIdentifier>{44436D1D-970F-7E02-EDA1-3A8DAD062A99}</UniqueIdentifier>
    </Filter>
  </ItemGroup>
  <ItemGroup>
    <None Include="views.gyp" />
    <ClCompile Include="examples\examples_main.cc">
      <Filter>examples</Filter>
    </ClCompile>
  </ItemGroup>
  <ItemGroup>
    <ClCompile Include="examples\mitunes_nonclient_frame_view.cpp">
      <Filter>examples</Filter>
    </ClCompile>
    <ClCompile Include="..\custom\text_edit.cpp">
      <Filter>examples</Filter>
    </ClCompile>
    <ClCompile Include="..\custom\render_text_view.cpp">
      <Filter>examples</Filter>
    </ClCompile>
  </ItemGroup>
  <ItemGroup>
    <ClInclude Include="examples\mitunes_nonclient_frame_view.h">
      <Filter>examples</Filter>
    </ClInclude>
    <ClInclude Include="..\custom\text_edit.h">
      <Filter>examples</Filter>
    </ClInclude>
    <ClInclude Include="..\custom\render_text_view.h">
      <Filter>examples</Filter>
    </ClInclude>
  </ItemGroup>
</Project>
