Microsoft Visual Studio Solution File, Format Version 11.00
# Visual Studio 2010
Project("{2150E333-8FDC-42A3-9474-1A3956D46DE8}") = "(allocator)", "..\..\base\allocator", "{6478B9F3-4858-63F4-35F4-98A303E305F3}"
EndProject
Project("{2150E333-8FDC-42A3-9474-1A3956D46DE8}") = "(base)", "..\..\base", "{9785FB75-982A-5DE3-252D-3F288B9FEF5B}"
EndProject
Project("{2150E333-8FDC-42A3-9474-1A3956D46DE8}") = "(dynamic_annotations)", "..\..\base\third_party\dynamic_annotations", "{EF1E4970-C119-B0D7-F5D6-321C6AE66EDC}"
EndProject
Project("{2150E333-8FDC-42A3-9474-1A3956D46DE8}") = "(icu)", "..\..\third_party\icu", "{2DE59335-96CE-10CA-CDE5-FEC35E3549BB}"
EndProject
Project("{2150E333-8FDC-42A3-9474-1A3956D46DE8}") = "(testing)", "..\..\testing", "{EAC80D00-01D2-3F49-A377-20B7154947F3}"
EndProject
Project("{2150E333-8FDC-42A3-9474-1A3956D46DE8}") = "(third_party)", "..\..\base\third_party", "{3E7FA5AF-27B3-2DE0-883C-12F98E7F4E81}"
EndProject
Project("{2150E333-8FDC-42A3-9474-1A3956D46DE8}") = "(third_party)", "..\..\third_party", "{89C816A7-DD31-D54C-C69C-5A80E0C49B77}"
EndProject
Project("{8BC9CEB8-8B4A-11D0-8D11-00A0C91BC942}") = "allocator", "allocator\allocator.vcxproj", "{D3A55957-27F4-18E7-BDA4-928F14FBD5B6}"
	ProjectSection(ProjectDependencies) = postProject
		{B4E6EB31-D813-D674-6927-C0D74B59FEAB} = {B4E6EB31-D813-D674-6927-C0D74B59FEAB}
	EndProjectSection
EndProject
Project("{8BC9CEB8-8B4A-11D0-8D11-00A0C91BC942}") = "allocator_extension_thunks", "allocator\allocator_extension_thunks.vcxproj", "{F1A375C7-AD45-F214-6CDF-96B6B41C68AC}"
EndProject
Project("{8BC9CEB8-8B4A-11D0-8D11-00A0C91BC942}") = "allocator_extension_thunks_win64", "allocator\allocator_extension_thunks_win64.vcxproj", "{A25DE361-2842-75E4-CEE8-0F8DF90B07D9}"
EndProject
Project("{8BC9CEB8-8B4A-11D0-8D11-00A0C91BC942}") = "base", "base.vcxproj", "{D6E64011-BD61-065D-240B-B26B2606AD74}"
	ProjectSection(ProjectDependencies) = postProject
		{B63183B0-A65E-D8BE-7BD8-86080C82AA9C} = {B63183B0-A65E-D8BE-7BD8-86080C82AA9C}
	EndProjectSection
EndProject
Project("{8BC9CEB8-8B4A-11D0-8D11-00A0C91BC942}") = "base_i18n", "base_i18n.vcxproj", "{729CE7D8-E92F-66C3-2539-B9B8A053AA75}"
EndProject
Project("{8BC9CEB8-8B4A-11D0-8D11-00A0C91BC942}") = "base_i18n_nacl_win64", "base_i18n_nacl_win64.vcxproj", "{80E27CA9-1FB7-6AF3-8E5A-64A9D1DE1BB3}"
EndProject
Project("{8BC9CEB8-8B4A-11D0-8D11-00A0C91BC942}") = "base_nacl_win64", "base_nacl_win64.vcxproj", "{683507F0-4BD8-A7B0-5F14-9F0B15D0C185}"
EndProject
Project("{8BC9CEB8-8B4A-11D0-8D11-00A0C91BC942}") = "base_prefs", "base_prefs.vcxproj", "{77ED574C-550D-809C-7C45-CADAB337EC66}"
EndProject
Project("{8BC9CEB8-8B4A-11D0-8D11-00A0C91BC942}") = "base_prefs_test_support", "base_prefs_test_support.vcxproj", "{154F79B8-9B76-7643-E4D3-2D170BEE3291}"
EndProject
Project("{8BC9CEB8-8B4A-11D0-8D11-00A0C91BC942}") = "base_static", "base_static.vcxproj", "{2209ED79-C1E5-BEED-DF7F-7EA66C3F67DE}"
EndProject
Project("{8BC9CEB8-8B4A-11D0-8D11-00A0C91BC942}") = "base_static_win64", "base_static_win64.vcxproj", "{9CF04F48-2EDA-E1BE-CF4A-06CE446090E3}"
EndProject
Project("{8BC9CEB8-8B4A-11D0-8D11-00A0C91BC942}") = "base_unittests", "base_unittests.vcxproj", "{A5F88845-3399-746D-C0E2-E4201C60E065}"
	ProjectSection(ProjectDependencies) = postProject
		{D6E64011-BD61-065D-240B-B26B2606AD74} = {D6E64011-BD61-065D-240B-B26B2606AD74}
		{729CE7D8-E92F-66C3-2539-B9B8A053AA75} = {729CE7D8-E92F-66C3-2539-B9B8A053AA75}
		{77ED574C-550D-809C-7C45-CADAB337EC66} = {77ED574C-550D-809C-7C45-CADAB337EC66}
		{154F79B8-9B76-7643-E4D3-2D170BEE3291} = {154F79B8-9B76-7643-E4D3-2D170BEE3291}
		{2209ED79-C1E5-BEED-DF7F-7EA66C3F67DE} = {2209ED79-C1E5-BEED-DF7F-7EA66C3F67DE}
		{6D9C1070-8F8B-89C0-8CA2-C5211F8832A9} = {6D9C1070-8F8B-89C0-8CA2-C5211F8832A9}
		{E38E610E-F680-B81D-D606-1FEA427D1037} = {E38E610E-F680-B81D-D606-1FEA427D1037}
		{5EBAEAAC-AC88-A1EC-5AE4-A7182B110344} = {5EBAEAAC-AC88-A1EC-5AE4-A7182B110344}
		{CA6F44E6-EE6A-6277-0C65-2DD341938178} = {CA6F44E6-EE6A-6277-0C65-2DD341938178}
		{256825B9-493F-F0F6-26C5-B8A955431BC1} = {256825B9-493F-F0F6-26C5-B8A955431BC1}
		{7A5054A0-D5D6-89D4-6F69-C324335B8CCA} = {7A5054A0-D5D6-89D4-6F69-C324335B8CCA}
		{F7324F78-5D3A-7414-7702-5AD7D3705C5E} = {F7324F78-5D3A-7414-7702-5AD7D3705C5E}
		{1B0E37FA-F959-3802-4CAD-2DAEDC9F14AF} = {1B0E37FA-F959-3802-4CAD-2DAEDC9F14AF}
		{D3A55957-27F4-18E7-BDA4-928F14FBD5B6} = {D3A55957-27F4-18E7-BDA4-928F14FBD5B6}
		{F1A375C7-AD45-F214-6CDF-96B6B41C68AC} = {F1A375C7-AD45-F214-6CDF-96B6B41C68AC}
		{B63183B0-A65E-D8BE-7BD8-86080C82AA9C} = {B63183B0-A65E-D8BE-7BD8-86080C82AA9C}
		{7DAF66AA-E2DC-23EC-E07C-DA325BD37907} = {7DAF66AA-E2DC-23EC-E07C-DA325BD37907}
		{4E803F20-1EE9-0F8C-FF8B-2198312F2A50} = {4E803F20-1EE9-0F8C-FF8B-2198312F2A50}
		{A05FDCD3-48D0-2012-C397-9DF3DF2DD3EB} = {A05FDCD3-48D0-2012-C397-9DF3DF2DD3EB}
		{B4E6EB31-D813-D674-6927-C0D74B59FEAB} = {B4E6EB31-D813-D674-6927-C0D74B59FEAB}
	EndProjectSection
EndProject
Project("{8BC9CEB8-8B4A-11D0-8D11-00A0C91BC942}") = "base_unittests_run", "base_unittests_run.vcxproj", "{E3500BD1-BAFB-D479-1656-422F74F0690E}"
	ProjectSection(ProjectDependencies) = postProject
		{A5F88845-3399-746D-C0E2-E4201C60E065} = {A5F88845-3399-746D-C0E2-E4201C60E065}
	EndProjectSection
EndProject
Project("{8BC9CEB8-8B4A-11D0-8D11-00A0C91BC942}") = "check_example", "check_example.vcxproj", "{6D02CF4F-03DC-C3A8-C66B-67231A474042}"
	ProjectSection(ProjectDependencies) = postProject
		{D6E64011-BD61-065D-240B-B26B2606AD74} = {D6E64011-BD61-065D-240B-B26B2606AD74}
		{2209ED79-C1E5-BEED-DF7F-7EA66C3F67DE} = {2209ED79-C1E5-BEED-DF7F-7EA66C3F67DE}
		{F1A375C7-AD45-F214-6CDF-96B6B41C68AC} = {F1A375C7-AD45-F214-6CDF-96B6B41C68AC}
		{B63183B0-A65E-D8BE-7BD8-86080C82AA9C} = {B63183B0-A65E-D8BE-7BD8-86080C82AA9C}
		{7DAF66AA-E2DC-23EC-E07C-DA325BD37907} = {7DAF66AA-E2DC-23EC-E07C-DA325BD37907}
		{5EBAEAAC-AC88-A1EC-5AE4-A7182B110344} = {5EBAEAAC-AC88-A1EC-5AE4-A7182B110344}
	EndProjectSection
EndProject
Project("{8BC9CEB8-8B4A-11D0-8D11-00A0C91BC942}") = "debug_message", "debug_message.vcxproj", "{20D5C177-5EA5-2CF4-5432-94F9AE9E0755}"
EndProject
Project("{8BC9CEB8-8B4A-11D0-8D11-00A0C91BC942}") = "dynamic_annotations", "third_party\dynamic_annotations\dynamic_annotations.vcxproj", "{5EBAEAAC-AC88-A1EC-5AE4-A7182B110344}"
EndProject
Project("{8BC9CEB8-8B4A-11D0-8D11-00A0C91BC942}") = "dynamic_annotations_win64", "third_party\dynamic_annotations\dynamic_annotations_win64.vcxproj", "{2F40231B-EA63-D617-9808-5A873E84339F}"
EndProject
Project("{8BC9CEB8-8B4A-11D0-8D11-00A0C91BC942}") = "gmock", "..\testing\gmock.vcxproj", "{CA6F44E6-EE6A-6277-0C65-2DD341938178}"
EndProject
Project("{8BC9CEB8-8B4A-11D0-8D11-00A0C91BC942}") = "gtest", "..\testing\gtest.vcxproj", "{256825B9-493F-F0F6-26C5-B8A955431BC1}"
	ProjectSection(ProjectDependencies) = postProject
		{B63183B0-A65E-D8BE-7BD8-86080C82AA9C} = {B63183B0-A65E-D8BE-7BD8-86080C82AA9C}
	EndProjectSection
EndProject
Project("{8BC9CEB8-8B4A-11D0-8D11-00A0C91BC942}") = "gtest_prod", "..\testing\gtest_prod.vcxproj", "{B63183B0-A65E-D8BE-7BD8-86080C82AA9C}"
EndProject
Project("{8BC9CEB8-8B4A-11D0-8D11-00A0C91BC942}") = "icudata", "..\third_party\icu\icudata.vcxproj", "{1B0E37FA-F959-3802-4CAD-2DAEDC9F14AF}"
EndProject
Project("{8BC9CEB8-8B4A-11D0-8D11-00A0C91BC942}") = "icui18n", "..\third_party\icu\icui18n.vcxproj", "{7A5054A0-D5D6-89D4-6F69-C324335B8CCA}"
EndProject
Project("{8BC9CEB8-8B4A-11D0-8D11-00A0C91BC942}") = "icuuc", "..\third_party\icu\icuuc.vcxproj", "{F7324F78-5D3A-7414-7702-5AD7D3705C5E}"
	ProjectSection(ProjectDependencies) = postProject
		{1B0E37FA-F959-3802-4CAD-2DAEDC9F14AF} = {1B0E37FA-F959-3802-4CAD-2DAEDC9F14AF}
	EndProjectSection
EndProject
Project("{8BC9CEB8-8B4A-11D0-8D11-00A0C91BC942}") = "libcmt", "allocator\libcmt.vcxproj", "{B4E6EB31-D813-D674-6927-C0D74B59FEAB}"
EndProject
Project("{8BC9CEB8-8B4A-11D0-8D11-00A0C91BC942}") = "libxml", "..\third_party\libxml\libxml.vcxproj", "{4E803F20-1EE9-0F8C-FF8B-2198312F2A50}"
EndProject
Project("{8BC9CEB8-8B4A-11D0-8D11-00A0C91BC942}") = "modp_b64", "..\third_party\modp_b64\modp_b64.vcxproj", "{7DAF66AA-E2DC-23EC-E07C-DA325BD37907}"
EndProject
Project("{8BC9CEB8-8B4A-11D0-8D11-00A0C91BC942}") = "run_all_unittests", "run_all_unittests.vcxproj", "{6D9C1070-8F8B-89C0-8CA2-C5211F8832A9}"
EndProject
Project("{8BC9CEB8-8B4A-11D0-8D11-00A0C91BC942}") = "test_support_base", "test_support_base.vcxproj", "{E38E610E-F680-B81D-D606-1FEA427D1037}"
EndProject
Project("{8BC9CEB8-8B4A-11D0-8D11-00A0C91BC942}") = "test_support_perf", "test_support_perf.vcxproj", "{7D25FFBF-DAEB-371C-B9BB-7B0C3B8B3ADC}"
EndProject
Project("{8BC9CEB8-8B4A-11D0-8D11-00A0C91BC942}") = "zlib", "..\third_party\zlib\zlib.vcxproj", "{A05FDCD3-48D0-2012-C397-9DF3DF2DD3EB}"
EndProject
Global
	GlobalSection(SolutionConfigurationPlatforms) = preSolution
		Release|x64 = Release|x64
		Debug|Win32 = Debug|Win32
		Debug|x64 = Debug|x64
		Release|Win32 = Release|Win32
	EndGlobalSection
	GlobalSection(ProjectConfigurationPlatforms) = postSolution
		{154F79B8-9B76-7643-E4D3-2D170BEE3291}.Release|x64.ActiveCfg = Release|x64
		{154F79B8-9B76-7643-E4D3-2D170BEE3291}.Release|x64.Build.0 = Release|x64
		{154F79B8-9B76-7643-E4D3-2D170BEE3291}.Debug|Win32.ActiveCfg = Debug|Win32
		{154F79B8-9B76-7643-E4D3-2D170BEE3291}.Debug|Win32.Build.0 = Debug|Win32
		{154F79B8-9B76-7643-E4D3-2D170BEE3291}.Debug|x64.ActiveCfg = Debug|x64
		{154F79B8-9B76-7643-E4D3-2D170BEE3291}.Debug|x64.Build.0 = Debug|x64
		{154F79B8-9B76-7643-E4D3-2D170BEE3291}.Release|Win32.ActiveCfg = Release|Win32
		{154F79B8-9B76-7643-E4D3-2D170BEE3291}.Release|Win32.Build.0 = Release|Win32
		{1B0E37FA-F959-3802-4CAD-2DAEDC9F14AF}.Release|x64.ActiveCfg = Release|x64
		{1B0E37FA-F959-3802-4CAD-2DAEDC9F14AF}.Release|x64.Build.0 = Release|x64
		{1B0E37FA-F959-3802-4CAD-2DAEDC9F14AF}.Debug|Win32.ActiveCfg = Debug|Win32
		{1B0E37FA-F959-3802-4CAD-2DAEDC9F14AF}.Debug|Win32.Build.0 = Debug|Win32
		{1B0E37FA-F959-3802-4CAD-2DAEDC9F14AF}.Debug|x64.ActiveCfg = Debug|x64
		{1B0E37FA-F959-3802-4CAD-2DAEDC9F14AF}.Debug|x64.Build.0 = Debug|x64
		{1B0E37FA-F959-3802-4CAD-2DAEDC9F14AF}.Release|Win32.ActiveCfg = Release|Win32
		{1B0E37FA-F959-3802-4CAD-2DAEDC9F14AF}.Release|Win32.Build.0 = Release|Win32
		{20D5C177-5EA5-2CF4-5432-94F9AE9E0755}.Release|x64.ActiveCfg = Release|x64
		{20D5C177-5EA5-2CF4-5432-94F9AE9E0755}.Release|x64.Build.0 = Release|x64
		{20D5C177-5EA5-2CF4-5432-94F9AE9E0755}.Debug|Win32.ActiveCfg = Debug|Win32
		{20D5C177-5EA5-2CF4-5432-94F9AE9E0755}.Debug|Win32.Build.0 = Debug|Win32
		{20D5C177-5EA5-2CF4-5432-94F9AE9E0755}.Debug|x64.ActiveCfg = Debug|x64
		{20D5C177-5EA5-2CF4-5432-94F9AE9E0755}.Debug|x64.Build.0 = Debug|x64
		{20D5C177-5EA5-2CF4-5432-94F9AE9E0755}.Release|Win32.ActiveCfg = Release|Win32
		{20D5C177-5EA5-2CF4-5432-94F9AE9E0755}.Release|Win32.Build.0 = Release|Win32
		{2209ED79-C1E5-BEED-DF7F-7EA66C3F67DE}.Release|x64.ActiveCfg = Release|x64
		{2209ED79-C1E5-BEED-DF7F-7EA66C3F67DE}.Release|x64.Build.0 = Release|x64
		{2209ED79-C1E5-BEED-DF7F-7EA66C3F67DE}.Debug|Win32.ActiveCfg = Debug|Win32
		{2209ED79-C1E5-BEED-DF7F-7EA66C3F67DE}.Debug|Win32.Build.0 = Debug|Win32
		{2209ED79-C1E5-BEED-DF7F-7EA66C3F67DE}.Debug|x64.ActiveCfg = Debug|x64
		{2209ED79-C1E5-BEED-DF7F-7EA66C3F67DE}.Debug|x64.Build.0 = Debug|x64
		{2209ED79-C1E5-BEED-DF7F-7EA66C3F67DE}.Release|Win32.ActiveCfg = Release|Win32
		{2209ED79-C1E5-BEED-DF7F-7EA66C3F67DE}.Release|Win32.Build.0 = Release|Win32
		{256825B9-493F-F0F6-26C5-B8A955431BC1}.Release|x64.ActiveCfg = Release|x64
		{256825B9-493F-F0F6-26C5-B8A955431BC1}.Release|x64.Build.0 = Release|x64
		{256825B9-493F-F0F6-26C5-B8A955431BC1}.Debug|Win32.ActiveCfg = Debug|Win32
		{256825B9-493F-F0F6-26C5-B8A955431BC1}.Debug|Win32.Build.0 = Debug|Win32
		{256825B9-493F-F0F6-26C5-B8A955431BC1}.Debug|x64.ActiveCfg = Debug|x64
		{256825B9-493F-F0F6-26C5-B8A955431BC1}.Debug|x64.Build.0 = Debug|x64
		{256825B9-493F-F0F6-26C5-B8A955431BC1}.Release|Win32.ActiveCfg = Release|Win32
		{256825B9-493F-F0F6-26C5-B8A955431BC1}.Release|Win32.Build.0 = Release|Win32
		{2F40231B-EA63-D617-9808-5A873E84339F}.Release|x64.ActiveCfg = Release|x64
		{2F40231B-EA63-D617-9808-5A873E84339F}.Release|x64.Build.0 = Release|x64
		{2F40231B-EA63-D617-9808-5A873E84339F}.Debug|Win32.ActiveCfg = Debug|x64
		{2F40231B-EA63-D617-9808-5A873E84339F}.Debug|Win32.Build.0 = Debug|x64
		{2F40231B-EA63-D617-9808-5A873E84339F}.Debug|x64.ActiveCfg = Debug|x64
		{2F40231B-EA63-D617-9808-5A873E84339F}.Debug|x64.Build.0 = Debug|x64
		{2F40231B-EA63-D617-9808-5A873E84339F}.Release|Win32.ActiveCfg = Release|x64
		{2F40231B-EA63-D617-9808-5A873E84339F}.Release|Win32.Build.0 = Release|x64
		{4E803F20-1EE9-0F8C-FF8B-2198312F2A50}.Release|x64.ActiveCfg = Release|x64
		{4E803F20-1EE9-0F8C-FF8B-2198312F2A50}.Release|x64.Build.0 = Release|x64
		{4E803F20-1EE9-0F8C-FF8B-2198312F2A50}.Debug|Win32.ActiveCfg = Debug|Win32
		{4E803F20-1EE9-0F8C-FF8B-2198312F2A50}.Debug|Win32.Build.0 = Debug|Win32
		{4E803F20-1EE9-0F8C-FF8B-2198312F2A50}.Debug|x64.ActiveCfg = Debug|x64
		{4E803F20-1EE9-0F8C-FF8B-2198312F2A50}.Debug|x64.Build.0 = Debug|x64
		{4E803F20-1EE9-0F8C-FF8B-2198312F2A50}.Release|Win32.ActiveCfg = Release|Win32
		{4E803F20-1EE9-0F8C-FF8B-2198312F2A50}.Release|Win32.Build.0 = Release|Win32
		{5EBAEAAC-AC88-A1EC-5AE4-A7182B110344}.Release|x64.ActiveCfg = Release|x64
		{5EBAEAAC-AC88-A1EC-5AE4-A7182B110344}.Release|x64.Build.0 = Release|x64
		{5EBAEAAC-AC88-A1EC-5AE4-A7182B110344}.Debug|Win32.ActiveCfg = Debug|Win32
		{5EBAEAAC-AC88-A1EC-5AE4-A7182B110344}.Debug|Win32.Build.0 = Debug|Win32
		{5EBAEAAC-AC88-A1EC-5AE4-A7182B110344}.Debug|x64.ActiveCfg = Debug|x64
		{5EBAEAAC-AC88-A1EC-5AE4-A7182B110344}.Debug|x64.Build.0 = Debug|x64
		{5EBAEAAC-AC88-A1EC-5AE4-A7182B110344}.Release|Win32.ActiveCfg = Release|Win32
		{5EBAEAAC-AC88-A1EC-5AE4-A7182B110344}.Release|Win32.Build.0 = Release|Win32
		{683507F0-4BD8-A7B0-5F14-9F0B15D0C185}.Release|x64.ActiveCfg = Release|x64
		{683507F0-4BD8-A7B0-5F14-9F0B15D0C185}.Release|x64.Build.0 = Release|x64
		{683507F0-4BD8-A7B0-5F14-9F0B15D0C185}.Debug|Win32.ActiveCfg = Debug|x64
		{683507F0-4BD8-A7B0-5F14-9F0B15D0C185}.Debug|Win32.Build.0 = Debug|x64
		{683507F0-4BD8-A7B0-5F14-9F0B15D0C185}.Debug|x64.ActiveCfg = Debug|x64
		{683507F0-4BD8-A7B0-5F14-9F0B15D0C185}.Debug|x64.Build.0 = Debug|x64
		{683507F0-4BD8-A7B0-5F14-9F0B15D0C185}.Release|Win32.ActiveCfg = Release|x64
		{683507F0-4BD8-A7B0-5F14-9F0B15D0C185}.Release|Win32.Build.0 = Release|x64
		{6D02CF4F-03DC-C3A8-C66B-67231A474042}.Release|x64.ActiveCfg = Release|x64
		{6D02CF4F-03DC-C3A8-C66B-67231A474042}.Release|x64.Build.0 = Release|x64
		{6D02CF4F-03DC-C3A8-C66B-67231A474042}.Debug|Win32.ActiveCfg = Debug|Win32
		{6D02CF4F-03DC-C3A8-C66B-67231A474042}.Debug|Win32.Build.0 = Debug|Win32
		{6D02CF4F-03DC-C3A8-C66B-67231A474042}.Debug|x64.ActiveCfg = Debug|x64
		{6D02CF4F-03DC-C3A8-C66B-67231A474042}.Debug|x64.Build.0 = Debug|x64
		{6D02CF4F-03DC-C3A8-C66B-67231A474042}.Release|Win32.ActiveCfg = Release|Win32
		{6D02CF4F-03DC-C3A8-C66B-67231A474042}.Release|Win32.Build.0 = Release|Win32
		{6D9C1070-8F8B-89C0-8CA2-C5211F8832A9}.Release|x64.ActiveCfg = Release|x64
		{6D9C1070-8F8B-89C0-8CA2-C5211F8832A9}.Release|x64.Build.0 = Release|x64
		{6D9C1070-8F8B-89C0-8CA2-C5211F8832A9}.Debug|Win32.ActiveCfg = Debug|Win32
		{6D9C1070-8F8B-89C0-8CA2-C5211F8832A9}.Debug|Win32.Build.0 = Debug|Win32
		{6D9C1070-8F8B-89C0-8CA2-C5211F8832A9}.Debug|x64.ActiveCfg = Debug|x64
		{6D9C1070-8F8B-89C0-8CA2-C5211F8832A9}.Debug|x64.Build.0 = Debug|x64
		{6D9C1070-8F8B-89C0-8CA2-C5211F8832A9}.Release|Win32.ActiveCfg = Release|Win32
		{6D9C1070-8F8B-89C0-8CA2-C5211F8832A9}.Release|Win32.Build.0 = Release|Win32
		{729CE7D8-E92F-66C3-2539-B9B8A053AA75}.Release|x64.ActiveCfg = Release|x64
		{729CE7D8-E92F-66C3-2539-B9B8A053AA75}.Release|x64.Build.0 = Release|x64
		{729CE7D8-E92F-66C3-2539-B9B8A053AA75}.Debug|Win32.ActiveCfg = Debug|Win32
		{729CE7D8-E92F-66C3-2539-B9B8A053AA75}.Debug|Win32.Build.0 = Debug|Win32
		{729CE7D8-E92F-66C3-2539-B9B8A053AA75}.Debug|x64.ActiveCfg = Debug|x64
		{729CE7D8-E92F-66C3-2539-B9B8A053AA75}.Debug|x64.Build.0 = Debug|x64
		{729CE7D8-E92F-66C3-2539-B9B8A053AA75}.Release|Win32.ActiveCfg = Release|Win32
		{729CE7D8-E92F-66C3-2539-B9B8A053AA75}.Release|Win32.Build.0 = Release|Win32
		{77ED574C-550D-809C-7C45-CADAB337EC66}.Release|x64.ActiveCfg = Release|x64
		{77ED574C-550D-809C-7C45-CADAB337EC66}.Release|x64.Build.0 = Release|x64
		{77ED574C-550D-809C-7C45-CADAB337EC66}.Debug|Win32.ActiveCfg = Debug|Win32
		{77ED574C-550D-809C-7C45-CADAB337EC66}.Debug|Win32.Build.0 = Debug|Win32
		{77ED574C-550D-809C-7C45-CADAB337EC66}.Debug|x64.ActiveCfg = Debug|x64
		{77ED574C-550D-809C-7C45-CADAB337EC66}.Debug|x64.Build.0 = Debug|x64
		{77ED574C-550D-809C-7C45-CADAB337EC66}.Release|Win32.ActiveCfg = Release|Win32
		{77ED574C-550D-809C-7C45-CADAB337EC66}.Release|Win32.Build.0 = Release|Win32
		{7A5054A0-D5D6-89D4-6F69-C324335B8CCA}.Release|x64.ActiveCfg = Release|x64
		{7A5054A0-D5D6-89D4-6F69-C324335B8CCA}.Release|x64.Build.0 = Release|x64
		{7A5054A0-D5D6-89D4-6F69-C324335B8CCA}.Debug|Win32.ActiveCfg = Debug|Win32
		{7A5054A0-D5D6-89D4-6F69-C324335B8CCA}.Debug|Win32.Build.0 = Debug|Win32
		{7A5054A0-D5D6-89D4-6F69-C324335B8CCA}.Debug|x64.ActiveCfg = Debug|x64
		{7A5054A0-D5D6-89D4-6F69-C324335B8CCA}.Debug|x64.Build.0 = Debug|x64
		{7A5054A0-D5D6-89D4-6F69-C324335B8CCA}.Release|Win32.ActiveCfg = Release|Win32
		{7A5054A0-D5D6-89D4-6F69-C324335B8CCA}.Release|Win32.Build.0 = Release|Win32
		{7D25FFBF-DAEB-371C-B9BB-7B0C3B8B3ADC}.Release|x64.ActiveCfg = Release|x64
		{7D25FFBF-DAEB-371C-B9BB-7B0C3B8B3ADC}.Release|x64.Build.0 = Release|x64
		{7D25FFBF-DAEB-371C-B9BB-7B0C3B8B3ADC}.Debug|Win32.ActiveCfg = Debug|Win32
		{7D25FFBF-DAEB-371C-B9BB-7B0C3B8B3ADC}.Debug|Win32.Build.0 = Debug|Win32
		{7D25FFBF-DAEB-371C-B9BB-7B0C3B8B3ADC}.Debug|x64.ActiveCfg = Debug|x64
		{7D25FFBF-DAEB-371C-B9BB-7B0C3B8B3ADC}.Debug|x64.Build.0 = Debug|x64
		{7D25FFBF-DAEB-371C-B9BB-7B0C3B8B3ADC}.Release|Win32.ActiveCfg = Release|Win32
		{7D25FFBF-DAEB-371C-B9BB-7B0C3B8B3ADC}.Release|Win32.Build.0 = Release|Win32
		{7DAF66AA-E2DC-23EC-E07C-DA325BD37907}.Release|x64.ActiveCfg = Release|x64
		{7DAF66AA-E2DC-23EC-E07C-DA325BD37907}.Release|x64.Build.0 = Release|x64
		{7DAF66AA-E2DC-23EC-E07C-DA325BD37907}.Debug|Win32.ActiveCfg = Debug|Win32
		{7DAF66AA-E2DC-23EC-E07C-DA325BD37907}.Debug|Win32.Build.0 = Debug|Win32
		{7DAF66AA-E2DC-23EC-E07C-DA325BD37907}.Debug|x64.ActiveCfg = Debug|x64
		{7DAF66AA-E2DC-23EC-E07C-DA325BD37907}.Debug|x64.Build.0 = Debug|x64
		{7DAF66AA-E2DC-23EC-E07C-DA325BD37907}.Release|Win32.ActiveCfg = Release|Win32
		{7DAF66AA-E2DC-23EC-E07C-DA325BD37907}.Release|Win32.Build.0 = Release|Win32
		{80E27CA9-1FB7-6AF3-8E5A-64A9D1DE1BB3}.Release|x64.ActiveCfg = Release|x64
		{80E27CA9-1FB7-6AF3-8E5A-64A9D1DE1BB3}.Release|x64.Build.0 = Release|x64
		{80E27CA9-1FB7-6AF3-8E5A-64A9D1DE1BB3}.Debug|Win32.ActiveCfg = Debug|x64
		{80E27CA9-1FB7-6AF3-8E5A-64A9D1DE1BB3}.Debug|Win32.Build.0 = Debug|x64
		{80E27CA9-1FB7-6AF3-8E5A-64A9D1DE1BB3}.Debug|x64.ActiveCfg = Debug|x64
		{80E27CA9-1FB7-6AF3-8E5A-64A9D1DE1BB3}.Debug|x64.Build.0 = Debug|x64
		{80E27CA9-1FB7-6AF3-8E5A-64A9D1DE1BB3}.Release|Win32.ActiveCfg = Release|x64
		{80E27CA9-1FB7-6AF3-8E5A-64A9D1DE1BB3}.Release|Win32.Build.0 = Release|x64
		{9CF04F48-2EDA-E1BE-CF4A-06CE446090E3}.Release|x64.ActiveCfg = Release|x64
		{9CF04F48-2EDA-E1BE-CF4A-06CE446090E3}.Release|x64.Build.0 = Release|x64
		{9CF04F48-2EDA-E1BE-CF4A-06CE446090E3}.Debug|Win32.ActiveCfg = Debug|x64
		{9CF04F48-2EDA-E1BE-CF4A-06CE446090E3}.Debug|Win32.Build.0 = Debug|x64
		{9CF04F48-2EDA-E1BE-CF4A-06CE446090E3}.Debug|x64.ActiveCfg = Debug|x64
		{9CF04F48-2EDA-E1BE-CF4A-06CE446090E3}.Debug|x64.Build.0 = Debug|x64
		{9CF04F48-2EDA-E1BE-CF4A-06CE446090E3}.Release|Win32.ActiveCfg = Release|x64
		{9CF04F48-2EDA-E1BE-CF4A-06CE446090E3}.Release|Win32.Build.0 = Release|x64
		{A05FDCD3-48D0-2012-C397-9DF3DF2DD3EB}.Release|x64.ActiveCfg = Release|x64
		{A05FDCD3-48D0-2012-C397-9DF3DF2DD3EB}.Release|x64.Build.0 = Release|x64
		{A05FDCD3-48D0-2012-C397-9DF3DF2DD3EB}.Debug|Win32.ActiveCfg = Debug|Win32
		{A05FDCD3-48D0-2012-C397-9DF3DF2DD3EB}.Debug|Win32.Build.0 = Debug|Win32
		{A05FDCD3-48D0-2012-C397-9DF3DF2DD3EB}.Debug|x64.ActiveCfg = Debug|x64
		{A05FDCD3-48D0-2012-C397-9DF3DF2DD3EB}.Debug|x64.Build.0 = Debug|x64
		{A05FDCD3-48D0-2012-C397-9DF3DF2DD3EB}.Release|Win32.ActiveCfg = Release|Win32
		{A05FDCD3-48D0-2012-C397-9DF3DF2DD3EB}.Release|Win32.Build.0 = Release|Win32
		{A25DE361-2842-75E4-CEE8-0F8DF90B07D9}.Release|x64.ActiveCfg = Release|x64
		{A25DE361-2842-75E4-CEE8-0F8DF90B07D9}.Release|x64.Build.0 = Release|x64
		{A25DE361-2842-75E4-CEE8-0F8DF90B07D9}.Debug|Win32.ActiveCfg = Debug|x64
		{A25DE361-2842-75E4-CEE8-0F8DF90B07D9}.Debug|Win32.Build.0 = Debug|x64
		{A25DE361-2842-75E4-CEE8-0F8DF90B07D9}.Debug|x64.ActiveCfg = Debug|x64
		{A25DE361-2842-75E4-CEE8-0F8DF90B07D9}.Debug|x64.Build.0 = Debug|x64
		{A25DE361-2842-75E4-CEE8-0F8DF90B07D9}.Release|Win32.ActiveCfg = Release|x64
		{A25DE361-2842-75E4-CEE8-0F8DF90B07D9}.Release|Win32.Build.0 = Release|x64
		{A5F88845-3399-746D-C0E2-E4201C60E065}.Release|x64.ActiveCfg = Release|x64
		{A5F88845-3399-746D-C0E2-E4201C60E065}.Release|x64.Build.0 = Release|x64
		{A5F88845-3399-746D-C0E2-E4201C60E065}.Debug|Win32.ActiveCfg = Debug|Win32
		{A5F88845-3399-746D-C0E2-E4201C60E065}.Debug|Win32.Build.0 = Debug|Win32
		{A5F88845-3399-746D-C0E2-E4201C60E065}.Debug|x64.ActiveCfg = Debug|x64
		{A5F88845-3399-746D-C0E2-E4201C60E065}.Debug|x64.Build.0 = Debug|x64
		{A5F88845-3399-746D-C0E2-E4201C60E065}.Release|Win32.ActiveCfg = Release|Win32
		{A5F88845-3399-746D-C0E2-E4201C60E065}.Release|Win32.Build.0 = Release|Win32
		{B4E6EB31-D813-D674-6927-C0D74B59FEAB}.Release|x64.ActiveCfg = Release|x64
		{B4E6EB31-D813-D674-6927-C0D74B59FEAB}.Release|x64.Build.0 = Release|x64
		{B4E6EB31-D813-D674-6927-C0D74B59FEAB}.Debug|Win32.ActiveCfg = Debug|Win32
		{B4E6EB31-D813-D674-6927-C0D74B59FEAB}.Debug|Win32.Build.0 = Debug|Win32
		{B4E6EB31-D813-D674-6927-C0D74B59FEAB}.Debug|x64.ActiveCfg = Debug|x64
		{B4E6EB31-D813-D674-6927-C0D74B59FEAB}.Debug|x64.Build.0 = Debug|x64
		{B4E6EB31-D813-D674-6927-C0D74B59FEAB}.Release|Win32.ActiveCfg = Release|Win32
		{B4E6EB31-D813-D674-6927-C0D74B59FEAB}.Release|Win32.Build.0 = Release|Win32
		{B63183B0-A65E-D8BE-7BD8-86080C82AA9C}.Release|x64.ActiveCfg = Release|x64
		{B63183B0-A65E-D8BE-7BD8-86080C82AA9C}.Release|x64.Build.0 = Release|x64
		{B63183B0-A65E-D8BE-7BD8-86080C82AA9C}.Debug|Win32.ActiveCfg = Debug|Win32
		{B63183B0-A65E-D8BE-7BD8-86080C82AA9C}.Debug|Win32.Build.0 = Debug|Win32
		{B63183B0-A65E-D8BE-7BD8-86080C82AA9C}.Debug|x64.ActiveCfg = Debug|x64
		{B63183B0-A65E-D8BE-7BD8-86080C82AA9C}.Debug|x64.Build.0 = Debug|x64
		{B63183B0-A65E-D8BE-7BD8-86080C82AA9C}.Release|Win32.ActiveCfg = Release|Win32
		{B63183B0-A65E-D8BE-7BD8-86080C82AA9C}.Release|Win32.Build.0 = Release|Win32
		{CA6F44E6-EE6A-6277-0C65-2DD341938178}.Release|x64.ActiveCfg = Release|x64
		{CA6F44E6-EE6A-6277-0C65-2DD341938178}.Release|x64.Build.0 = Release|x64
		{CA6F44E6-EE6A-6277-0C65-2DD341938178}.Debug|Win32.ActiveCfg = Debug|Win32
		{CA6F44E6-EE6A-6277-0C65-2DD341938178}.Debug|Win32.Build.0 = Debug|Win32
		{CA6F44E6-EE6A-6277-0C65-2DD341938178}.Debug|x64.ActiveCfg = Debug|x64
		{CA6F44E6-EE6A-6277-0C65-2DD341938178}.Debug|x64.Build.0 = Debug|x64
		{CA6F44E6-EE6A-6277-0C65-2DD341938178}.Release|Win32.ActiveCfg = Release|Win32
		{CA6F44E6-EE6A-6277-0C65-2DD341938178}.Release|Win32.Build.0 = Release|Win32
		{D3A55957-27F4-18E7-BDA4-928F14FBD5B6}.Release|x64.ActiveCfg = Release|x64
		{D3A55957-27F4-18E7-BDA4-928F14FBD5B6}.Release|x64.Build.0 = Release|x64
		{D3A55957-27F4-18E7-BDA4-928F14FBD5B6}.Debug|Win32.ActiveCfg = Debug|Win32
		{D3A55957-27F4-18E7-BDA4-928F14FBD5B6}.Debug|Win32.Build.0 = Debug|Win32
		{D3A55957-27F4-18E7-BDA4-928F14FBD5B6}.Debug|x64.ActiveCfg = Debug|x64
		{D3A55957-27F4-18E7-BDA4-928F14FBD5B6}.Debug|x64.Build.0 = Debug|x64
		{D3A55957-27F4-18E7-BDA4-928F14FBD5B6}.Release|Win32.ActiveCfg = Release|Win32
		{D3A55957-27F4-18E7-BDA4-928F14FBD5B6}.Release|Win32.Build.0 = Release|Win32
		{D6E64011-BD61-065D-240B-B26B2606AD74}.Release|x64.ActiveCfg = Release|x64
		{D6E64011-BD61-065D-240B-B26B2606AD74}.Release|x64.Build.0 = Release|x64
		{D6E64011-BD61-065D-240B-B26B2606AD74}.Debug|Win32.ActiveCfg = Debug|Win32
		{D6E64011-BD61-065D-240B-B26B2606AD74}.Debug|Win32.Build.0 = Debug|Win32
		{D6E64011-BD61-065D-240B-B26B2606AD74}.Debug|x64.ActiveCfg = Debug|x64
		{D6E64011-BD61-065D-240B-B26B2606AD74}.Debug|x64.Build.0 = Debug|x64
		{D6E64011-BD61-065D-240B-B26B2606AD74}.Release|Win32.ActiveCfg = Release|Win32
		{D6E64011-BD61-065D-240B-B26B2606AD74}.Release|Win32.Build.0 = Release|Win32
		{E3500BD1-BAFB-D479-1656-422F74F0690E}.Release|x64.ActiveCfg = Release|x64
		{E3500BD1-BAFB-D479-1656-422F74F0690E}.Release|x64.Build.0 = Release|x64
		{E3500BD1-BAFB-D479-1656-422F74F0690E}.Debug|Win32.ActiveCfg = Debug|Win32
		{E3500BD1-BAFB-D479-1656-422F74F0690E}.Debug|Win32.Build.0 = Debug|Win32
		{E3500BD1-BAFB-D479-1656-422F74F0690E}.Debug|x64.ActiveCfg = Debug|x64
		{E3500BD1-BAFB-D479-1656-422F74F0690E}.Debug|x64.Build.0 = Debug|x64
		{E3500BD1-BAFB-D479-1656-422F74F0690E}.Release|Win32.ActiveCfg = Release|Win32
		{E3500BD1-BAFB-D479-1656-422F74F0690E}.Release|Win32.Build.0 = Release|Win32
		{E38E610E-F680-B81D-D606-1FEA427D1037}.Release|x64.ActiveCfg = Release|x64
		{E38E610E-F680-B81D-D606-1FEA427D1037}.Release|x64.Build.0 = Release|x64
		{E38E610E-F680-B81D-D606-1FEA427D1037}.Debug|Win32.ActiveCfg = Debug|Win32
		{E38E610E-F680-B81D-D606-1FEA427D1037}.Debug|Win32.Build.0 = Debug|Win32
		{E38E610E-F680-B81D-D606-1FEA427D1037}.Debug|x64.ActiveCfg = Debug|x64
		{E38E610E-F680-B81D-D606-1FEA427D1037}.Debug|x64.Build.0 = Debug|x64
		{E38E610E-F680-B81D-D606-1FEA427D1037}.Release|Win32.ActiveCfg = Release|Win32
		{E38E610E-F680-B81D-D606-1FEA427D1037}.Release|Win32.Build.0 = Release|Win32
		{F1A375C7-AD45-F214-6CDF-96B6B41C68AC}.Release|x64.ActiveCfg = Release|x64
		{F1A375C7-AD45-F214-6CDF-96B6B41C68AC}.Release|x64.Build.0 = Release|x64
		{F1A375C7-AD45-F214-6CDF-96B6B41C68AC}.Debug|Win32.ActiveCfg = Debug|Win32
		{F1A375C7-AD45-F214-6CDF-96B6B41C68AC}.Debug|Win32.Build.0 = Debug|Win32
		{F1A375C7-AD45-F214-6CDF-96B6B41C68AC}.Debug|x64.ActiveCfg = Debug|x64
		{F1A375C7-AD45-F214-6CDF-96B6B41C68AC}.Debug|x64.Build.0 = Debug|x64
		{F1A375C7-AD45-F214-6CDF-96B6B41C68AC}.Release|Win32.ActiveCfg = Release|Win32
		{F1A375C7-AD45-F214-6CDF-96B6B41C68AC}.Release|Win32.Build.0 = Release|Win32
		{F7324F78-5D3A-7414-7702-5AD7D3705C5E}.Release|x64.ActiveCfg = Release|x64
		{F7324F78-5D3A-7414-7702-5AD7D3705C5E}.Release|x64.Build.0 = Release|x64
		{F7324F78-5D3A-7414-7702-5AD7D3705C5E}.Debug|Win32.ActiveCfg = Debug|Win32
		{F7324F78-5D3A-7414-7702-5AD7D3705C5E}.Debug|Win32.Build.0 = Debug|Win32
		{F7324F78-5D3A-7414-7702-5AD7D3705C5E}.Debug|x64.ActiveCfg = Debug|x64
		{F7324F78-5D3A-7414-7702-5AD7D3705C5E}.Debug|x64.Build.0 = Debug|x64
		{F7324F78-5D3A-7414-7702-5AD7D3705C5E}.Release|Win32.ActiveCfg = Release|Win32
		{F7324F78-5D3A-7414-7702-5AD7D3705C5E}.Release|Win32.Build.0 = Release|Win32
	EndGlobalSection
	GlobalSection(SolutionProperties) = preSolution
		HideSolutionNode = FALSE
	EndGlobalSection
	GlobalSection(NestedProjects) = preSolution
		{D3A55957-27F4-18E7-BDA4-928F14FBD5B6} = {6478B9F3-4858-63F4-35F4-98A303E305F3}
		{F1A375C7-AD45-F214-6CDF-96B6B41C68AC} = {6478B9F3-4858-63F4-35F4-98A303E305F3}
		{A25DE361-2842-75E4-CEE8-0F8DF90B07D9} = {6478B9F3-4858-63F4-35F4-98A303E305F3}
		{B4E6EB31-D813-D674-6927-C0D74B59FEAB} = {6478B9F3-4858-63F4-35F4-98A303E305F3}
		{6478B9F3-4858-63F4-35F4-98A303E305F3} = {9785FB75-982A-5DE3-252D-3F288B9FEF5B}
		{3E7FA5AF-27B3-2DE0-883C-12F98E7F4E81} = {9785FB75-982A-5DE3-252D-3F288B9FEF5B}
		{D6E64011-BD61-065D-240B-B26B2606AD74} = {9785FB75-982A-5DE3-252D-3F288B9FEF5B}
		{729CE7D8-E92F-66C3-2539-B9B8A053AA75} = {9785FB75-982A-5DE3-252D-3F288B9FEF5B}
		{80E27CA9-1FB7-6AF3-8E5A-64A9D1DE1BB3} = {9785FB75-982A-5DE3-252D-3F288B9FEF5B}
		{683507F0-4BD8-A7B0-5F14-9F0B15D0C185} = {9785FB75-982A-5DE3-252D-3F288B9FEF5B}
		{77ED574C-550D-809C-7C45-CADAB337EC66} = {9785FB75-982A-5DE3-252D-3F288B9FEF5B}
		{154F79B8-9B76-7643-E4D3-2D170BEE3291} = {9785FB75-982A-5DE3-252D-3F288B9FEF5B}
		{2209ED79-C1E5-BEED-DF7F-7EA66C3F67DE} = {9785FB75-982A-5DE3-252D-3F288B9FEF5B}
		{9CF04F48-2EDA-E1BE-CF4A-06CE446090E3} = {9785FB75-982A-5DE3-252D-3F288B9FEF5B}
		{A5F88845-3399-746D-C0E2-E4201C60E065} = {9785FB75-982A-5DE3-252D-3F288B9FEF5B}
		{E3500BD1-BAFB-D479-1656-422F74F0690E} = {9785FB75-982A-5DE3-252D-3F288B9FEF5B}
		{6D02CF4F-03DC-C3A8-C66B-67231A474042} = {9785FB75-982A-5DE3-252D-3F288B9FEF5B}
		{20D5C177-5EA5-2CF4-5432-94F9AE9E0755} = {9785FB75-982A-5DE3-252D-3F288B9FEF5B}
		{6D9C1070-8F8B-89C0-8CA2-C5211F8832A9} = {9785FB75-982A-5DE3-252D-3F288B9FEF5B}
		{E38E610E-F680-B81D-D606-1FEA427D1037} = {9785FB75-982A-5DE3-252D-3F288B9FEF5B}
		{7D25FFBF-DAEB-371C-B9BB-7B0C3B8B3ADC} = {9785FB75-982A-5DE3-252D-3F288B9FEF5B}
		{5EBAEAAC-AC88-A1EC-5AE4-A7182B110344} = {EF1E4970-C119-B0D7-F5D6-321C6AE66EDC}
		{2F40231B-EA63-D617-9808-5A873E84339F} = {EF1E4970-C119-B0D7-F5D6-321C6AE66EDC}
		{1B0E37FA-F959-3802-4CAD-2DAEDC9F14AF} = {2DE59335-96CE-10CA-CDE5-FEC35E3549BB}
		{7A5054A0-D5D6-89D4-6F69-C324335B8CCA} = {2DE59335-96CE-10CA-CDE5-FEC35E3549BB}
		{F7324F78-5D3A-7414-7702-5AD7D3705C5E} = {2DE59335-96CE-10CA-CDE5-FEC35E3549BB}
		{CA6F44E6-EE6A-6277-0C65-2DD341938178} = {EAC80D00-01D2-3F49-A377-20B7154947F3}
		{256825B9-493F-F0F6-26C5-B8A955431BC1} = {EAC80D00-01D2-3F49-A377-20B7154947F3}
		{B63183B0-A65E-D8BE-7BD8-86080C82AA9C} = {EAC80D00-01D2-3F49-A377-20B7154947F3}
		{EF1E4970-C119-B0D7-F5D6-321C6AE66EDC} = {3E7FA5AF-27B3-2DE0-883C-12F98E7F4E81}
		{2DE59335-96CE-10CA-CDE5-FEC35E3549BB} = {89C816A7-DD31-D54C-C69C-5A80E0C49B77}
		{4E803F20-1EE9-0F8C-FF8B-2198312F2A50} = {89C816A7-DD31-D54C-C69C-5A80E0C49B77}
		{7DAF66AA-E2DC-23EC-E07C-DA325BD37907} = {89C816A7-DD31-D54C-C69C-5A80E0C49B77}
		{A05FDCD3-48D0-2012-C397-9DF3DF2DD3EB} = {89C816A7-DD31-D54C-C69C-5A80E0C49B77}
	EndGlobalSection
EndGlobal
