Microsoft Visual Studio Solution File, Format Version 11.00
# Visual Studio 2010
Project("{2150E333-8FDC-42A3-9474-1A3956D46DE8}") = "(base)", "..\..\base", "{9785FB75-982A-5DE3-252D-3F288B9FEF5B}"
EndProject
Project("{2150E333-8FDC-42A3-9474-1A3956D46DE8}") = "(native_client)", "..\..\native_client", "{829C43DA-1372-614D-F044-340432AECC41}"
EndProject
Project("{8BC9CEB8-8B4A-11D0-8D11-00A0C91BC942}") = "base_untrusted", "base_untrusted.vcxproj", "{446FC1C3-1404-D196-B806-5E14D46A9BBA}"
	ProjectSection(ProjectDependencies) = postProject
		{C70A221E-1F20-6ABA-D1F2-F7DEB44BFFAD} = {C70A221E-1F20-6ABA-D1F2-F7DEB44BFFAD}
	EndProjectSection
EndProject
Project("{8BC9CEB8-8B4A-11D0-8D11-00A0C91BC942}") = "crt_fini_32", "..\native_client\crt_fini_32.vcxproj", "{F9AA39B2-3684-91F0-0963-D5B254C0A638}"
	ProjectSection(ProjectDependencies) = postProject
		{56175B5E-6C7F-A362-32E9-8A6B80A7E7D0} = {56175B5E-6C7F-A362-32E9-8A6B80A7E7D0}
		{944B9396-1D87-AEE6-592B-C997B9198ABB} = {944B9396-1D87-AEE6-592B-C997B9198ABB}
	EndProjectSection
EndProject
Project("{8BC9CEB8-8B4A-11D0-8D11-00A0C91BC942}") = "crt_fini_64", "..\native_client\crt_fini_64.vcxproj", "{CD0FE86B-7F61-1936-B49E-0FDF776A4332}"
	ProjectSection(ProjectDependencies) = postProject
		{56175B5E-6C7F-A362-32E9-8A6B80A7E7D0} = {56175B5E-6C7F-A362-32E9-8A6B80A7E7D0}
		{944B9396-1D87-AEE6-592B-C997B9198ABB} = {944B9396-1D87-AEE6-592B-C997B9198ABB}
	EndProjectSection
EndProject
Project("{8BC9CEB8-8B4A-11D0-8D11-00A0C91BC942}") = "crt_init_32", "..\native_client\crt_init_32.vcxproj", "{85C1AC25-0B00-0213-126A-75D542714C4F}"
	ProjectSection(ProjectDependencies) = postProject
		{56175B5E-6C7F-A362-32E9-8A6B80A7E7D0} = {56175B5E-6C7F-A362-32E9-8A6B80A7E7D0}
		{944B9396-1D87-AEE6-592B-C997B9198ABB} = {944B9396-1D87-AEE6-592B-C997B9198ABB}
	EndProjectSection
EndProject
Project("{8BC9CEB8-8B4A-11D0-8D11-00A0C91BC942}") = "crt_init_64", "..\native_client\crt_init_64.vcxproj", "{71B21CE1-776E-BA09-BCF9-CE9D42D790A3}"
	ProjectSection(ProjectDependencies) = postProject
		{56175B5E-6C7F-A362-32E9-8A6B80A7E7D0} = {56175B5E-6C7F-A362-32E9-8A6B80A7E7D0}
		{944B9396-1D87-AEE6-592B-C997B9198ABB} = {944B9396-1D87-AEE6-592B-C997B9198ABB}
	EndProjectSection
EndProject
Project("{8BC9CEB8-8B4A-11D0-8D11-00A0C91BC942}") = "prep_nacl_sdk", "..\native_client\prep_nacl_sdk.vcxproj", "{944B9396-1D87-AEE6-592B-C997B9198ABB}"
	ProjectSection(ProjectDependencies) = postProject
		{56175B5E-6C7F-A362-32E9-8A6B80A7E7D0} = {56175B5E-6C7F-A362-32E9-8A6B80A7E7D0}
	EndProjectSection
EndProject
Project("{8BC9CEB8-8B4A-11D0-8D11-00A0C91BC942}") = "prep_toolchain", "..\native_client\prep_toolchain.vcxproj", "{C70A221E-1F20-6ABA-D1F2-F7DEB44BFFAD}"
	ProjectSection(ProjectDependencies) = postProject
		{56175B5E-6C7F-A362-32E9-8A6B80A7E7D0} = {56175B5E-6C7F-A362-32E9-8A6B80A7E7D0}
		{944B9396-1D87-AEE6-592B-C997B9198ABB} = {944B9396-1D87-AEE6-592B-C997B9198ABB}
		{85C1AC25-0B00-0213-126A-75D542714C4F} = {85C1AC25-0B00-0213-126A-75D542714C4F}
		{F9AA39B2-3684-91F0-0963-D5B254C0A638} = {F9AA39B2-3684-91F0-0963-D5B254C0A638}
		{71B21CE1-776E-BA09-BCF9-CE9D42D790A3} = {71B21CE1-776E-BA09-BCF9-CE9D42D790A3}
		{CD0FE86B-7F61-1936-B49E-0FDF776A4332} = {CD0FE86B-7F61-1936-B49E-0FDF776A4332}
	EndProjectSection
EndProject
Project("{8BC9CEB8-8B4A-11D0-8D11-00A0C91BC942}") = "untar_toolchains", "..\native_client\untar_toolchains.vcxproj", "{56175B5E-6C7F-A362-32E9-8A6B80A7E7D0}"
EndProject
Global
	GlobalSection(SolutionConfigurationPlatforms) = preSolution
		Release|x64 = Release|x64
		Debug|Win32 = Debug|Win32
		Debug|x64 = Debug|x64
		Release|Win32 = Release|Win32
	EndGlobalSection
	GlobalSection(ProjectConfigurationPlatforms) = postSolution
		{446FC1C3-1404-D196-B806-5E14D46A9BBA}.Release|x64.ActiveCfg = Release|x64
		{446FC1C3-1404-D196-B806-5E14D46A9BBA}.Release|x64.Build.0 = Release|x64
		{446FC1C3-1404-D196-B806-5E14D46A9BBA}.Debug|Win32.ActiveCfg = Debug|Win32
		{446FC1C3-1404-D196-B806-5E14D46A9BBA}.Debug|Win32.Build.0 = Debug|Win32
		{446FC1C3-1404-D196-B806-5E14D46A9BBA}.Debug|x64.ActiveCfg = Debug|x64
		{446FC1C3-1404-D196-B806-5E14D46A9BBA}.Debug|x64.Build.0 = Debug|x64
		{446FC1C3-1404-D196-B806-5E14D46A9BBA}.Release|Win32.ActiveCfg = Release|Win32
		{446FC1C3-1404-D196-B806-5E14D46A9BBA}.Release|Win32.Build.0 = Release|Win32
		{56175B5E-6C7F-A362-32E9-8A6B80A7E7D0}.Release|x64.ActiveCfg = Release|x64
		{56175B5E-6C7F-A362-32E9-8A6B80A7E7D0}.Release|x64.Build.0 = Release|x64
		{56175B5E-6C7F-A362-32E9-8A6B80A7E7D0}.Debug|Win32.ActiveCfg = Debug|Win32
		{56175B5E-6C7F-A362-32E9-8A6B80A7E7D0}.Debug|Win32.Build.0 = Debug|Win32
		{56175B5E-6C7F-A362-32E9-8A6B80A7E7D0}.Debug|x64.ActiveCfg = Debug|x64
		{56175B5E-6C7F-A362-32E9-8A6B80A7E7D0}.Debug|x64.Build.0 = Debug|x64
		{56175B5E-6C7F-A362-32E9-8A6B80A7E7D0}.Release|Win32.ActiveCfg = Release|Win32
		{56175B5E-6C7F-A362-32E9-8A6B80A7E7D0}.Release|Win32.Build.0 = Release|Win32
		{71B21CE1-776E-BA09-BCF9-CE9D42D790A3}.Release|x64.ActiveCfg = Release|x64
		{71B21CE1-776E-BA09-BCF9-CE9D42D790A3}.Release|x64.Build.0 = Release|x64
		{71B21CE1-776E-BA09-BCF9-CE9D42D790A3}.Debug|Win32.ActiveCfg = Debug|Win32
		{71B21CE1-776E-BA09-BCF9-CE9D42D790A3}.Debug|Win32.Build.0 = Debug|Win32
		{71B21CE1-776E-BA09-BCF9-CE9D42D790A3}.Debug|x64.ActiveCfg = Debug|x64
		{71B21CE1-776E-BA09-BCF9-CE9D42D790A3}.Debug|x64.Build.0 = Debug|x64
		{71B21CE1-776E-BA09-BCF9-CE9D42D790A3}.Release|Win32.ActiveCfg = Release|Win32
		{71B21CE1-776E-BA09-BCF9-CE9D42D790A3}.Release|Win32.Build.0 = Release|Win32
		{85C1AC25-0B00-0213-126A-75D542714C4F}.Release|x64.ActiveCfg = Release|x64
		{85C1AC25-0B00-0213-126A-75D542714C4F}.Release|x64.Build.0 = Release|x64
		{85C1AC25-0B00-0213-126A-75D542714C4F}.Debug|Win32.ActiveCfg = Debug|Win32
		{85C1AC25-0B00-0213-126A-75D542714C4F}.Debug|Win32.Build.0 = Debug|Win32
		{85C1AC25-0B00-0213-126A-75D542714C4F}.Debug|x64.ActiveCfg = Debug|x64
		{85C1AC25-0B00-0213-126A-75D542714C4F}.Debug|x64.Build.0 = Debug|x64
		{85C1AC25-0B00-0213-126A-75D542714C4F}.Release|Win32.ActiveCfg = Release|Win32
		{85C1AC25-0B00-0213-126A-75D542714C4F}.Release|Win32.Build.0 = Release|Win32
		{944B9396-1D87-AEE6-592B-C997B9198ABB}.Release|x64.ActiveCfg = Release|x64
		{944B9396-1D87-AEE6-592B-C997B9198ABB}.Release|x64.Build.0 = Release|x64
		{944B9396-1D87-AEE6-592B-C997B9198ABB}.Debug|Win32.ActiveCfg = Debug|Win32
		{944B9396-1D87-AEE6-592B-C997B9198ABB}.Debug|Win32.Build.0 = Debug|Win32
		{944B9396-1D87-AEE6-592B-C997B9198ABB}.Debug|x64.ActiveCfg = Debug|x64
		{944B9396-1D87-AEE6-592B-C997B9198ABB}.Debug|x64.Build.0 = Debug|x64
		{944B9396-1D87-AEE6-592B-C997B9198ABB}.Release|Win32.ActiveCfg = Release|Win32
		{944B9396-1D87-AEE6-592B-C997B9198ABB}.Release|Win32.Build.0 = Release|Win32
		{C70A221E-1F20-6ABA-D1F2-F7DEB44BFFAD}.Release|x64.ActiveCfg = Release|x64
		{C70A221E-1F20-6ABA-D1F2-F7DEB44BFFAD}.Release|x64.Build.0 = Release|x64
		{C70A221E-1F20-6ABA-D1F2-F7DEB44BFFAD}.Debug|Win32.ActiveCfg = Debug|Win32
		{C70A221E-1F20-6ABA-D1F2-F7DEB44BFFAD}.Debug|Win32.Build.0 = Debug|Win32
		{C70A221E-1F20-6ABA-D1F2-F7DEB44BFFAD}.Debug|x64.ActiveCfg = Debug|x64
		{C70A221E-1F20-6ABA-D1F2-F7DEB44BFFAD}.Debug|x64.Build.0 = Debug|x64
		{C70A221E-1F20-6ABA-D1F2-F7DEB44BFFAD}.Release|Win32.ActiveCfg = Release|Win32
		{C70A221E-1F20-6ABA-D1F2-F7DEB44BFFAD}.Release|Win32.Build.0 = Release|Win32
		{CD0FE86B-7F61-1936-B49E-0FDF776A4332}.Release|x64.ActiveCfg = Release|x64
		{CD0FE86B-7F61-1936-B49E-0FDF776A4332}.Release|x64.Build.0 = Release|x64
		{CD0FE86B-7F61-1936-B49E-0FDF776A4332}.Debug|Win32.ActiveCfg = Debug|Win32
		{CD0FE86B-7F61-1936-B49E-0FDF776A4332}.Debug|Win32.Build.0 = Debug|Win32
		{CD0FE86B-7F61-1936-B49E-0FDF776A4332}.Debug|x64.ActiveCfg = Debug|x64
		{CD0FE86B-7F61-1936-B49E-0FDF776A4332}.Debug|x64.Build.0 = Debug|x64
		{CD0FE86B-7F61-1936-B49E-0FDF776A4332}.Release|Win32.ActiveCfg = Release|Win32
		{CD0FE86B-7F61-1936-B49E-0FDF776A4332}.Release|Win32.Build.0 = Release|Win32
		{F9AA39B2-3684-91F0-0963-D5B254C0A638}.Release|x64.ActiveCfg = Release|x64
		{F9AA39B2-3684-91F0-0963-D5B254C0A638}.Release|x64.Build.0 = Release|x64
		{F9AA39B2-3684-91F0-0963-D5B254C0A638}.Debug|Win32.ActiveCfg = Debug|Win32
		{F9AA39B2-3684-91F0-0963-D5B254C0A638}.Debug|Win32.Build.0 = Debug|Win32
		{F9AA39B2-3684-91F0-0963-D5B254C0A638}.Debug|x64.ActiveCfg = Debug|x64
		{F9AA39B2-3684-91F0-0963-D5B254C0A638}.Debug|x64.Build.0 = Debug|x64
		{F9AA39B2-3684-91F0-0963-D5B254C0A638}.Release|Win32.ActiveCfg = Release|Win32
		{F9AA39B2-3684-91F0-0963-D5B254C0A638}.Release|Win32.Build.0 = Release|Win32
	EndGlobalSection
	GlobalSection(SolutionProperties) = preSolution
		HideSolutionNode = FALSE
	EndGlobalSection
	GlobalSection(NestedProjects) = preSolution
		{446FC1C3-1404-D196-B806-5E14D46A9BBA} = {9785FB75-982A-5DE3-252D-3F288B9FEF5B}
		{F9AA39B2-3684-91F0-0963-D5B254C0A638} = {829C43DA-1372-614D-F044-340432AECC41}
		{CD0FE86B-7F61-1936-B49E-0FDF776A4332} = {829C43DA-1372-614D-F044-340432AECC41}
		{85C1AC25-0B00-0213-126A-75D542714C4F} = {829C43DA-1372-614D-F044-340432AECC41}
		{71B21CE1-776E-BA09-BCF9-CE9D42D790A3} = {829C43DA-1372-614D-F044-340432AECC41}
		{944B9396-1D87-AEE6-592B-C997B9198ABB} = {829C43DA-1372-614D-F044-340432AECC41}
		{C70A221E-1F20-6ABA-D1F2-F7DEB44BFFAD} = {829C43DA-1372-614D-F044-340432AECC41}
		{56175B5E-6C7F-A362-32E9-8A6B80A7E7D0} = {829C43DA-1372-614D-F044-340432AECC41}
	EndGlobalSection
EndGlobal
